// !$*UTF8*$!
{
	archiveVersion = 1;
	classes = {
	};
	objectVersion = 50;
	objects = {

/* Begin PBXBuildFile section */
		D2E9F844244617BA0001A275 /* main.swift in Sources */ = {isa = PBXBuildFile; fileRef = D2E9F843244617BA0001A275 /* main.swift */; };
		D2E9F84E244618030001A275 /* EndpointSecurityClient.framework in Frameworks */ = {isa = PBXBuildFile; fileRef = D2E9F847244618030001A275 /* EndpointSecurityClient.framework */; };
		D2E9F850244618030001A275 /* FilesystemLogger.framework in Frameworks */ = {isa = PBXBuildFile; fileRef = D2E9F848244618030001A275 /* FilesystemLogger.framework */; };
		D2E9F852244618030001A275 /* InMemorySignatureDatabase.framework in Frameworks */ = {isa = PBXBuildFile; fileRef = D2E9F849244618030001A275 /* InMemorySignatureDatabase.framework */; };
		D2E9F854244618030001A275 /* JSONConfiguration.framework in Frameworks */ = {isa = PBXBuildFile; fileRef = D2E9F84A244618030001A275 /* JSONConfiguration.framework */; };
		D2E9F856244618030001A275 /* LibSinter.framework in Frameworks */ = {isa = PBXBuildFile; fileRef = D2E9F84B244618030001A275 /* LibSinter.framework */; };
		D2E9F858244618030001A275 /* LocalDecisionManager.framework in Frameworks */ = {isa = PBXBuildFile; fileRef = D2E9F84C244618030001A275 /* LocalDecisionManager.framework */; };
		D2E9F85A244618030001A275 /* SyncServerDecisionManager.framework in Frameworks */ = {isa = PBXBuildFile; fileRef = D2E9F84D244618030001A275 /* SyncServerDecisionManager.framework */; };
/* End PBXBuildFile section */

/* Begin PBXCopyFilesBuildPhase section */
		D2E9F8302446177C0001A275 /* CopyFiles */ = {
			isa = PBXCopyFilesBuildPhase;
			buildActionMask = 2147483647;
			dstPath = /usr/share/man/man1/;
			dstSubfolderSpec = 0;
			files = (
			);
			runOnlyForDeploymentPostprocessing = 1;
		};
/* End PBXCopyFilesBuildPhase section */

/* Begin PBXFileReference section */
		D25CC58E24461E7F001C686C /* SystemExtensions.framework */ = {isa = PBXFileReference; lastKnownFileType = wrapper.framework; name = SystemExtensions.framework; path = System/Library/Frameworks/SystemExtensions.framework; sourceTree = SDKROOT; };
		D2E9F8322446177C0001A275 /* com.trailofbits.sinter.systemextension */ = {isa = PBXFileReference; explicitFileType = "compiled.mach-o.executable"; includeInIndex = 0; path = com.trailofbits.sinter.systemextension; sourceTree = BUILT_PRODUCTS_DIR; };
		D2E9F843244617BA0001A275 /* main.swift */ = {isa = PBXFileReference; lastKnownFileType = sourcecode.swift; path = main.swift; sourceTree = "<group>"; };
		D2E9F847244618030001A275 /* EndpointSecurityClient.framework */ = {isa = PBXFileReference; explicitFileType = wrapper.framework; path = EndpointSecurityClient.framework; sourceTree = BUILT_PRODUCTS_DIR; };
		D2E9F848244618030001A275 /* FilesystemLogger.framework */ = {isa = PBXFileReference; explicitFileType = wrapper.framework; path = FilesystemLogger.framework; sourceTree = BUILT_PRODUCTS_DIR; };
		D2E9F849244618030001A275 /* InMemorySignatureDatabase.framework */ = {isa = PBXFileReference; explicitFileType = wrapper.framework; path = InMemorySignatureDatabase.framework; sourceTree = BUILT_PRODUCTS_DIR; };
		D2E9F84A244618030001A275 /* JSONConfiguration.framework */ = {isa = PBXFileReference; explicitFileType = wrapper.framework; path = JSONConfiguration.framework; sourceTree = BUILT_PRODUCTS_DIR; };
		D2E9F84B244618030001A275 /* LibSinter.framework */ = {isa = PBXFileReference; explicitFileType = wrapper.framework; path = LibSinter.framework; sourceTree = BUILT_PRODUCTS_DIR; };
		D2E9F84C244618030001A275 /* LocalDecisionManager.framework */ = {isa = PBXFileReference; explicitFileType = wrapper.framework; path = LocalDecisionManager.framework; sourceTree = BUILT_PRODUCTS_DIR; };
		D2E9F84D244618030001A275 /* SyncServerDecisionManager.framework */ = {isa = PBXFileReference; explicitFileType = wrapper.framework; path = SyncServerDecisionManager.framework; sourceTree = BUILT_PRODUCTS_DIR; };
		D2E9F85D244618EB0001A275 /* entitlements.plist */ = {isa = PBXFileReference; fileEncoding = 4; lastKnownFileType = text.plist.xml; path = entitlements.plist; sourceTree = "<group>"; };
/* End PBXFileReference section */

/* Begin PBXFrameworksBuildPhase section */
		D2E9F82F2446177C0001A275 /* Frameworks */ = {
			isa = PBXFrameworksBuildPhase;
			buildActionMask = 2147483647;
			files = (
				D2E9F852244618030001A275 /* InMemorySignatureDatabase.framework in Frameworks */,
				D2E9F856244618030001A275 /* LibSinter.framework in Frameworks */,
				D2E9F854244618030001A275 /* JSONConfiguration.framework in Frameworks */,
				D2E9F85A244618030001A275 /* SyncServerDecisionManager.framework in Frameworks */,
				D2E9F84E244618030001A275 /* EndpointSecurityClient.framework in Frameworks */,
				D2E9F858244618030001A275 /* LocalDecisionManager.framework in Frameworks */,
				D2E9F850244618030001A275 /* FilesystemLogger.framework in Frameworks */,
			);
			runOnlyForDeploymentPostprocessing = 0;
		};
/* End PBXFrameworksBuildPhase section */

/* Begin PBXGroup section */
		D2E9F8292446177C0001A275 = {
			isa = PBXGroup;
			children = (
				D2E9F85D244618EB0001A275 /* entitlements.plist */,
				D2E9F842244617A30001A275 /* Sources */,
				D2E9F8332446177C0001A275 /* Products */,
				D2E9F846244618020001A275 /* Frameworks */,
			);
			sourceTree = "<group>";
		};
		D2E9F8332446177C0001A275 /* Products */ = {
			isa = PBXGroup;
			children = (
				D2E9F8322446177C0001A275 /* com.trailofbits.sinter.systemextension */,
			);
			name = Products;
			sourceTree = "<group>";
		};
		D2E9F842244617A30001A275 /* Sources */ = {
			isa = PBXGroup;
			children = (
				D2E9F843244617BA0001A275 /* main.swift */,
			);
			path = Sources;
			sourceTree = "<group>";
		};
		D2E9F846244618020001A275 /* Frameworks */ = {
			isa = PBXGroup;
			children = (
				D25CC58E24461E7F001C686C /* SystemExtensions.framework */,
				D2E9F847244618030001A275 /* EndpointSecurityClient.framework */,
				D2E9F848244618030001A275 /* FilesystemLogger.framework */,
				D2E9F849244618030001A275 /* InMemorySignatureDatabase.framework */,
				D2E9F84A244618030001A275 /* JSONConfiguration.framework */,
				D2E9F84B244618030001A275 /* LibSinter.framework */,
				D2E9F84C244618030001A275 /* LocalDecisionManager.framework */,
				D2E9F84D244618030001A275 /* SyncServerDecisionManager.framework */,
			);
			name = Frameworks;
			sourceTree = "<group>";
		};
/* End PBXGroup section */

/* Begin PBXNativeTarget section */
		D2E9F8312446177C0001A275 /* SystemExtension */ = {
			isa = PBXNativeTarget;
			buildConfigurationList = D2E9F8392446177C0001A275 /* Build configuration list for PBXNativeTarget "SystemExtension" */;
			buildPhases = (
				D2E9F82E2446177C0001A275 /* Sources */,
				D2E9F82F2446177C0001A275 /* Frameworks */,
				D2E9F8302446177C0001A275 /* CopyFiles */,
			);
			buildRules = (
			);
			dependencies = (
			);
			name = SystemExtension;
			productName = SystemExtension;
			productReference = D2E9F8322446177C0001A275 /* com.trailofbits.sinter.systemextension */;
			productType = "com.apple.product-type.tool";
		};
/* End PBXNativeTarget section */

/* Begin PBXProject section */
		D2E9F82A2446177C0001A275 /* Project object */ = {
			isa = PBXProject;
			attributes = {
				LastSwiftUpdateCheck = 1140;
				LastUpgradeCheck = 1140;
				ORGANIZATIONNAME = "Trail of Bits";
				TargetAttributes = {
					D2E9F8312446177C0001A275 = {
						CreatedOnToolsVersion = 11.4;
					};
				};
			};
			buildConfigurationList = D2E9F82D2446177C0001A275 /* Build configuration list for PBXProject "SystemExtension" */;
			compatibilityVersion = "Xcode 9.3";
			developmentRegion = en;
			hasScannedForEncodings = 0;
			knownRegions = (
				en,
				Base,
			);
			mainGroup = D2E9F8292446177C0001A275;
			productRefGroup = D2E9F8332446177C0001A275 /* Products */;
			projectDirPath = "";
			projectRoot = "";
			targets = (
				D2E9F8312446177C0001A275 /* SystemExtension */,
			);
		};
/* End PBXProject section */

/* Begin PBXSourcesBuildPhase section */
		D2E9F82E2446177C0001A275 /* Sources */ = {
			isa = PBXSourcesBuildPhase;
			buildActionMask = 2147483647;
			files = (
				D2E9F844244617BA0001A275 /* main.swift in Sources */,
			);
			runOnlyForDeploymentPostprocessing = 0;
		};
/* End PBXSourcesBuildPhase section */

/* Begin XCBuildConfiguration section */
		D2E9F8372446177C0001A275 /* Debug */ = {
			isa = XCBuildConfiguration;
			buildSettings = {
				ALWAYS_SEARCH_USER_PATHS = NO;
				CLANG_ANALYZER_NONNULL = YES;
				CLANG_ANALYZER_NUMBER_OBJECT_CONVERSION = YES_AGGRESSIVE;
				CLANG_CXX_LANGUAGE_STANDARD = "gnu++14";
				CLANG_CXX_LIBRARY = "libc++";
				CLANG_ENABLE_MODULES = YES;
				CLANG_ENABLE_OBJC_ARC = YES;
				CLANG_ENABLE_OBJC_WEAK = YES;
				CLANG_WARN_BLOCK_CAPTURE_AUTORELEASING = YES;
				CLANG_WARN_BOOL_CONVERSION = YES;
				CLANG_WARN_COMMA = YES;
				CLANG_WARN_CONSTANT_CONVERSION = YES;
				CLANG_WARN_DEPRECATED_OBJC_IMPLEMENTATIONS = YES;
				CLANG_WARN_DIRECT_OBJC_ISA_USAGE = YES_ERROR;
				CLANG_WARN_DOCUMENTATION_COMMENTS = YES;
				CLANG_WARN_EMPTY_BODY = YES;
				CLANG_WARN_ENUM_CONVERSION = YES;
				CLANG_WARN_INFINITE_RECURSION = YES;
				CLANG_WARN_INT_CONVERSION = YES;
				CLANG_WARN_NON_LITERAL_NULL_CONVERSION = YES;
				CLANG_WARN_OBJC_IMPLICIT_RETAIN_SELF = YES;
				CLANG_WARN_OBJC_LITERAL_CONVERSION = YES;
				CLANG_WARN_OBJC_ROOT_CLASS = YES_ERROR;
				CLANG_WARN_RANGE_LOOP_ANALYSIS = YES;
				CLANG_WARN_STRICT_PROTOTYPES = YES;
				CLANG_WARN_SUSPICIOUS_MOVE = YES;
				CLANG_WARN_UNGUARDED_AVAILABILITY = YES_AGGRESSIVE;
				CLANG_WARN_UNREACHABLE_CODE = YES;
				CLANG_WARN__DUPLICATE_METHOD_MATCH = YES;
				COPY_PHASE_STRIP = NO;
				DEBUG_INFORMATION_FORMAT = dwarf;
				ENABLE_STRICT_OBJC_MSGSEND = YES;
				ENABLE_TESTABILITY = YES;
				GCC_C_LANGUAGE_STANDARD = gnu11;
				GCC_DYNAMIC_NO_PIC = NO;
				GCC_NO_COMMON_BLOCKS = YES;
				GCC_OPTIMIZATION_LEVEL = 0;
				GCC_PREPROCESSOR_DEFINITIONS = (
					"DEBUG=1",
					"$(inherited)",
				);
				GCC_WARN_64_TO_32_BIT_CONVERSION = YES;
				GCC_WARN_ABOUT_RETURN_TYPE = YES_ERROR;
				GCC_WARN_UNDECLARED_SELECTOR = YES;
				GCC_WARN_UNINITIALIZED_AUTOS = YES_AGGRESSIVE;
				GCC_WARN_UNUSED_FUNCTION = YES;
				GCC_WARN_UNUSED_VARIABLE = YES;
				MACOSX_DEPLOYMENT_TARGET = 10.15;
				MTL_ENABLE_DEBUG_INFO = INCLUDE_SOURCE;
				MTL_FAST_MATH = YES;
				ONLY_ACTIVE_ARCH = YES;
				SDKROOT = macosx;
				SWIFT_ACTIVE_COMPILATION_CONDITIONS = DEBUG;
				SWIFT_OPTIMIZATION_LEVEL = "-Onone";
			};
			name = Debug;
		};
		D2E9F8382446177C0001A275 /* Release */ = {
			isa = XCBuildConfiguration;
			buildSettings = {
				ALWAYS_SEARCH_USER_PATHS = NO;
				CLANG_ANALYZER_NONNULL = YES;
				CLANG_ANALYZER_NUMBER_OBJECT_CONVERSION = YES_AGGRESSIVE;
				CLANG_CXX_LANGUAGE_STANDARD = "gnu++14";
				CLANG_CXX_LIBRARY = "libc++";
				CLANG_ENABLE_MODULES = YES;
				CLANG_ENABLE_OBJC_ARC = YES;
				CLANG_ENABLE_OBJC_WEAK = YES;
				CLANG_WARN_BLOCK_CAPTURE_AUTORELEASING = YES;
				CLANG_WARN_BOOL_CONVERSION = YES;
				CLANG_WARN_COMMA = YES;
				CLANG_WARN_CONSTANT_CONVERSION = YES;
				CLANG_WARN_DEPRECATED_OBJC_IMPLEMENTATIONS = YES;
				CLANG_WARN_DIRECT_OBJC_ISA_USAGE = YES_ERROR;
				CLANG_WARN_DOCUMENTATION_COMMENTS = YES;
				CLANG_WARN_EMPTY_BODY = YES;
				CLANG_WARN_ENUM_CONVERSION = YES;
				CLANG_WARN_INFINITE_RECURSION = YES;
				CLANG_WARN_INT_CONVERSION = YES;
				CLANG_WARN_NON_LITERAL_NULL_CONVERSION = YES;
				CLANG_WARN_OBJC_IMPLICIT_RETAIN_SELF = YES;
				CLANG_WARN_OBJC_LITERAL_CONVERSION = YES;
				CLANG_WARN_OBJC_ROOT_CLASS = YES_ERROR;
				CLANG_WARN_RANGE_LOOP_ANALYSIS = YES;
				CLANG_WARN_STRICT_PROTOTYPES = YES;
				CLANG_WARN_SUSPICIOUS_MOVE = YES;
				CLANG_WARN_UNGUARDED_AVAILABILITY = YES_AGGRESSIVE;
				CLANG_WARN_UNREACHABLE_CODE = YES;
				CLANG_WARN__DUPLICATE_METHOD_MATCH = YES;
				COPY_PHASE_STRIP = NO;
				DEBUG_INFORMATION_FORMAT = "dwarf-with-dsym";
				ENABLE_NS_ASSERTIONS = NO;
				ENABLE_STRICT_OBJC_MSGSEND = YES;
				GCC_C_LANGUAGE_STANDARD = gnu11;
				GCC_NO_COMMON_BLOCKS = YES;
				GCC_WARN_64_TO_32_BIT_CONVERSION = YES;
				GCC_WARN_ABOUT_RETURN_TYPE = YES_ERROR;
				GCC_WARN_UNDECLARED_SELECTOR = YES;
				GCC_WARN_UNINITIALIZED_AUTOS = YES_AGGRESSIVE;
				GCC_WARN_UNUSED_FUNCTION = YES;
				GCC_WARN_UNUSED_VARIABLE = YES;
				MACOSX_DEPLOYMENT_TARGET = 10.15;
				MTL_ENABLE_DEBUG_INFO = NO;
				MTL_FAST_MATH = YES;
				SDKROOT = macosx;
				SWIFT_COMPILATION_MODE = wholemodule;
				SWIFT_OPTIMIZATION_LEVEL = "-O";
			};
			name = Release;
		};
		D2E9F83A2446177C0001A275 /* Debug */ = {
			isa = XCBuildConfiguration;
			buildSettings = {
				CODE_SIGN_ENTITLEMENTS = entitlements.plist;
				CODE_SIGN_IDENTITY = "Apple Development";
				CODE_SIGN_STYLE = Automatic;
				CREATE_INFOPLIST_SECTION_IN_BINARY = NO;
				DEVELOPMENT_TEAM = 44WTB9L362;
				ENABLE_HARDENED_RUNTIME = NO;
				EXECUTABLE_EXTENSION = "";
				INFOPLIST_FILE = "";
				LD_RUNPATH_SEARCH_PATHS = "@executable_path/../../Frameworks";
				PRODUCT_BUNDLE_IDENTIFIER = com.trailofbits.sinter;
				PRODUCT_NAME = com.trailofbits.sinter.systemextension;
				SWIFT_VERSION = 5.0;
			};
			name = Debug;
		};
		D2E9F83B2446177C0001A275 /* Release */ = {
			isa = XCBuildConfiguration;
			buildSettings = {
				CODE_SIGN_ENTITLEMENTS = entitlements.plist;
				CODE_SIGN_IDENTITY = "Apple Development";
				CODE_SIGN_STYLE = Automatic;
				CREATE_INFOPLIST_SECTION_IN_BINARY = NO;
				DEVELOPMENT_TEAM = 44WTB9L362;
				ENABLE_HARDENED_RUNTIME = NO;
				EXECUTABLE_EXTENSION = "";
				INFOPLIST_FILE = "";
				LD_RUNPATH_SEARCH_PATHS = "@executable_path/../../Frameworks";
				PRODUCT_BUNDLE_IDENTIFIER = com.trailofbits.sinter;
				PRODUCT_NAME = com.trailofbits.sinter.systemextension;
				SWIFT_VERSION = 5.0;
			};
			name = Release;
		};
/* End XCBuildConfiguration section */

/* Begin XCConfigurationList section */
		D2E9F82D2446177C0001A275 /* Build configuration list for PBXProject "SystemExtension" */ = {
			isa = XCConfigurationList;
			buildConfigurations = (
				D2E9F8372446177C0001A275 /* Debug */,
				D2E9F8382446177C0001A275 /* Release */,
			);
			defaultConfigurationIsVisible = 0;
			defaultConfigurationName = Release;
		};
		D2E9F8392446177C0001A275 /* Build configuration list for PBXNativeTarget "SystemExtension" */ = {
			isa = XCConfigurationList;
			buildConfigurations = (
				D2E9F83A2446177C0001A275 /* Debug */,
				D2E9F83B2446177C0001A275 /* Release */,
			);
			defaultConfigurationIsVisible = 0;
			defaultConfigurationName = Release;
		};
/* End XCConfigurationList section */
	};
	rootObject = D2E9F82A2446177C0001A275 /* Project object */;
}
