// !$*UTF8*$!
{
	archiveVersion = 1;
	classes = {
	};
	objectVersion = 50;
	objects = {

/* Begin PBXBuildFile section */
		D22A173A24364A11005BFA77 /* MorozAuthorizationInterface.framework in Frameworks */ = {isa = PBXBuildFile; fileRef = D22A173924364A11005BFA77 /* MorozAuthorizationInterface.framework */; };
		D22A173B24364A11005BFA77 /* MorozAuthorizationInterface.framework in Embed Frameworks */ = {isa = PBXBuildFile; fileRef = D22A173924364A11005BFA77 /* MorozAuthorizationInterface.framework */; settings = {ATTRIBUTES = (CodeSignOnCopy, RemoveHeadersOnCopy, ); }; };
		D2DC9A1A242EF90700AB9EEC /* main.swift in Sources */ = {isa = PBXBuildFile; fileRef = D2DC9A19242EF90700AB9EEC /* main.swift */; };
		D2DC9A2A242EF92400AB9EEC /* AuthorizationManager.framework in Frameworks */ = {isa = PBXBuildFile; fileRef = D2DC9A27242EF92400AB9EEC /* AuthorizationManager.framework */; };
		D2DC9A2B242EF92400AB9EEC /* AuthorizationManager.framework in Embed Frameworks */ = {isa = PBXBuildFile; fileRef = D2DC9A27242EF92400AB9EEC /* AuthorizationManager.framework */; settings = {ATTRIBUTES = (CodeSignOnCopy, RemoveHeadersOnCopy, ); }; };
		D2DC9A2C242EF92400AB9EEC /* EndpointSecurityClient.framework in Frameworks */ = {isa = PBXBuildFile; fileRef = D2DC9A28242EF92400AB9EEC /* EndpointSecurityClient.framework */; };
		D2DC9A2D242EF92400AB9EEC /* EndpointSecurityClient.framework in Embed Frameworks */ = {isa = PBXBuildFile; fileRef = D2DC9A28242EF92400AB9EEC /* EndpointSecurityClient.framework */; settings = {ATTRIBUTES = (CodeSignOnCopy, RemoveHeadersOnCopy, ); }; };
		D2DC9A2E242EF92400AB9EEC /* Logger.framework in Frameworks */ = {isa = PBXBuildFile; fileRef = D2DC9A29242EF92400AB9EEC /* Logger.framework */; };
		D2DC9A2F242EF92400AB9EEC /* Logger.framework in Embed Frameworks */ = {isa = PBXBuildFile; fileRef = D2DC9A29242EF92400AB9EEC /* Logger.framework */; settings = {ATTRIBUTES = (CodeSignOnCopy, RemoveHeadersOnCopy, ); }; };
		D2DC9A32242EF92A00AB9EEC /* SignatureDatabase.framework in Frameworks */ = {isa = PBXBuildFile; fileRef = D2DC9A31242EF92A00AB9EEC /* SignatureDatabase.framework */; };
		D2DC9A33242EF92A00AB9EEC /* SignatureDatabase.framework in Embed Frameworks */ = {isa = PBXBuildFile; fileRef = D2DC9A31242EF92A00AB9EEC /* SignatureDatabase.framework */; settings = {ATTRIBUTES = (CodeSignOnCopy, RemoveHeadersOnCopy, ); }; };
		D2E077DE243B889F000D96BF /* Configuration.framework in Frameworks */ = {isa = PBXBuildFile; fileRef = D2E077DD243B889F000D96BF /* Configuration.framework */; };
		D2E077DF243B889F000D96BF /* Configuration.framework in Embed Frameworks */ = {isa = PBXBuildFile; fileRef = D2E077DD243B889F000D96BF /* Configuration.framework */; settings = {ATTRIBUTES = (CodeSignOnCopy, RemoveHeadersOnCopy, ); }; };
/* End PBXBuildFile section */

/* Begin PBXCopyFilesBuildPhase section */
		D2DC9A14242EF90700AB9EEC /* CopyFiles */ = {
			isa = PBXCopyFilesBuildPhase;
			buildActionMask = 2147483647;
			dstPath = /usr/share/man/man1/;
			dstSubfolderSpec = 0;
			files = (
			);
			runOnlyForDeploymentPostprocessing = 1;
		};
		D2DC9A30242EF92400AB9EEC /* Embed Frameworks */ = {
			isa = PBXCopyFilesBuildPhase;
			buildActionMask = 2147483647;
			dstPath = "";
			dstSubfolderSpec = 10;
			files = (
				D2DC9A2F242EF92400AB9EEC /* Logger.framework in Embed Frameworks */,
				D2DC9A2D242EF92400AB9EEC /* EndpointSecurityClient.framework in Embed Frameworks */,
				D2DC9A33242EF92A00AB9EEC /* SignatureDatabase.framework in Embed Frameworks */,
				D2E077DF243B889F000D96BF /* Configuration.framework in Embed Frameworks */,
				D2DC9A2B242EF92400AB9EEC /* AuthorizationManager.framework in Embed Frameworks */,
				D22A173B24364A11005BFA77 /* MorozAuthorizationInterface.framework in Embed Frameworks */,
			);
			name = "Embed Frameworks";
			runOnlyForDeploymentPostprocessing = 0;
		};
/* End PBXCopyFilesBuildPhase section */

/* Begin PBXFileReference section */
		D22A173924364A11005BFA77 /* MorozAuthorizationInterface.framework */ = {isa = PBXFileReference; explicitFileType = wrapper.framework; path = MorozAuthorizationInterface.framework; sourceTree = BUILT_PRODUCTS_DIR; };
		D2DC9A16242EF90700AB9EEC /* SinterD */ = {isa = PBXFileReference; explicitFileType = "compiled.mach-o.executable"; includeInIndex = 0; path = SinterD; sourceTree = BUILT_PRODUCTS_DIR; };
		D2DC9A19242EF90700AB9EEC /* main.swift */ = {isa = PBXFileReference; lastKnownFileType = sourcecode.swift; path = main.swift; sourceTree = "<group>"; };
		D2DC9A27242EF92400AB9EEC /* AuthorizationManager.framework */ = {isa = PBXFileReference; explicitFileType = wrapper.framework; path = AuthorizationManager.framework; sourceTree = BUILT_PRODUCTS_DIR; };
		D2DC9A28242EF92400AB9EEC /* EndpointSecurityClient.framework */ = {isa = PBXFileReference; explicitFileType = wrapper.framework; path = EndpointSecurityClient.framework; sourceTree = BUILT_PRODUCTS_DIR; };
		D2DC9A29242EF92400AB9EEC /* Logger.framework */ = {isa = PBXFileReference; explicitFileType = wrapper.framework; path = Logger.framework; sourceTree = BUILT_PRODUCTS_DIR; };
		D2DC9A31242EF92A00AB9EEC /* SignatureDatabase.framework */ = {isa = PBXFileReference; explicitFileType = wrapper.framework; path = SignatureDatabase.framework; sourceTree = BUILT_PRODUCTS_DIR; };
		D2DC9A34242EF93100AB9EEC /* UserNotifications.framework */ = {isa = PBXFileReference; lastKnownFileType = wrapper.framework; name = UserNotifications.framework; path = System/Library/Frameworks/UserNotifications.framework; sourceTree = SDKROOT; };
		D2DC9A36242EFA3500AB9EEC /* Cocoa.framework */ = {isa = PBXFileReference; lastKnownFileType = wrapper.framework; name = Cocoa.framework; path = System/Library/Frameworks/Cocoa.framework; sourceTree = SDKROOT; };
		D2DC9A39242EFC6900AB9EEC /* Info.plist */ = {isa = PBXFileReference; fileEncoding = 4; lastKnownFileType = text.plist.xml; path = Info.plist; sourceTree = "<group>"; };
		D2DC9A3A242EFC7200AB9EEC /* SinterD.entitlements */ = {isa = PBXFileReference; fileEncoding = 4; lastKnownFileType = text.plist.entitlements; path = SinterD.entitlements; sourceTree = "<group>"; };
		D2E077DD243B889F000D96BF /* Configuration.framework */ = {isa = PBXFileReference; explicitFileType = wrapper.framework; path = Configuration.framework; sourceTree = BUILT_PRODUCTS_DIR; };
/* End PBXFileReference section */

/* Begin PBXFrameworksBuildPhase section */
		D2DC9A13242EF90700AB9EEC /* Frameworks */ = {
			isa = PBXFrameworksBuildPhase;
			buildActionMask = 2147483647;
			files = (
				D2DC9A2E242EF92400AB9EEC /* Logger.framework in Frameworks */,
				D2DC9A2C242EF92400AB9EEC /* EndpointSecurityClient.framework in Frameworks */,
				D2DC9A32242EF92A00AB9EEC /* SignatureDatabase.framework in Frameworks */,
				D2E077DE243B889F000D96BF /* Configuration.framework in Frameworks */,
				D2DC9A2A242EF92400AB9EEC /* AuthorizationManager.framework in Frameworks */,
				D22A173A24364A11005BFA77 /* MorozAuthorizationInterface.framework in Frameworks */,
			);
			runOnlyForDeploymentPostprocessing = 0;
		};
/* End PBXFrameworksBuildPhase section */

/* Begin PBXGroup section */
		D2DC9A0D242EF90700AB9EEC = {
			isa = PBXGroup;
			children = (
				D2DC9A18242EF90700AB9EEC /* SinterD */,
				D2DC9A17242EF90700AB9EEC /* Products */,
				D2DC9A26242EF92400AB9EEC /* Frameworks */,
			);
			sourceTree = "<group>";
		};
		D2DC9A17242EF90700AB9EEC /* Products */ = {
			isa = PBXGroup;
			children = (
				D2DC9A16242EF90700AB9EEC /* SinterD */,
			);
			name = Products;
			sourceTree = "<group>";
		};
		D2DC9A18242EF90700AB9EEC /* SinterD */ = {
			isa = PBXGroup;
			children = (
				D2DC9A3A242EFC7200AB9EEC /* SinterD.entitlements */,
				D2DC9A39242EFC6900AB9EEC /* Info.plist */,
				D2DC9A19242EF90700AB9EEC /* main.swift */,
			);
			path = SinterD;
			sourceTree = "<group>";
		};
		D2DC9A26242EF92400AB9EEC /* Frameworks */ = {
			isa = PBXGroup;
			children = (
				D2E077DD243B889F000D96BF /* Configuration.framework */,
				D22A173924364A11005BFA77 /* MorozAuthorizationInterface.framework */,
				D2DC9A36242EFA3500AB9EEC /* Cocoa.framework */,
				D2DC9A34242EF93100AB9EEC /* UserNotifications.framework */,
				D2DC9A31242EF92A00AB9EEC /* SignatureDatabase.framework */,
				D2DC9A27242EF92400AB9EEC /* AuthorizationManager.framework */,
				D2DC9A28242EF92400AB9EEC /* EndpointSecurityClient.framework */,
				D2DC9A29242EF92400AB9EEC /* Logger.framework */,
			);
			name = Frameworks;
			sourceTree = "<group>";
		};
/* End PBXGroup section */

/* Begin PBXNativeTarget section */
		D2DC9A15242EF90700AB9EEC /* SinterD */ = {
			isa = PBXNativeTarget;
			buildConfigurationList = D2DC9A1D242EF90700AB9EEC /* Build configuration list for PBXNativeTarget "SinterD" */;
			buildPhases = (
				D2DC9A12242EF90700AB9EEC /* Sources */,
				D2DC9A13242EF90700AB9EEC /* Frameworks */,
				D2DC9A14242EF90700AB9EEC /* CopyFiles */,
				D2DC9A30242EF92400AB9EEC /* Embed Frameworks */,
			);
			buildRules = (
			);
			dependencies = (
			);
			name = SinterD;
			productName = SinterD;
			productReference = D2DC9A16242EF90700AB9EEC /* SinterD */;
			productType = "com.apple.product-type.tool";
		};
/* End PBXNativeTarget section */

/* Begin PBXProject section */
		D2DC9A0E242EF90700AB9EEC /* Project object */ = {
			isa = PBXProject;
			attributes = {
				LastSwiftUpdateCheck = 1130;
				LastUpgradeCheck = 1130;
				ORGANIZATIONNAME = "Trail of Bits";
				TargetAttributes = {
					D2DC9A15242EF90700AB9EEC = {
						CreatedOnToolsVersion = 11.3.1;
					};
				};
			};
			buildConfigurationList = D2DC9A11242EF90700AB9EEC /* Build configuration list for PBXProject "SinterD" */;
			compatibilityVersion = "Xcode 9.3";
			developmentRegion = en;
			hasScannedForEncodings = 0;
			knownRegions = (
				en,
				Base,
			);
			mainGroup = D2DC9A0D242EF90700AB9EEC;
			productRefGroup = D2DC9A17242EF90700AB9EEC /* Products */;
			projectDirPath = "";
			projectRoot = "";
			targets = (
				D2DC9A15242EF90700AB9EEC /* SinterD */,
			);
		};
/* End PBXProject section */

/* Begin PBXSourcesBuildPhase section */
		D2DC9A12242EF90700AB9EEC /* Sources */ = {
			isa = PBXSourcesBuildPhase;
			buildActionMask = 2147483647;
			files = (
				D2DC9A1A242EF90700AB9EEC /* main.swift in Sources */,
			);
			runOnlyForDeploymentPostprocessing = 0;
		};
/* End PBXSourcesBuildPhase section */

/* Begin XCBuildConfiguration section */
		D2DC9A1B242EF90700AB9EEC /* Debug */ = {
			isa = XCBuildConfiguration;
			buildSettings = {
				ALWAYS_SEARCH_USER_PATHS = NO;
				CLANG_ANALYZER_NONNULL = YES;
				CLANG_ANALYZER_NUMBER_OBJECT_CONVERSION = YES_AGGRESSIVE;
				CLANG_CXX_LANGUAGE_STANDARD = "gnu++14";
				CLANG_CXX_LIBRARY = "libc++";
				CLANG_ENABLE_MODULES = YES;
				CLANG_ENABLE_OBJC_ARC = YES;
				CLANG_ENABLE_OBJC_WEAK = YES;
				CLANG_WARN_BLOCK_CAPTURE_AUTORELEASING = YES;
				CLANG_WARN_BOOL_CONVERSION = YES;
				CLANG_WARN_COMMA = YES;
				CLANG_WARN_CONSTANT_CONVERSION = YES;
				CLANG_WARN_DEPRECATED_OBJC_IMPLEMENTATIONS = YES;
				CLANG_WARN_DIRECT_OBJC_ISA_USAGE = YES_ERROR;
				CLANG_WARN_DOCUMENTATION_COMMENTS = YES;
				CLANG_WARN_EMPTY_BODY = YES;
				CLANG_WARN_ENUM_CONVERSION = YES;
				CLANG_WARN_INFINITE_RECURSION = YES;
				CLANG_WARN_INT_CONVERSION = YES;
				CLANG_WARN_NON_LITERAL_NULL_CONVERSION = YES;
				CLANG_WARN_OBJC_IMPLICIT_RETAIN_SELF = YES;
				CLANG_WARN_OBJC_LITERAL_CONVERSION = YES;
				CLANG_WARN_OBJC_ROOT_CLASS = YES_ERROR;
				CLANG_WARN_RANGE_LOOP_ANALYSIS = YES;
				CLANG_WARN_STRICT_PROTOTYPES = YES;
				CLANG_WARN_SUSPICIOUS_MOVE = YES;
				CLANG_WARN_UNGUARDED_AVAILABILITY = YES_AGGRESSIVE;
				CLANG_WARN_UNREACHABLE_CODE = YES;
				CLANG_WARN__DUPLICATE_METHOD_MATCH = YES;
				COPY_PHASE_STRIP = NO;
				DEBUG_INFORMATION_FORMAT = dwarf;
				ENABLE_STRICT_OBJC_MSGSEND = YES;
				ENABLE_TESTABILITY = YES;
				GCC_C_LANGUAGE_STANDARD = gnu11;
				GCC_DYNAMIC_NO_PIC = NO;
				GCC_NO_COMMON_BLOCKS = YES;
				GCC_OPTIMIZATION_LEVEL = 0;
				GCC_PREPROCESSOR_DEFINITIONS = (
					"DEBUG=1",
					"$(inherited)",
				);
				GCC_WARN_64_TO_32_BIT_CONVERSION = YES;
				GCC_WARN_ABOUT_RETURN_TYPE = YES_ERROR;
				GCC_WARN_UNDECLARED_SELECTOR = YES;
				GCC_WARN_UNINITIALIZED_AUTOS = YES_AGGRESSIVE;
				GCC_WARN_UNUSED_FUNCTION = YES;
				GCC_WARN_UNUSED_VARIABLE = YES;
				MACOSX_DEPLOYMENT_TARGET = 10.15;
				MTL_ENABLE_DEBUG_INFO = INCLUDE_SOURCE;
				MTL_FAST_MATH = YES;
				ONLY_ACTIVE_ARCH = YES;
				SDKROOT = macosx;
				SWIFT_ACTIVE_COMPILATION_CONDITIONS = DEBUG;
				SWIFT_OPTIMIZATION_LEVEL = "-Onone";
			};
			name = Debug;
		};
		D2DC9A1C242EF90700AB9EEC /* Release */ = {
			isa = XCBuildConfiguration;
			buildSettings = {
				ALWAYS_SEARCH_USER_PATHS = NO;
				CLANG_ANALYZER_NONNULL = YES;
				CLANG_ANALYZER_NUMBER_OBJECT_CONVERSION = YES_AGGRESSIVE;
				CLANG_CXX_LANGUAGE_STANDARD = "gnu++14";
				CLANG_CXX_LIBRARY = "libc++";
				CLANG_ENABLE_MODULES = YES;
				CLANG_ENABLE_OBJC_ARC = YES;
				CLANG_ENABLE_OBJC_WEAK = YES;
				CLANG_WARN_BLOCK_CAPTURE_AUTORELEASING = YES;
				CLANG_WARN_BOOL_CONVERSION = YES;
				CLANG_WARN_COMMA = YES;
				CLANG_WARN_CONSTANT_CONVERSION = YES;
				CLANG_WARN_DEPRECATED_OBJC_IMPLEMENTATIONS = YES;
				CLANG_WARN_DIRECT_OBJC_ISA_USAGE = YES_ERROR;
				CLANG_WARN_DOCUMENTATION_COMMENTS = YES;
				CLANG_WARN_EMPTY_BODY = YES;
				CLANG_WARN_ENUM_CONVERSION = YES;
				CLANG_WARN_INFINITE_RECURSION = YES;
				CLANG_WARN_INT_CONVERSION = YES;
				CLANG_WARN_NON_LITERAL_NULL_CONVERSION = YES;
				CLANG_WARN_OBJC_IMPLICIT_RETAIN_SELF = YES;
				CLANG_WARN_OBJC_LITERAL_CONVERSION = YES;
				CLANG_WARN_OBJC_ROOT_CLASS = YES_ERROR;
				CLANG_WARN_RANGE_LOOP_ANALYSIS = YES;
				CLANG_WARN_STRICT_PROTOTYPES = YES;
				CLANG_WARN_SUSPICIOUS_MOVE = YES;
				CLANG_WARN_UNGUARDED_AVAILABILITY = YES_AGGRESSIVE;
				CLANG_WARN_UNREACHABLE_CODE = YES;
				CLANG_WARN__DUPLICATE_METHOD_MATCH = YES;
				COPY_PHASE_STRIP = NO;
				DEBUG_INFORMATION_FORMAT = "dwarf-with-dsym";
				ENABLE_NS_ASSERTIONS = NO;
				ENABLE_STRICT_OBJC_MSGSEND = YES;
				GCC_C_LANGUAGE_STANDARD = gnu11;
				GCC_NO_COMMON_BLOCKS = YES;
				GCC_WARN_64_TO_32_BIT_CONVERSION = YES;
				GCC_WARN_ABOUT_RETURN_TYPE = YES_ERROR;
				GCC_WARN_UNDECLARED_SELECTOR = YES;
				GCC_WARN_UNINITIALIZED_AUTOS = YES_AGGRESSIVE;
				GCC_WARN_UNUSED_FUNCTION = YES;
				GCC_WARN_UNUSED_VARIABLE = YES;
				MACOSX_DEPLOYMENT_TARGET = 10.15;
				MTL_ENABLE_DEBUG_INFO = NO;
				MTL_FAST_MATH = YES;
				SDKROOT = macosx;
				SWIFT_COMPILATION_MODE = wholemodule;
				SWIFT_OPTIMIZATION_LEVEL = "-O";
			};
			name = Release;
		};
		D2DC9A1E242EF90700AB9EEC /* Debug */ = {
			isa = XCBuildConfiguration;
			buildSettings = {
				CODE_SIGN_ENTITLEMENTS = SinterD/SinterD.entitlements;
				CODE_SIGN_IDENTITY = "-";
				CODE_SIGN_STYLE = Automatic;
				DEVELOPMENT_TEAM = "";
				ENABLE_HARDENED_RUNTIME = YES;
				INFOPLIST_FILE = "$(SRCROOT)/SinterD/Info.plist";
				LD_RUNPATH_SEARCH_PATHS = "@executable_path/../Frameworks";
				PRODUCT_BUNDLE_IDENTIFIER = com.trailofbits.SinterD;
				PRODUCT_NAME = "$(TARGET_NAME)";
				SWIFT_VERSION = 5.0;
			};
			name = Debug;
		};
		D2DC9A1F242EF90700AB9EEC /* Release */ = {
			isa = XCBuildConfiguration;
			buildSettings = {
				CODE_SIGN_ENTITLEMENTS = SinterD/SinterD.entitlements;
				CODE_SIGN_IDENTITY = "-";
				CODE_SIGN_STYLE = Automatic;
				DEVELOPMENT_TEAM = "";
				ENABLE_HARDENED_RUNTIME = YES;
				INFOPLIST_FILE = "$(SRCROOT)/SinterD/Info.plist";
				LD_RUNPATH_SEARCH_PATHS = "@executable_path/../Frameworks";
				PRODUCT_BUNDLE_IDENTIFIER = com.trailofbits.SinterD;
				PRODUCT_NAME = "$(TARGET_NAME)";
				SWIFT_VERSION = 5.0;
			};
			name = Release;
		};
/* End XCBuildConfiguration section */

/* Begin XCConfigurationList section */
		D2DC9A11242EF90700AB9EEC /* Build configuration list for PBXProject "SinterD" */ = {
			isa = XCConfigurationList;
			buildConfigurations = (
				D2DC9A1B242EF90700AB9EEC /* Debug */,
				D2DC9A1C242EF90700AB9EEC /* Release */,
			);
			defaultConfigurationIsVisible = 0;
			defaultConfigurationName = Release;
		};
		D2DC9A1D242EF90700AB9EEC /* Build configuration list for PBXNativeTarget "SinterD" */ = {
			isa = XCConfigurationList;
			buildConfigurations = (
				D2DC9A1E242EF90700AB9EEC /* Debug */,
				D2DC9A1F242EF90700AB9EEC /* Release */,
			);
			defaultConfigurationIsVisible = 0;
			defaultConfigurationName = Release;
		};
/* End XCConfigurationList section */
	};
	rootObject = D2DC9A0E242EF90700AB9EEC /* Project object */;
}
