// !$*UTF8*$!
{
	archiveVersion = 1;
	classes = {
	};
	objectVersion = 50;
	objects = {

/* Begin PBXBuildFile section */
		D2513B67244073A900002645 /* libbsm.tbd in Frameworks */ = {isa = PBXBuildFile; fileRef = D2513B61244073A300002645 /* libbsm.tbd */; };
		D2513B8A2440BE9700002645 /* InMemorySignatureDatabase.framework in Frameworks */ = {isa = PBXBuildFile; fileRef = D2513B842440BE7200002645 /* InMemorySignatureDatabase.framework */; };
		D2513B8B2440BE9700002645 /* InMemorySignatureDatabase.framework in Embed Frameworks */ = {isa = PBXBuildFile; fileRef = D2513B842440BE7200002645 /* InMemorySignatureDatabase.framework */; settings = {ATTRIBUTES = (CodeSignOnCopy, RemoveHeadersOnCopy, ); }; };
		D2513BBF2440D70E00002645 /* SyncServerDecisionManager.framework in Frameworks */ = {isa = PBXBuildFile; fileRef = D2513BB52440D6E400002645 /* SyncServerDecisionManager.framework */; };
		D2513BC02440D70E00002645 /* SyncServerDecisionManager.framework in Embed Frameworks */ = {isa = PBXBuildFile; fileRef = D2513BB52440D6E400002645 /* SyncServerDecisionManager.framework */; settings = {ATTRIBUTES = (CodeSignOnCopy, RemoveHeadersOnCopy, ); }; };
		D2578414243F602F0020BC32 /* AppDelegate.swift in Sources */ = {isa = PBXBuildFile; fileRef = D2578413243F602F0020BC32 /* AppDelegate.swift */; };
		D2578416243F602F0020BC32 /* ContentView.swift in Sources */ = {isa = PBXBuildFile; fileRef = D2578415243F602F0020BC32 /* ContentView.swift */; };
		D2578418243F60350020BC32 /* Assets.xcassets in Resources */ = {isa = PBXBuildFile; fileRef = D2578417243F60350020BC32 /* Assets.xcassets */; };
		D257841B243F60350020BC32 /* Preview Assets.xcassets in Resources */ = {isa = PBXBuildFile; fileRef = D257841A243F60350020BC32 /* Preview Assets.xcassets */; };
		D257841E243F60350020BC32 /* Main.storyboard in Resources */ = {isa = PBXBuildFile; fileRef = D257841C243F60350020BC32 /* Main.storyboard */; };
		D257846C243F62EC0020BC32 /* SinterD in CopyFiles */ = {isa = PBXBuildFile; fileRef = D257846A243F62C20020BC32 /* SinterD */; settings = {ATTRIBUTES = (CodeSignOnCopy, ); }; };
		D257848C243F635F0020BC32 /* LibSinter.framework in Frameworks */ = {isa = PBXBuildFile; fileRef = D257848B243F63520020BC32 /* LibSinter.framework */; };
		D257848D243F635F0020BC32 /* LibSinter.framework in Embed Frameworks */ = {isa = PBXBuildFile; fileRef = D257848B243F63520020BC32 /* LibSinter.framework */; settings = {ATTRIBUTES = (CodeSignOnCopy, RemoveHeadersOnCopy, ); }; };
		D25784D2243F73030020BC32 /* FilesystemLogger.framework in Frameworks */ = {isa = PBXBuildFile; fileRef = D25784C0243F6FE70020BC32 /* FilesystemLogger.framework */; };
		D25784D3243F73030020BC32 /* FilesystemLogger.framework in Embed Frameworks */ = {isa = PBXBuildFile; fileRef = D25784C0243F6FE70020BC32 /* FilesystemLogger.framework */; settings = {ATTRIBUTES = (CodeSignOnCopy, RemoveHeadersOnCopy, ); }; };
		D25784F9243F76EC0020BC32 /* JSONConfiguration.framework in Frameworks */ = {isa = PBXBuildFile; fileRef = D25784EE243F75550020BC32 /* JSONConfiguration.framework */; };
		D25784FA243F76EC0020BC32 /* JSONConfiguration.framework in Embed Frameworks */ = {isa = PBXBuildFile; fileRef = D25784EE243F75550020BC32 /* JSONConfiguration.framework */; settings = {ATTRIBUTES = (CodeSignOnCopy, RemoveHeadersOnCopy, ); }; };
		D257851D243F781F0020BC32 /* EndpointSecurityClient.framework in Frameworks */ = {isa = PBXBuildFile; fileRef = D2578515243F77DC0020BC32 /* EndpointSecurityClient.framework */; };
		D257851E243F781F0020BC32 /* EndpointSecurityClient.framework in Embed Frameworks */ = {isa = PBXBuildFile; fileRef = D2578515243F77DC0020BC32 /* EndpointSecurityClient.framework */; settings = {ATTRIBUTES = (CodeSignOnCopy, RemoveHeadersOnCopy, ); }; };
		D2578520243F782E0020BC32 /* libEndpointSecurity.tbd in Frameworks */ = {isa = PBXBuildFile; fileRef = D257851F243F78250020BC32 /* libEndpointSecurity.tbd */; };
		D2BDB3F32441051F0027C57F /* LocalDecisionManager.framework in Frameworks */ = {isa = PBXBuildFile; fileRef = D2BDB3E3244102080027C57F /* LocalDecisionManager.framework */; };
		D2BDB3F42441051F0027C57F /* LocalDecisionManager.framework in Embed Frameworks */ = {isa = PBXBuildFile; fileRef = D2BDB3E3244102080027C57F /* LocalDecisionManager.framework */; settings = {ATTRIBUTES = (CodeSignOnCopy, RemoveHeadersOnCopy, ); }; };
/* End PBXBuildFile section */

/* Begin PBXContainerItemProxy section */
		D2513B832440BE7200002645 /* PBXContainerItemProxy */ = {
			isa = PBXContainerItemProxy;
			containerPortal = D2513B7F2440BE7100002645 /* InMemorySignatureDatabase.xcodeproj */;
			proxyType = 2;
			remoteGlobalIDString = D2513B742440BE7100002645;
			remoteInfo = InMemorySignatureDatabase;
		};
		D2513BB42440D6E400002645 /* PBXContainerItemProxy */ = {
			isa = PBXContainerItemProxy;
			containerPortal = D2513BB02440D6E300002645 /* SyncServerDecisionManager.xcodeproj */;
			proxyType = 2;
			remoteGlobalIDString = D2513BA52440D6E300002645;
			remoteInfo = SyncServerDecisionManager;
		};
		D2578469243F62C20020BC32 /* PBXContainerItemProxy */ = {
			isa = PBXContainerItemProxy;
			containerPortal = D2578465243F62C10020BC32 /* SinterD.xcodeproj */;
			proxyType = 2;
			remoteGlobalIDString = D257845B243F62C10020BC32;
			remoteInfo = SinterD;
		};
		D257848A243F63520020BC32 /* PBXContainerItemProxy */ = {
			isa = PBXContainerItemProxy;
			containerPortal = D2578486243F63520020BC32 /* LibSinter.xcodeproj */;
			proxyType = 2;
			remoteGlobalIDString = D257847B243F63520020BC32;
			remoteInfo = LibSinter;
		};
		D25784BF243F6FE70020BC32 /* PBXContainerItemProxy */ = {
			isa = PBXContainerItemProxy;
			containerPortal = D25784BB243F6FE60020BC32 /* FilesystemLogger.xcodeproj */;
			proxyType = 2;
			remoteGlobalIDString = D25784B0243F6FE60020BC32;
			remoteInfo = FilesystemLogger;
		};
		D25784ED243F75550020BC32 /* PBXContainerItemProxy */ = {
			isa = PBXContainerItemProxy;
			containerPortal = D25784E9243F75540020BC32 /* JSONConfiguration.xcodeproj */;
			proxyType = 2;
			remoteGlobalIDString = D25784DE243F75540020BC32;
			remoteInfo = JSONConfiguration;
		};
		D2578514243F77DC0020BC32 /* PBXContainerItemProxy */ = {
			isa = PBXContainerItemProxy;
			containerPortal = D2578510243F77DC0020BC32 /* EndpointSecurityClient.xcodeproj */;
			proxyType = 2;
			remoteGlobalIDString = D2578505243F77DC0020BC32;
			remoteInfo = EndpointSecurityClient;
		};
		D2BDB3E2244102080027C57F /* PBXContainerItemProxy */ = {
			isa = PBXContainerItemProxy;
			containerPortal = D2BDB3D9244102070027C57F /* LocalDecisionManager.xcodeproj */;
			proxyType = 2;
			remoteGlobalIDString = D2BDB3CE244102070027C57F;
			remoteInfo = LocalDecisionManager;
		};
/* End PBXContainerItemProxy section */

/* Begin PBXCopyFilesBuildPhase section */
		D257846B243F62DA0020BC32 /* CopyFiles */ = {
			isa = PBXCopyFilesBuildPhase;
			buildActionMask = 2147483647;
			dstPath = "";
			dstSubfolderSpec = 6;
			files = (
				D257846C243F62EC0020BC32 /* SinterD in CopyFiles */,
			);
			runOnlyForDeploymentPostprocessing = 0;
		};
		D2578470243F63080020BC32 /* Embed Frameworks */ = {
			isa = PBXCopyFilesBuildPhase;
			buildActionMask = 2147483647;
			dstPath = "";
			dstSubfolderSpec = 10;
			files = (
				D257851E243F781F0020BC32 /* EndpointSecurityClient.framework in Embed Frameworks */,
				D2513B8B2440BE9700002645 /* InMemorySignatureDatabase.framework in Embed Frameworks */,
				D257848D243F635F0020BC32 /* LibSinter.framework in Embed Frameworks */,
				D25784D3243F73030020BC32 /* FilesystemLogger.framework in Embed Frameworks */,
				D2513BC02440D70E00002645 /* SyncServerDecisionManager.framework in Embed Frameworks */,
				D25784FA243F76EC0020BC32 /* JSONConfiguration.framework in Embed Frameworks */,
				D2BDB3F42441051F0027C57F /* LocalDecisionManager.framework in Embed Frameworks */,
			);
			name = "Embed Frameworks";
			runOnlyForDeploymentPostprocessing = 0;
		};
/* End PBXCopyFilesBuildPhase section */

/* Begin PBXFileReference section */
		D2513B61244073A300002645 /* libbsm.tbd */ = {isa = PBXFileReference; lastKnownFileType = "sourcecode.text-based-dylib-definition"; name = libbsm.tbd; path = usr/lib/libbsm.tbd; sourceTree = SDKROOT; };
		D2513B7F2440BE7100002645 /* InMemorySignatureDatabase.xcodeproj */ = {isa = PBXFileReference; lastKnownFileType = "wrapper.pb-project"; name = InMemorySignatureDatabase.xcodeproj; path = InMemorySignatureDatabase/InMemorySignatureDatabase.xcodeproj; sourceTree = "<group>"; };
		D2513BB02440D6E300002645 /* SyncServerDecisionManager.xcodeproj */ = {isa = PBXFileReference; lastKnownFileType = "wrapper.pb-project"; name = SyncServerDecisionManager.xcodeproj; path = SyncServerDecisionManager/SyncServerDecisionManager.xcodeproj; sourceTree = "<group>"; };
		D2578410243F602F0020BC32 /* Sinter.app */ = {isa = PBXFileReference; explicitFileType = wrapper.application; includeInIndex = 0; path = Sinter.app; sourceTree = BUILT_PRODUCTS_DIR; };
		D2578413243F602F0020BC32 /* AppDelegate.swift */ = {isa = PBXFileReference; lastKnownFileType = sourcecode.swift; path = AppDelegate.swift; sourceTree = "<group>"; };
		D2578415243F602F0020BC32 /* ContentView.swift */ = {isa = PBXFileReference; lastKnownFileType = sourcecode.swift; path = ContentView.swift; sourceTree = "<group>"; };
		D2578417243F60350020BC32 /* Assets.xcassets */ = {isa = PBXFileReference; lastKnownFileType = folder.assetcatalog; path = Assets.xcassets; sourceTree = "<group>"; };
		D257841A243F60350020BC32 /* Preview Assets.xcassets */ = {isa = PBXFileReference; lastKnownFileType = folder.assetcatalog; path = "Preview Assets.xcassets"; sourceTree = "<group>"; };
		D257841D243F60350020BC32 /* Base */ = {isa = PBXFileReference; lastKnownFileType = file.storyboard; name = Base; path = Base.lproj/Main.storyboard; sourceTree = "<group>"; };
		D257841F243F60350020BC32 /* Info.plist */ = {isa = PBXFileReference; lastKnownFileType = text.plist.xml; path = Info.plist; sourceTree = "<group>"; };
		D2578420243F60350020BC32 /* Sinter.entitlements */ = {isa = PBXFileReference; lastKnownFileType = text.plist.entitlements; path = Sinter.entitlements; sourceTree = "<group>"; };
		D2578465243F62C10020BC32 /* SinterD.xcodeproj */ = {isa = PBXFileReference; lastKnownFileType = "wrapper.pb-project"; name = SinterD.xcodeproj; path = SinterD/SinterD.xcodeproj; sourceTree = "<group>"; };
		D2578486243F63520020BC32 /* LibSinter.xcodeproj */ = {isa = PBXFileReference; lastKnownFileType = "wrapper.pb-project"; name = LibSinter.xcodeproj; path = LibSinter/LibSinter.xcodeproj; sourceTree = "<group>"; };
		D25784BB243F6FE60020BC32 /* FilesystemLogger.xcodeproj */ = {isa = PBXFileReference; lastKnownFileType = "wrapper.pb-project"; name = FilesystemLogger.xcodeproj; path = FilesystemLogger/FilesystemLogger.xcodeproj; sourceTree = "<group>"; };
		D25784E9243F75540020BC32 /* JSONConfiguration.xcodeproj */ = {isa = PBXFileReference; lastKnownFileType = "wrapper.pb-project"; name = JSONConfiguration.xcodeproj; path = JSONConfiguration/JSONConfiguration.xcodeproj; sourceTree = "<group>"; };
		D2578510243F77DC0020BC32 /* EndpointSecurityClient.xcodeproj */ = {isa = PBXFileReference; lastKnownFileType = "wrapper.pb-project"; name = EndpointSecurityClient.xcodeproj; path = EndpointSecurityClient/EndpointSecurityClient.xcodeproj; sourceTree = "<group>"; };
		D257851F243F78250020BC32 /* libEndpointSecurity.tbd */ = {isa = PBXFileReference; lastKnownFileType = "sourcecode.text-based-dylib-definition"; name = libEndpointSecurity.tbd; path = usr/lib/libEndpointSecurity.tbd; sourceTree = SDKROOT; };
		D2BDB3D9244102070027C57F /* LocalDecisionManager.xcodeproj */ = {isa = PBXFileReference; lastKnownFileType = "wrapper.pb-project"; name = LocalDecisionManager.xcodeproj; path = LocalDecisionManager/LocalDecisionManager.xcodeproj; sourceTree = "<group>"; };
/* End PBXFileReference section */

/* Begin PBXFrameworksBuildPhase section */
		D257840D243F602E0020BC32 /* Frameworks */ = {
			isa = PBXFrameworksBuildPhase;
			buildActionMask = 2147483647;
			files = (
				D257851D243F781F0020BC32 /* EndpointSecurityClient.framework in Frameworks */,
				D257848C243F635F0020BC32 /* LibSinter.framework in Frameworks */,
				D25784D2243F73030020BC32 /* FilesystemLogger.framework in Frameworks */,
				D2513B67244073A900002645 /* libbsm.tbd in Frameworks */,
				D2BDB3F32441051F0027C57F /* LocalDecisionManager.framework in Frameworks */,
				D2513BBF2440D70E00002645 /* SyncServerDecisionManager.framework in Frameworks */,
				D25784F9243F76EC0020BC32 /* JSONConfiguration.framework in Frameworks */,
				D2578520243F782E0020BC32 /* libEndpointSecurity.tbd in Frameworks */,
				D2513B8A2440BE9700002645 /* InMemorySignatureDatabase.framework in Frameworks */,
			);
			runOnlyForDeploymentPostprocessing = 0;
		};
/* End PBXFrameworksBuildPhase section */

/* Begin PBXGroup section */
		D2513B802440BE7100002645 /* Products */ = {
			isa = PBXGroup;
			children = (
				D2513B842440BE7200002645 /* InMemorySignatureDatabase.framework */,
			);
			name = Products;
			sourceTree = "<group>";
		};
		D2513BB12440D6E300002645 /* Products */ = {
			isa = PBXGroup;
			children = (
				D2513BB52440D6E400002645 /* SyncServerDecisionManager.framework */,
			);
			name = Products;
			sourceTree = "<group>";
		};
		D2578407243F602E0020BC32 = {
			isa = PBXGroup;
			children = (
				D2578451243F62880020BC32 /* services */,
				D2578426243F60460020BC32 /* components */,
				D2578412243F602F0020BC32 /* Sinter */,
				D2578411243F602F0020BC32 /* Products */,
				D257846D243F63080020BC32 /* Frameworks */,
			);
			sourceTree = "<group>";
		};
		D2578411243F602F0020BC32 /* Products */ = {
			isa = PBXGroup;
			children = (
				D2578410243F602F0020BC32 /* Sinter.app */,
			);
			name = Products;
			sourceTree = "<group>";
		};
		D2578412243F602F0020BC32 /* Sinter */ = {
			isa = PBXGroup;
			children = (
				D2578413243F602F0020BC32 /* AppDelegate.swift */,
				D2578415243F602F0020BC32 /* ContentView.swift */,
				D2578417243F60350020BC32 /* Assets.xcassets */,
				D257841C243F60350020BC32 /* Main.storyboard */,
				D257841F243F60350020BC32 /* Info.plist */,
				D2578420243F60350020BC32 /* Sinter.entitlements */,
				D2578419243F60350020BC32 /* Preview Content */,
			);
			path = Sinter;
			sourceTree = "<group>";
		};
		D2578419243F60350020BC32 /* Preview Content */ = {
			isa = PBXGroup;
			children = (
				D257841A243F60350020BC32 /* Preview Assets.xcassets */,
			);
			path = "Preview Content";
			sourceTree = "<group>";
		};
		D2578426243F60460020BC32 /* components */ = {
			isa = PBXGroup;
			children = (
				D2BDB3D9244102070027C57F /* LocalDecisionManager.xcodeproj */,
				D2513BB02440D6E300002645 /* SyncServerDecisionManager.xcodeproj */,
				D2513B7F2440BE7100002645 /* InMemorySignatureDatabase.xcodeproj */,
				D2578510243F77DC0020BC32 /* EndpointSecurityClient.xcodeproj */,
				D25784E9243F75540020BC32 /* JSONConfiguration.xcodeproj */,
				D25784BB243F6FE60020BC32 /* FilesystemLogger.xcodeproj */,
				D2578486243F63520020BC32 /* LibSinter.xcodeproj */,
			);
			path = components;
			sourceTree = "<group>";
		};
		D2578451243F62880020BC32 /* services */ = {
			isa = PBXGroup;
			children = (
				D2578465243F62C10020BC32 /* SinterD.xcodeproj */,
			);
			path = services;
			sourceTree = "<group>";
		};
		D2578466243F62C10020BC32 /* Products */ = {
			isa = PBXGroup;
			children = (
				D257846A243F62C20020BC32 /* SinterD */,
			);
			name = Products;
			sourceTree = "<group>";
		};
		D257846D243F63080020BC32 /* Frameworks */ = {
			isa = PBXGroup;
			children = (
				D2513B61244073A300002645 /* libbsm.tbd */,
				D257851F243F78250020BC32 /* libEndpointSecurity.tbd */,
			);
			name = Frameworks;
			sourceTree = "<group>";
		};
		D2578487243F63520020BC32 /* Products */ = {
			isa = PBXGroup;
			children = (
				D257848B243F63520020BC32 /* LibSinter.framework */,
			);
			name = Products;
			sourceTree = "<group>";
		};
		D25784BC243F6FE60020BC32 /* Products */ = {
			isa = PBXGroup;
			children = (
				D25784C0243F6FE70020BC32 /* FilesystemLogger.framework */,
			);
			name = Products;
			sourceTree = "<group>";
		};
		D25784EA243F75540020BC32 /* Products */ = {
			isa = PBXGroup;
			children = (
				D25784EE243F75550020BC32 /* JSONConfiguration.framework */,
			);
			name = Products;
			sourceTree = "<group>";
		};
		D2578511243F77DC0020BC32 /* Products */ = {
			isa = PBXGroup;
			children = (
				D2578515243F77DC0020BC32 /* EndpointSecurityClient.framework */,
			);
			name = Products;
			sourceTree = "<group>";
		};
		D2BDB3DA244102070027C57F /* Products */ = {
			isa = PBXGroup;
			children = (
				D2BDB3E3244102080027C57F /* LocalDecisionManager.framework */,
			);
			name = Products;
			sourceTree = "<group>";
		};
/* End PBXGroup section */

/* Begin PBXNativeTarget section */
		D257840F243F602E0020BC32 /* Sinter */ = {
			isa = PBXNativeTarget;
			buildConfigurationList = D2578423243F60350020BC32 /* Build configuration list for PBXNativeTarget "Sinter" */;
			buildPhases = (
				D257840C243F602E0020BC32 /* Sources */,
				D257840D243F602E0020BC32 /* Frameworks */,
				D257840E243F602E0020BC32 /* Resources */,
				D257846B243F62DA0020BC32 /* CopyFiles */,
				D2578470243F63080020BC32 /* Embed Frameworks */,
			);
			buildRules = (
			);
			dependencies = (
			);
			name = Sinter;
			productName = Sinter;
			productReference = D2578410243F602F0020BC32 /* Sinter.app */;
			productType = "com.apple.product-type.application";
		};
/* End PBXNativeTarget section */

/* Begin PBXProject section */
		D2578408243F602E0020BC32 /* Project object */ = {
			isa = PBXProject;
			attributes = {
				LastSwiftUpdateCheck = 1140;
				LastUpgradeCheck = 1140;
				ORGANIZATIONNAME = "Trail of Bits";
				TargetAttributes = {
					D257840F243F602E0020BC32 = {
						CreatedOnToolsVersion = 11.4;
					};
				};
			};
			buildConfigurationList = D257840B243F602E0020BC32 /* Build configuration list for PBXProject "Sinter" */;
			compatibilityVersion = "Xcode 9.3";
			developmentRegion = en;
			hasScannedForEncodings = 0;
			knownRegions = (
				en,
				Base,
			);
			mainGroup = D2578407243F602E0020BC32;
			productRefGroup = D2578411243F602F0020BC32 /* Products */;
			projectDirPath = "";
			projectReferences = (
				{
					ProductGroup = D2578511243F77DC0020BC32 /* Products */;
					ProjectRef = D2578510243F77DC0020BC32 /* EndpointSecurityClient.xcodeproj */;
				},
				{
					ProductGroup = D25784BC243F6FE60020BC32 /* Products */;
					ProjectRef = D25784BB243F6FE60020BC32 /* FilesystemLogger.xcodeproj */;
				},
				{
					ProductGroup = D2513B802440BE7100002645 /* Products */;
					ProjectRef = D2513B7F2440BE7100002645 /* InMemorySignatureDatabase.xcodeproj */;
				},
				{
					ProductGroup = D25784EA243F75540020BC32 /* Products */;
					ProjectRef = D25784E9243F75540020BC32 /* JSONConfiguration.xcodeproj */;
				},
				{
					ProductGroup = D2578487243F63520020BC32 /* Products */;
					ProjectRef = D2578486243F63520020BC32 /* LibSinter.xcodeproj */;
				},
				{
					ProductGroup = D2BDB3DA244102070027C57F /* Products */;
					ProjectRef = D2BDB3D9244102070027C57F /* LocalDecisionManager.xcodeproj */;
				},
				{
					ProductGroup = D2578466243F62C10020BC32 /* Products */;
					ProjectRef = D2578465243F62C10020BC32 /* SinterD.xcodeproj */;
				},
				{
					ProductGroup = D2513BB12440D6E300002645 /* Products */;
					ProjectRef = D2513BB02440D6E300002645 /* SyncServerDecisionManager.xcodeproj */;
				},
			);
			projectRoot = "";
			targets = (
				D257840F243F602E0020BC32 /* Sinter */,
			);
		};
/* End PBXProject section */

/* Begin PBXReferenceProxy section */
		D2513B842440BE7200002645 /* InMemorySignatureDatabase.framework */ = {
			isa = PBXReferenceProxy;
			fileType = wrapper.framework;
			path = InMemorySignatureDatabase.framework;
			remoteRef = D2513B832440BE7200002645 /* PBXContainerItemProxy */;
			sourceTree = BUILT_PRODUCTS_DIR;
		};
		D2513BB52440D6E400002645 /* SyncServerDecisionManager.framework */ = {
			isa = PBXReferenceProxy;
			fileType = wrapper.framework;
			path = SyncServerDecisionManager.framework;
			remoteRef = D2513BB42440D6E400002645 /* PBXContainerItemProxy */;
			sourceTree = BUILT_PRODUCTS_DIR;
		};
		D257846A243F62C20020BC32 /* SinterD */ = {
			isa = PBXReferenceProxy;
			fileType = "compiled.mach-o.executable";
			path = SinterD;
			remoteRef = D2578469243F62C20020BC32 /* PBXContainerItemProxy */;
			sourceTree = BUILT_PRODUCTS_DIR;
		};
		D257848B243F63520020BC32 /* LibSinter.framework */ = {
			isa = PBXReferenceProxy;
			fileType = wrapper.framework;
			path = LibSinter.framework;
			remoteRef = D257848A243F63520020BC32 /* PBXContainerItemProxy */;
			sourceTree = BUILT_PRODUCTS_DIR;
		};
		D25784C0243F6FE70020BC32 /* FilesystemLogger.framework */ = {
			isa = PBXReferenceProxy;
			fileType = wrapper.framework;
			path = FilesystemLogger.framework;
			remoteRef = D25784BF243F6FE70020BC32 /* PBXContainerItemProxy */;
			sourceTree = BUILT_PRODUCTS_DIR;
		};
		D25784EE243F75550020BC32 /* JSONConfiguration.framework */ = {
			isa = PBXReferenceProxy;
			fileType = wrapper.framework;
			path = JSONConfiguration.framework;
			remoteRef = D25784ED243F75550020BC32 /* PBXContainerItemProxy */;
			sourceTree = BUILT_PRODUCTS_DIR;
		};
		D2578515243F77DC0020BC32 /* EndpointSecurityClient.framework */ = {
			isa = PBXReferenceProxy;
			fileType = wrapper.framework;
			path = EndpointSecurityClient.framework;
			remoteRef = D2578514243F77DC0020BC32 /* PBXContainerItemProxy */;
			sourceTree = BUILT_PRODUCTS_DIR;
		};
		D2BDB3E3244102080027C57F /* LocalDecisionManager.framework */ = {
			isa = PBXReferenceProxy;
			fileType = wrapper.framework;
			path = LocalDecisionManager.framework;
			remoteRef = D2BDB3E2244102080027C57F /* PBXContainerItemProxy */;
			sourceTree = BUILT_PRODUCTS_DIR;
		};
/* End PBXReferenceProxy section */

/* Begin PBXResourcesBuildPhase section */
		D257840E243F602E0020BC32 /* Resources */ = {
			isa = PBXResourcesBuildPhase;
			buildActionMask = 2147483647;
			files = (
				D257841E243F60350020BC32 /* Main.storyboard in Resources */,
				D257841B243F60350020BC32 /* Preview Assets.xcassets in Resources */,
				D2578418243F60350020BC32 /* Assets.xcassets in Resources */,
			);
			runOnlyForDeploymentPostprocessing = 0;
		};
/* End PBXResourcesBuildPhase section */

/* Begin PBXSourcesBuildPhase section */
		D257840C243F602E0020BC32 /* Sources */ = {
			isa = PBXSourcesBuildPhase;
			buildActionMask = 2147483647;
			files = (
				D2578416243F602F0020BC32 /* ContentView.swift in Sources */,
				D2578414243F602F0020BC32 /* AppDelegate.swift in Sources */,
			);
			runOnlyForDeploymentPostprocessing = 0;
		};
/* End PBXSourcesBuildPhase section */

/* Begin PBXVariantGroup section */
		D257841C243F60350020BC32 /* Main.storyboard */ = {
			isa = PBXVariantGroup;
			children = (
				D257841D243F60350020BC32 /* Base */,
			);
			name = Main.storyboard;
			sourceTree = "<group>";
		};
/* End PBXVariantGroup section */

/* Begin XCBuildConfiguration section */
		D2578421243F60350020BC32 /* Debug */ = {
			isa = XCBuildConfiguration;
			buildSettings = {
				ALWAYS_SEARCH_USER_PATHS = NO;
				CLANG_ANALYZER_NONNULL = YES;
				CLANG_ANALYZER_NUMBER_OBJECT_CONVERSION = YES_AGGRESSIVE;
				CLANG_CXX_LANGUAGE_STANDARD = "gnu++14";
				CLANG_CXX_LIBRARY = "libc++";
				CLANG_ENABLE_MODULES = YES;
				CLANG_ENABLE_OBJC_ARC = YES;
				CLANG_ENABLE_OBJC_WEAK = YES;
				CLANG_WARN_BLOCK_CAPTURE_AUTORELEASING = YES;
				CLANG_WARN_BOOL_CONVERSION = YES;
				CLANG_WARN_COMMA = YES;
				CLANG_WARN_CONSTANT_CONVERSION = YES;
				CLANG_WARN_DEPRECATED_OBJC_IMPLEMENTATIONS = YES;
				CLANG_WARN_DIRECT_OBJC_ISA_USAGE = YES_ERROR;
				CLANG_WARN_DOCUMENTATION_COMMENTS = YES;
				CLANG_WARN_EMPTY_BODY = YES;
				CLANG_WARN_ENUM_CONVERSION = YES;
				CLANG_WARN_INFINITE_RECURSION = YES;
				CLANG_WARN_INT_CONVERSION = YES;
				CLANG_WARN_NON_LITERAL_NULL_CONVERSION = YES;
				CLANG_WARN_OBJC_IMPLICIT_RETAIN_SELF = YES;
				CLANG_WARN_OBJC_LITERAL_CONVERSION = YES;
				CLANG_WARN_OBJC_ROOT_CLASS = YES_ERROR;
				CLANG_WARN_RANGE_LOOP_ANALYSIS = YES;
				CLANG_WARN_STRICT_PROTOTYPES = YES;
				CLANG_WARN_SUSPICIOUS_MOVE = YES;
				CLANG_WARN_UNGUARDED_AVAILABILITY = YES_AGGRESSIVE;
				CLANG_WARN_UNREACHABLE_CODE = YES;
				CLANG_WARN__DUPLICATE_METHOD_MATCH = YES;
				COPY_PHASE_STRIP = NO;
				DEBUG_INFORMATION_FORMAT = dwarf;
				ENABLE_STRICT_OBJC_MSGSEND = YES;
				ENABLE_TESTABILITY = YES;
				GCC_C_LANGUAGE_STANDARD = gnu11;
				GCC_DYNAMIC_NO_PIC = NO;
				GCC_NO_COMMON_BLOCKS = YES;
				GCC_OPTIMIZATION_LEVEL = 0;
				GCC_PREPROCESSOR_DEFINITIONS = (
					"DEBUG=1",
					"$(inherited)",
				);
				GCC_WARN_64_TO_32_BIT_CONVERSION = YES;
				GCC_WARN_ABOUT_RETURN_TYPE = YES_ERROR;
				GCC_WARN_UNDECLARED_SELECTOR = YES;
				GCC_WARN_UNINITIALIZED_AUTOS = YES_AGGRESSIVE;
				GCC_WARN_UNUSED_FUNCTION = YES;
				GCC_WARN_UNUSED_VARIABLE = YES;
				MACOSX_DEPLOYMENT_TARGET = 10.15;
				MTL_ENABLE_DEBUG_INFO = INCLUDE_SOURCE;
				MTL_FAST_MATH = YES;
				ONLY_ACTIVE_ARCH = YES;
				SDKROOT = macosx;
				SWIFT_ACTIVE_COMPILATION_CONDITIONS = DEBUG;
				SWIFT_OPTIMIZATION_LEVEL = "-Onone";
			};
			name = Debug;
		};
		D2578422243F60350020BC32 /* Release */ = {
			isa = XCBuildConfiguration;
			buildSettings = {
				ALWAYS_SEARCH_USER_PATHS = NO;
				CLANG_ANALYZER_NONNULL = YES;
				CLANG_ANALYZER_NUMBER_OBJECT_CONVERSION = YES_AGGRESSIVE;
				CLANG_CXX_LANGUAGE_STANDARD = "gnu++14";
				CLANG_CXX_LIBRARY = "libc++";
				CLANG_ENABLE_MODULES = YES;
				CLANG_ENABLE_OBJC_ARC = YES;
				CLANG_ENABLE_OBJC_WEAK = YES;
				CLANG_WARN_BLOCK_CAPTURE_AUTORELEASING = YES;
				CLANG_WARN_BOOL_CONVERSION = YES;
				CLANG_WARN_COMMA = YES;
				CLANG_WARN_CONSTANT_CONVERSION = YES;
				CLANG_WARN_DEPRECATED_OBJC_IMPLEMENTATIONS = YES;
				CLANG_WARN_DIRECT_OBJC_ISA_USAGE = YES_ERROR;
				CLANG_WARN_DOCUMENTATION_COMMENTS = YES;
				CLANG_WARN_EMPTY_BODY = YES;
				CLANG_WARN_ENUM_CONVERSION = YES;
				CLANG_WARN_INFINITE_RECURSION = YES;
				CLANG_WARN_INT_CONVERSION = YES;
				CLANG_WARN_NON_LITERAL_NULL_CONVERSION = YES;
				CLANG_WARN_OBJC_IMPLICIT_RETAIN_SELF = YES;
				CLANG_WARN_OBJC_LITERAL_CONVERSION = YES;
				CLANG_WARN_OBJC_ROOT_CLASS = YES_ERROR;
				CLANG_WARN_RANGE_LOOP_ANALYSIS = YES;
				CLANG_WARN_STRICT_PROTOTYPES = YES;
				CLANG_WARN_SUSPICIOUS_MOVE = YES;
				CLANG_WARN_UNGUARDED_AVAILABILITY = YES_AGGRESSIVE;
				CLANG_WARN_UNREACHABLE_CODE = YES;
				CLANG_WARN__DUPLICATE_METHOD_MATCH = YES;
				COPY_PHASE_STRIP = NO;
				DEBUG_INFORMATION_FORMAT = "dwarf-with-dsym";
				ENABLE_NS_ASSERTIONS = NO;
				ENABLE_STRICT_OBJC_MSGSEND = YES;
				GCC_C_LANGUAGE_STANDARD = gnu11;
				GCC_NO_COMMON_BLOCKS = YES;
				GCC_WARN_64_TO_32_BIT_CONVERSION = YES;
				GCC_WARN_ABOUT_RETURN_TYPE = YES_ERROR;
				GCC_WARN_UNDECLARED_SELECTOR = YES;
				GCC_WARN_UNINITIALIZED_AUTOS = YES_AGGRESSIVE;
				GCC_WARN_UNUSED_FUNCTION = YES;
				GCC_WARN_UNUSED_VARIABLE = YES;
				MACOSX_DEPLOYMENT_TARGET = 10.15;
				MTL_ENABLE_DEBUG_INFO = NO;
				MTL_FAST_MATH = YES;
				SDKROOT = macosx;
				SWIFT_COMPILATION_MODE = wholemodule;
				SWIFT_OPTIMIZATION_LEVEL = "-O";
			};
			name = Release;
		};
		D2578424243F60350020BC32 /* Debug */ = {
			isa = XCBuildConfiguration;
			buildSettings = {
				ASSETCATALOG_COMPILER_APPICON_NAME = AppIcon;
				CODE_SIGN_ENTITLEMENTS = Sinter/Sinter.entitlements;
				CODE_SIGN_STYLE = Automatic;
				COMBINE_HIDPI_IMAGES = YES;
				DEVELOPMENT_ASSET_PATHS = "\"Sinter/Preview Content\"";
				ENABLE_PREVIEWS = YES;
				INFOPLIST_FILE = Sinter/Info.plist;
				LD_RUNPATH_SEARCH_PATHS = (
					"$(inherited)",
					"@executable_path/../Frameworks",
				);
				MACOSX_DEPLOYMENT_TARGET = 10.15;
				PRODUCT_BUNDLE_IDENTIFIER = com.trailofbits.Sinter;
				PRODUCT_NAME = "$(TARGET_NAME)";
				SWIFT_VERSION = 5.0;
			};
			name = Debug;
		};
		D2578425243F60350020BC32 /* Release */ = {
			isa = XCBuildConfiguration;
			buildSettings = {
				ASSETCATALOG_COMPILER_APPICON_NAME = AppIcon;
				CODE_SIGN_ENTITLEMENTS = Sinter/Sinter.entitlements;
				CODE_SIGN_STYLE = Automatic;
				COMBINE_HIDPI_IMAGES = YES;
				DEVELOPMENT_ASSET_PATHS = "\"Sinter/Preview Content\"";
				ENABLE_PREVIEWS = YES;
				INFOPLIST_FILE = Sinter/Info.plist;
				LD_RUNPATH_SEARCH_PATHS = (
					"$(inherited)",
					"@executable_path/../Frameworks",
				);
				MACOSX_DEPLOYMENT_TARGET = 10.15;
				PRODUCT_BUNDLE_IDENTIFIER = com.trailofbits.Sinter;
				PRODUCT_NAME = "$(TARGET_NAME)";
				SWIFT_VERSION = 5.0;
			};
			name = Release;
		};
/* End XCBuildConfiguration section */

/* Begin XCConfigurationList section */
		D257840B243F602E0020BC32 /* Build configuration list for PBXProject "Sinter" */ = {
			isa = XCConfigurationList;
			buildConfigurations = (
				D2578421243F60350020BC32 /* Debug */,
				D2578422243F60350020BC32 /* Release */,
			);
			defaultConfigurationIsVisible = 0;
			defaultConfigurationName = Release;
		};
		D2578423243F60350020BC32 /* Build configuration list for PBXNativeTarget "Sinter" */ = {
			isa = XCConfigurationList;
			buildConfigurations = (
				D2578424243F60350020BC32 /* Debug */,
				D2578425243F60350020BC32 /* Release */,
			);
			defaultConfigurationIsVisible = 0;
			defaultConfigurationName = Release;
		};
/* End XCConfigurationList section */
	};
	rootObject = D2578408243F602E0020BC32 /* Project object */;
}
