// !$*UTF8*$!
{
	archiveVersion = 1;
	classes = {
	};
	objectVersion = 50;
	objects = {

/* Begin PBXBuildFile section */
		D20F58622450DA800070C21C /* main.swift in Sources */ = {isa = PBXBuildFile; fileRef = D20F58612450DA800070C21C /* main.swift */; };
		D20F58642450DA8E0070C21C /* NotificationCenter.swift in Sources */ = {isa = PBXBuildFile; fileRef = D20F58632450DA8E0070C21C /* NotificationCenter.swift */; };
		D20F58652450DB110070C21C /* notification-server.app in CopyFiles */ = {isa = PBXBuildFile; fileRef = D20F58412450DA370070C21C /* notification-server.app */; settings = {ATTRIBUTES = (RemoveHeadersOnCopy, ); }; };
		D20F58702450DC090070C21C /* main.swift in Sources */ = {isa = PBXBuildFile; fileRef = D20F586F2450DC090070C21C /* main.swift */; };
		D20F58872450DDBF0070C21C /* com.trailofbits.sinter.daemon.systemextension in CopyFiles */ = {isa = PBXBuildFile; fileRef = D20F586D2450DC090070C21C /* com.trailofbits.sinter.daemon.systemextension */; settings = {ATTRIBUTES = (CodeSignOnCopy, ); }; };
		D21D6D082480121E00247227 /* AuthorizationManager.framework in Frameworks */ = {isa = PBXBuildFile; fileRef = D2A3A6A824534A0000CF24FB /* AuthorizationManager.framework */; };
		D21D6D092480121E00247227 /* AuthorizationManager.framework in Embed Frameworks */ = {isa = PBXBuildFile; fileRef = D2A3A6A824534A0000CF24FB /* AuthorizationManager.framework */; settings = {ATTRIBUTES = (CodeSignOnCopy, RemoveHeadersOnCopy, ); }; };
		D21D6D14248012DF00247227 /* NotificationService.framework in Frameworks */ = {isa = PBXBuildFile; fileRef = D24B4A3F2448A73200958F82 /* NotificationService.framework */; };
		D21D6D15248012DF00247227 /* NotificationService.framework in Embed Frameworks */ = {isa = PBXBuildFile; fileRef = D24B4A3F2448A73200958F82 /* NotificationService.framework */; settings = {ATTRIBUTES = (CodeSignOnCopy, RemoveHeadersOnCopy, ); }; };
		D22AA64D2483EA0D00C40455 /* DaemonInstaller.swift in Sources */ = {isa = PBXBuildFile; fileRef = D22AA64C2483EA0D00C40455 /* DaemonInstaller.swift */; };
		D22AA64E2483EA4700C40455 /* Configuration.framework in Frameworks */ = {isa = PBXBuildFile; fileRef = D248E47B247D4203002B9FBE /* Configuration.framework */; };
		D22AA64F2483EA4700C40455 /* Configuration.framework in Embed Frameworks */ = {isa = PBXBuildFile; fileRef = D248E47B247D4203002B9FBE /* Configuration.framework */; settings = {ATTRIBUTES = (CodeSignOnCopy, RemoveHeadersOnCopy, ); }; };
		D295C01D2480113F00CBE00A /* Configuration.framework in Frameworks */ = {isa = PBXBuildFile; fileRef = D248E47B247D4203002B9FBE /* Configuration.framework */; };
		D295C01E2480113F00CBE00A /* Configuration.framework in Embed Frameworks */ = {isa = PBXBuildFile; fileRef = D248E47B247D4203002B9FBE /* Configuration.framework */; settings = {ATTRIBUTES = (CodeSignOnCopy, RemoveHeadersOnCopy, ); }; };
		D295C01F2480113F00CBE00A /* DecisionManager.framework in Frameworks */ = {isa = PBXBuildFile; fileRef = D248E4B8247D4C27002B9FBE /* DecisionManager.framework */; };
		D295C0202480113F00CBE00A /* DecisionManager.framework in Embed Frameworks */ = {isa = PBXBuildFile; fileRef = D248E4B8247D4C27002B9FBE /* DecisionManager.framework */; settings = {ATTRIBUTES = (CodeSignOnCopy, RemoveHeadersOnCopy, ); }; };
		D295C0212480113F00CBE00A /* EndpointSecurityClient.framework in Frameworks */ = {isa = PBXBuildFile; fileRef = D2578515243F77DC0020BC32 /* EndpointSecurityClient.framework */; };
		D295C0222480113F00CBE00A /* EndpointSecurityClient.framework in Embed Frameworks */ = {isa = PBXBuildFile; fileRef = D2578515243F77DC0020BC32 /* EndpointSecurityClient.framework */; settings = {ATTRIBUTES = (CodeSignOnCopy, RemoveHeadersOnCopy, ); }; };
		D295C0232480113F00CBE00A /* Logger.framework in Frameworks */ = {isa = PBXBuildFile; fileRef = D248E484247D420E002B9FBE /* Logger.framework */; };
		D295C0242480113F00CBE00A /* Logger.framework in Embed Frameworks */ = {isa = PBXBuildFile; fileRef = D248E484247D420E002B9FBE /* Logger.framework */; settings = {ATTRIBUTES = (CodeSignOnCopy, RemoveHeadersOnCopy, ); }; };
		D295C0262480115000CBE00A /* NotificationService.framework in Frameworks */ = {isa = PBXBuildFile; fileRef = D24B4A3F2448A73200958F82 /* NotificationService.framework */; };
		D295C0272480115000CBE00A /* NotificationService.framework in Embed Frameworks */ = {isa = PBXBuildFile; fileRef = D24B4A3F2448A73200958F82 /* NotificationService.framework */; settings = {ATTRIBUTES = (CodeSignOnCopy, RemoveHeadersOnCopy, ); }; };
		D2D943952447235E00626B17 /* main.swift in Sources */ = {isa = PBXBuildFile; fileRef = D2D943942447235E00626B17 /* main.swift */; };
		D2D9439B24474AC100626B17 /* NotificationServerInstaller.swift in Sources */ = {isa = PBXBuildFile; fileRef = D2D9439A24474AC100626B17 /* NotificationServerInstaller.swift */; };
/* End PBXBuildFile section */

/* Begin PBXContainerItemProxy section */
		D248E47A247D4203002B9FBE /* PBXContainerItemProxy */ = {
			isa = PBXContainerItemProxy;
			containerPortal = D248E475247D4203002B9FBE /* Configuration.xcodeproj */;
			proxyType = 2;
			remoteGlobalIDString = D248E3F8247D2221002B9FBE;
			remoteInfo = Configuration;
		};
		D248E47C247D4203002B9FBE /* PBXContainerItemProxy */ = {
			isa = PBXContainerItemProxy;
			containerPortal = D248E475247D4203002B9FBE /* Configuration.xcodeproj */;
			proxyType = 2;
			remoteGlobalIDString = D248E401247D2221002B9FBE;
			remoteInfo = ConfigurationTests;
		};
		D248E483247D420E002B9FBE /* PBXContainerItemProxy */ = {
			isa = PBXContainerItemProxy;
			containerPortal = D248E47E247D420E002B9FBE /* Logger.xcodeproj */;
			proxyType = 2;
			remoteGlobalIDString = D248E43D247D2ACF002B9FBE;
			remoteInfo = Logger;
		};
		D248E485247D420E002B9FBE /* PBXContainerItemProxy */ = {
			isa = PBXContainerItemProxy;
			containerPortal = D248E47E247D420E002B9FBE /* Logger.xcodeproj */;
			proxyType = 2;
			remoteGlobalIDString = D248E446247D2ACF002B9FBE;
			remoteInfo = LoggerTests;
		};
		D248E4B7247D4C27002B9FBE /* PBXContainerItemProxy */ = {
			isa = PBXContainerItemProxy;
			containerPortal = D248E4B2247D4C26002B9FBE /* DecisionManager.xcodeproj */;
			proxyType = 2;
			remoteGlobalIDString = D248E498247D4C25002B9FBE;
			remoteInfo = DecisionManager;
		};
		D24B4A3E2448A73200958F82 /* PBXContainerItemProxy */ = {
			isa = PBXContainerItemProxy;
			containerPortal = D24B4A3A2448A73000958F82 /* NotificationService.xcodeproj */;
			proxyType = 2;
			remoteGlobalIDString = D24B4A2F2448A73000958F82;
			remoteInfo = NotificationService;
		};
		D2578514243F77DC0020BC32 /* PBXContainerItemProxy */ = {
			isa = PBXContainerItemProxy;
			containerPortal = D2578510243F77DC0020BC32 /* EndpointSecurityClient.xcodeproj */;
			proxyType = 2;
			remoteGlobalIDString = D2578505243F77DC0020BC32;
			remoteInfo = EndpointSecurityClient;
		};
		D295BFFF248001A700CBE00A /* PBXContainerItemProxy */ = {
			isa = PBXContainerItemProxy;
			containerPortal = D2578510243F77DC0020BC32 /* EndpointSecurityClient.xcodeproj */;
			proxyType = 2;
			remoteGlobalIDString = D2C58E52247F37130029E06C;
			remoteInfo = EndpointSecurityClientTests;
		};
		D295C01824800E5100CBE00A /* PBXContainerItemProxy */ = {
			isa = PBXContainerItemProxy;
			containerPortal = D2A3A6A324534A0000CF24FB /* AuthorizationManager.xcodeproj */;
			proxyType = 2;
			remoteGlobalIDString = D295C00924800BC200CBE00A;
			remoteInfo = AuthorizationManagerTests;
		};
		D2A3A6A724534A0000CF24FB /* PBXContainerItemProxy */ = {
			isa = PBXContainerItemProxy;
			containerPortal = D2A3A6A324534A0000CF24FB /* AuthorizationManager.xcodeproj */;
			proxyType = 2;
			remoteGlobalIDString = D20F58AD2450E1E40070C21C;
			remoteInfo = AuthorizationManager;
		};
		D2B1F50B247DB87000EB7DB3 /* PBXContainerItemProxy */ = {
			isa = PBXContainerItemProxy;
			containerPortal = D248E4B2247D4C26002B9FBE /* DecisionManager.xcodeproj */;
			proxyType = 2;
			remoteGlobalIDString = D21FDCD4247DAF8900309B61;
			remoteInfo = JSONRuleDatabaseParserTests;
		};
		D2B1F50D247DB87000EB7DB3 /* PBXContainerItemProxy */ = {
			isa = PBXContainerItemProxy;
			containerPortal = D248E4B2247D4C26002B9FBE /* DecisionManager.xcodeproj */;
			proxyType = 2;
			remoteGlobalIDString = D21FDCEA247DB06800309B61;
			remoteInfo = BaseDecisionManagerTests;
		};
		D2BED8C22481BED900A44C62 /* PBXContainerItemProxy */ = {
			isa = PBXContainerItemProxy;
			containerPortal = D2578408243F602E0020BC32 /* Project object */;
			proxyType = 1;
			remoteGlobalIDString = D20F58402450DA370070C21C;
			remoteInfo = "notification-server";
		};
		D2BED8C42481BED900A44C62 /* PBXContainerItemProxy */ = {
			isa = PBXContainerItemProxy;
			containerPortal = D2578408243F602E0020BC32 /* Project object */;
			proxyType = 1;
			remoteGlobalIDString = D20F586C2450DC090070C21C;
			remoteInfo = "system-extension";
		};
		D2BED8D22481BEE700A44C62 /* PBXContainerItemProxy */ = {
			isa = PBXContainerItemProxy;
			containerPortal = D24B4A3A2448A73000958F82 /* NotificationService.xcodeproj */;
			proxyType = 1;
			remoteGlobalIDString = D24B4A2E2448A73000958F82;
			remoteInfo = NotificationService;
		};
		D2BED8D42481BEF800A44C62 /* PBXContainerItemProxy */ = {
			isa = PBXContainerItemProxy;
			containerPortal = D248E475247D4203002B9FBE /* Configuration.xcodeproj */;
			proxyType = 1;
			remoteGlobalIDString = D248E3F7247D2221002B9FBE;
			remoteInfo = Configuration;
		};
		D2BED8D62481BEF800A44C62 /* PBXContainerItemProxy */ = {
			isa = PBXContainerItemProxy;
			containerPortal = D248E47E247D420E002B9FBE /* Logger.xcodeproj */;
			proxyType = 1;
			remoteGlobalIDString = D248E43C247D2ACF002B9FBE;
			remoteInfo = Logger;
		};
		D2BED8D82481BEF800A44C62 /* PBXContainerItemProxy */ = {
			isa = PBXContainerItemProxy;
			containerPortal = D248E4B2247D4C26002B9FBE /* DecisionManager.xcodeproj */;
			proxyType = 1;
			remoteGlobalIDString = D248E497247D4C25002B9FBE;
			remoteInfo = DecisionManager;
		};
		D2BED8DA2481BEF800A44C62 /* PBXContainerItemProxy */ = {
			isa = PBXContainerItemProxy;
			containerPortal = D2A3A6A324534A0000CF24FB /* AuthorizationManager.xcodeproj */;
			proxyType = 1;
			remoteGlobalIDString = D20F58AC2450E1E40070C21C;
			remoteInfo = AuthorizationManager;
		};
		D2BED8DC2481BF1700A44C62 /* PBXContainerItemProxy */ = {
			isa = PBXContainerItemProxy;
			containerPortal = D2578510243F77DC0020BC32 /* EndpointSecurityClient.xcodeproj */;
			proxyType = 1;
			remoteGlobalIDString = D2578504243F77DC0020BC32;
			remoteInfo = EndpointSecurityClient;
		};
		D2BED8DE2481BF2200A44C62 /* PBXContainerItemProxy */ = {
			isa = PBXContainerItemProxy;
			containerPortal = D24B4A3A2448A73000958F82 /* NotificationService.xcodeproj */;
			proxyType = 1;
			remoteGlobalIDString = D24B4A2E2448A73000958F82;
			remoteInfo = NotificationService;
		};
/* End PBXContainerItemProxy section */

/* Begin PBXCopyFilesBuildPhase section */
		D20F586B2450DC090070C21C /* CopyFiles */ = {
			isa = PBXCopyFilesBuildPhase;
			buildActionMask = 2147483647;
			dstPath = /usr/share/man/man1/;
			dstSubfolderSpec = 0;
			files = (
			);
			runOnlyForDeploymentPostprocessing = 1;
		};
		D22AA6502483EA4800C40455 /* Embed Frameworks */ = {
			isa = PBXCopyFilesBuildPhase;
			buildActionMask = 2147483647;
			dstPath = "";
			dstSubfolderSpec = 10;
			files = (
				D22AA64F2483EA4700C40455 /* Configuration.framework in Embed Frameworks */,
			);
			name = "Embed Frameworks";
			runOnlyForDeploymentPostprocessing = 0;
		};
		D257846B243F62DA0020BC32 /* CopyFiles */ = {
			isa = PBXCopyFilesBuildPhase;
			buildActionMask = 2147483647;
			dstPath = "$(SYSTEM_EXTENSIONS_FOLDER_PATH)";
			dstSubfolderSpec = 16;
			files = (
				D20F58872450DDBF0070C21C /* com.trailofbits.sinter.daemon.systemextension in CopyFiles */,
			);
			runOnlyForDeploymentPostprocessing = 0;
		};
		D295C0252480113F00CBE00A /* Embed Frameworks */ = {
			isa = PBXCopyFilesBuildPhase;
			buildActionMask = 2147483647;
			dstPath = "";
			dstSubfolderSpec = 10;
			files = (
				D295C0242480113F00CBE00A /* Logger.framework in Embed Frameworks */,
				D295C0202480113F00CBE00A /* DecisionManager.framework in Embed Frameworks */,
				D295C01E2480113F00CBE00A /* Configuration.framework in Embed Frameworks */,
				D21D6D15248012DF00247227 /* NotificationService.framework in Embed Frameworks */,
				D21D6D092480121E00247227 /* AuthorizationManager.framework in Embed Frameworks */,
				D295C0222480113F00CBE00A /* EndpointSecurityClient.framework in Embed Frameworks */,
			);
			name = "Embed Frameworks";
			runOnlyForDeploymentPostprocessing = 0;
		};
		D295C0282480115000CBE00A /* Embed Frameworks */ = {
			isa = PBXCopyFilesBuildPhase;
			buildActionMask = 2147483647;
			dstPath = "";
			dstSubfolderSpec = 10;
			files = (
				D295C0272480115000CBE00A /* NotificationService.framework in Embed Frameworks */,
			);
			name = "Embed Frameworks";
			runOnlyForDeploymentPostprocessing = 0;
		};
		D295C2A12447FCF500D39F9F /* CopyFiles */ = {
			isa = PBXCopyFilesBuildPhase;
			buildActionMask = 2147483647;
			dstPath = "$(CONTENTS_FOLDER_PATH)/XPCServices";
			dstSubfolderSpec = 16;
			files = (
				D20F58652450DB110070C21C /* notification-server.app in CopyFiles */,
			);
			runOnlyForDeploymentPostprocessing = 0;
		};
/* End PBXCopyFilesBuildPhase section */

/* Begin PBXFileReference section */
		D20F58412450DA370070C21C /* notification-server.app */ = {isa = PBXFileReference; explicitFileType = wrapper.application; includeInIndex = 0; path = "notification-server.app"; sourceTree = BUILT_PRODUCTS_DIR; };
		D20F584F2450DA380070C21C /* Info.plist */ = {isa = PBXFileReference; lastKnownFileType = text.plist.xml; path = Info.plist; sourceTree = "<group>"; };
		D20F58502450DA380070C21C /* entitlements.plist */ = {isa = PBXFileReference; lastKnownFileType = text.plist.xml; path = entitlements.plist; sourceTree = "<group>"; };
		D20F58612450DA800070C21C /* main.swift */ = {isa = PBXFileReference; lastKnownFileType = sourcecode.swift; path = main.swift; sourceTree = "<group>"; };
		D20F58632450DA8E0070C21C /* NotificationCenter.swift */ = {isa = PBXFileReference; lastKnownFileType = sourcecode.swift; path = NotificationCenter.swift; sourceTree = "<group>"; };
		D20F586D2450DC090070C21C /* com.trailofbits.sinter.daemon.systemextension */ = {isa = PBXFileReference; explicitFileType = "wrapper.system-extension"; includeInIndex = 0; path = com.trailofbits.sinter.daemon.systemextension; sourceTree = BUILT_PRODUCTS_DIR; };
		D20F586F2450DC090070C21C /* main.swift */ = {isa = PBXFileReference; lastKnownFileType = sourcecode.swift; path = main.swift; sourceTree = "<group>"; };
		D20F58752450DC510070C21C /* Info.plist */ = {isa = PBXFileReference; fileEncoding = 4; lastKnownFileType = text.plist.xml; path = Info.plist; sourceTree = "<group>"; };
		D20F58762450DC510070C21C /* entitlements.plist */ = {isa = PBXFileReference; fileEncoding = 4; lastKnownFileType = text.plist.xml; path = entitlements.plist; sourceTree = "<group>"; };
		D22AA64C2483EA0D00C40455 /* DaemonInstaller.swift */ = {isa = PBXFileReference; fileEncoding = 4; lastKnownFileType = sourcecode.swift; path = DaemonInstaller.swift; sourceTree = "<group>"; };
		D248E475247D4203002B9FBE /* Configuration.xcodeproj */ = {isa = PBXFileReference; lastKnownFileType = "wrapper.pb-project"; name = Configuration.xcodeproj; path = Configuration/Configuration.xcodeproj; sourceTree = "<group>"; };
		D248E47E247D420E002B9FBE /* Logger.xcodeproj */ = {isa = PBXFileReference; lastKnownFileType = "wrapper.pb-project"; name = Logger.xcodeproj; path = Logger/Logger.xcodeproj; sourceTree = "<group>"; };
		D248E4B2247D4C26002B9FBE /* DecisionManager.xcodeproj */ = {isa = PBXFileReference; lastKnownFileType = "wrapper.pb-project"; name = DecisionManager.xcodeproj; path = DecisionManager/DecisionManager.xcodeproj; sourceTree = "<group>"; };
		D24B4A3A2448A73000958F82 /* NotificationService.xcodeproj */ = {isa = PBXFileReference; lastKnownFileType = "wrapper.pb-project"; name = NotificationService.xcodeproj; path = NotificationService/NotificationService.xcodeproj; sourceTree = "<group>"; };
		D2513B61244073A300002645 /* libbsm.tbd */ = {isa = PBXFileReference; lastKnownFileType = "sourcecode.text-based-dylib-definition"; name = libbsm.tbd; path = usr/lib/libbsm.tbd; sourceTree = SDKROOT; };
		D2578410243F602F0020BC32 /* Sinter.app */ = {isa = PBXFileReference; explicitFileType = wrapper.application; includeInIndex = 0; path = Sinter.app; sourceTree = BUILT_PRODUCTS_DIR; };
		D257841F243F60350020BC32 /* Info.plist */ = {isa = PBXFileReference; lastKnownFileType = text.plist.xml; path = Info.plist; sourceTree = "<group>"; };
		D2578420243F60350020BC32 /* entitlements.plist */ = {isa = PBXFileReference; lastKnownFileType = text.plist.xml; path = entitlements.plist; sourceTree = "<group>"; };
		D2578510243F77DC0020BC32 /* EndpointSecurityClient.xcodeproj */ = {isa = PBXFileReference; lastKnownFileType = "wrapper.pb-project"; name = EndpointSecurityClient.xcodeproj; path = EndpointSecurityClient/EndpointSecurityClient.xcodeproj; sourceTree = "<group>"; };
		D257851F243F78250020BC32 /* libEndpointSecurity.tbd */ = {isa = PBXFileReference; lastKnownFileType = "sourcecode.text-based-dylib-definition"; name = libEndpointSecurity.tbd; path = usr/lib/libEndpointSecurity.tbd; sourceTree = SDKROOT; };
		D25CC59024461E94001C686C /* SystemExtensions.framework */ = {isa = PBXFileReference; lastKnownFileType = wrapper.framework; name = SystemExtensions.framework; path = System/Library/Frameworks/SystemExtensions.framework; sourceTree = SDKROOT; };
		D2A3A6A324534A0000CF24FB /* AuthorizationManager.xcodeproj */ = {isa = PBXFileReference; lastKnownFileType = "wrapper.pb-project"; name = AuthorizationManager.xcodeproj; path = AuthorizationManager/AuthorizationManager.xcodeproj; sourceTree = "<group>"; };
		D2D943942447235E00626B17 /* main.swift */ = {isa = PBXFileReference; lastKnownFileType = sourcecode.swift; path = main.swift; sourceTree = "<group>"; };
		D2D94398244726A500626B17 /* UserNotifications.framework */ = {isa = PBXFileReference; lastKnownFileType = wrapper.framework; name = UserNotifications.framework; path = System/Library/Frameworks/UserNotifications.framework; sourceTree = SDKROOT; };
		D2D9439A24474AC100626B17 /* NotificationServerInstaller.swift */ = {isa = PBXFileReference; lastKnownFileType = sourcecode.swift; path = NotificationServerInstaller.swift; sourceTree = "<group>"; };
/* End PBXFileReference section */

/* Begin PBXFrameworksBuildPhase section */
		D20F583E2450DA370070C21C /* Frameworks */ = {
			isa = PBXFrameworksBuildPhase;
			buildActionMask = 2147483647;
			files = (
				D295C0262480115000CBE00A /* NotificationService.framework in Frameworks */,
			);
			runOnlyForDeploymentPostprocessing = 0;
		};
		D20F586A2450DC090070C21C /* Frameworks */ = {
			isa = PBXFrameworksBuildPhase;
			buildActionMask = 2147483647;
			files = (
				D295C0232480113F00CBE00A /* Logger.framework in Frameworks */,
				D295C01F2480113F00CBE00A /* DecisionManager.framework in Frameworks */,
				D295C01D2480113F00CBE00A /* Configuration.framework in Frameworks */,
				D21D6D14248012DF00247227 /* NotificationService.framework in Frameworks */,
				D21D6D082480121E00247227 /* AuthorizationManager.framework in Frameworks */,
				D295C0212480113F00CBE00A /* EndpointSecurityClient.framework in Frameworks */,
			);
			runOnlyForDeploymentPostprocessing = 0;
		};
		D257840D243F602E0020BC32 /* Frameworks */ = {
			isa = PBXFrameworksBuildPhase;
			buildActionMask = 2147483647;
			files = (
				D22AA64E2483EA4700C40455 /* Configuration.framework in Frameworks */,
			);
			runOnlyForDeploymentPostprocessing = 0;
		};
/* End PBXFrameworksBuildPhase section */

/* Begin PBXGroup section */
		D20F58422450DA370070C21C /* notification-server */ = {
			isa = PBXGroup;
			children = (
				D20F584F2450DA380070C21C /* Info.plist */,
				D20F58502450DA380070C21C /* entitlements.plist */,
				D20F58602450DA5C0070C21C /* src */,
			);
			path = "notification-server";
			sourceTree = "<group>";
		};
		D20F585E2450DA3E0070C21C /* src */ = {
			isa = PBXGroup;
			children = (
				D22AA64C2483EA0D00C40455 /* DaemonInstaller.swift */,
				D2D9439A24474AC100626B17 /* NotificationServerInstaller.swift */,
				D2D943942447235E00626B17 /* main.swift */,
			);
			path = src;
			sourceTree = "<group>";
		};
		D20F585F2450DA450070C21C /* application */ = {
			isa = PBXGroup;
			children = (
				D257841F243F60350020BC32 /* Info.plist */,
				D2578420243F60350020BC32 /* entitlements.plist */,
				D20F585E2450DA3E0070C21C /* src */,
			);
			path = application;
			sourceTree = "<group>";
		};
		D20F58602450DA5C0070C21C /* src */ = {
			isa = PBXGroup;
			children = (
				D20F58612450DA800070C21C /* main.swift */,
				D20F58632450DA8E0070C21C /* NotificationCenter.swift */,
			);
			path = src;
			sourceTree = "<group>";
		};
		D20F586E2450DC090070C21C /* system-extension */ = {
			isa = PBXGroup;
			children = (
				D20F58762450DC510070C21C /* entitlements.plist */,
				D20F58752450DC510070C21C /* Info.plist */,
				D20F58742450DC1A0070C21C /* src */,
			);
			path = "system-extension";
			sourceTree = "<group>";
		};
		D20F58742450DC1A0070C21C /* src */ = {
			isa = PBXGroup;
			children = (
				D20F586F2450DC090070C21C /* main.swift */,
			);
			path = src;
			sourceTree = "<group>";
		};
		D248E476247D4203002B9FBE /* Products */ = {
			isa = PBXGroup;
			children = (
				D248E47B247D4203002B9FBE /* Configuration.framework */,
				D248E47D247D4203002B9FBE /* ConfigurationTests.xctest */,
			);
			name = Products;
			sourceTree = "<group>";
		};
		D248E47F247D420E002B9FBE /* Products */ = {
			isa = PBXGroup;
			children = (
				D248E484247D420E002B9FBE /* Logger.framework */,
				D248E486247D420E002B9FBE /* LoggerTests.xctest */,
			);
			name = Products;
			sourceTree = "<group>";
		};
		D248E4B3247D4C26002B9FBE /* Products */ = {
			isa = PBXGroup;
			children = (
				D248E4B8247D4C27002B9FBE /* DecisionManager.framework */,
				D2B1F50C247DB87000EB7DB3 /* JSONRuleDatabaseParserTests.xctest */,
				D2B1F50E247DB87000EB7DB3 /* BaseDecisionManagerTests.xctest */,
			);
			name = Products;
			sourceTree = "<group>";
		};
		D24B4A3B2448A73000958F82 /* Products */ = {
			isa = PBXGroup;
			children = (
				D24B4A3F2448A73200958F82 /* NotificationService.framework */,
			);
			name = Products;
			sourceTree = "<group>";
		};
		D2578407243F602E0020BC32 = {
			isa = PBXGroup;
			children = (
				D2578426243F60460020BC32 /* components */,
				D2578412243F602F0020BC32 /* Sinter */,
				D2578411243F602F0020BC32 /* Products */,
				D257846D243F63080020BC32 /* Frameworks */,
			);
			sourceTree = "<group>";
		};
		D2578411243F602F0020BC32 /* Products */ = {
			isa = PBXGroup;
			children = (
				D2578410243F602F0020BC32 /* Sinter.app */,
				D20F58412450DA370070C21C /* notification-server.app */,
				D20F586D2450DC090070C21C /* com.trailofbits.sinter.daemon.systemextension */,
			);
			name = Products;
			sourceTree = "<group>";
		};
		D2578412243F602F0020BC32 /* Sinter */ = {
			isa = PBXGroup;
			children = (
				D20F585F2450DA450070C21C /* application */,
				D20F586E2450DC090070C21C /* system-extension */,
				D20F58422450DA370070C21C /* notification-server */,
			);
			path = Sinter;
			sourceTree = "<group>";
		};
		D2578426243F60460020BC32 /* components */ = {
			isa = PBXGroup;
			children = (
				D2578510243F77DC0020BC32 /* EndpointSecurityClient.xcodeproj */,
				D24B4A3A2448A73000958F82 /* NotificationService.xcodeproj */,
				D248E475247D4203002B9FBE /* Configuration.xcodeproj */,
				D248E47E247D420E002B9FBE /* Logger.xcodeproj */,
				D248E4B2247D4C26002B9FBE /* DecisionManager.xcodeproj */,
				D2A3A6A324534A0000CF24FB /* AuthorizationManager.xcodeproj */,
			);
			path = components;
			sourceTree = "<group>";
		};
		D257846D243F63080020BC32 /* Frameworks */ = {
			isa = PBXGroup;
			children = (
				D2D94398244726A500626B17 /* UserNotifications.framework */,
				D25CC59024461E94001C686C /* SystemExtensions.framework */,
				D2513B61244073A300002645 /* libbsm.tbd */,
				D257851F243F78250020BC32 /* libEndpointSecurity.tbd */,
			);
			name = Frameworks;
			sourceTree = "<group>";
		};
		D2578511243F77DC0020BC32 /* Products */ = {
			isa = PBXGroup;
			children = (
				D2578515243F77DC0020BC32 /* EndpointSecurityClient.framework */,
				D295C000248001A700CBE00A /* EndpointSecurityClientTests.xctest */,
			);
			name = Products;
			sourceTree = "<group>";
		};
		D2A3A6A424534A0000CF24FB /* Products */ = {
			isa = PBXGroup;
			children = (
				D2A3A6A824534A0000CF24FB /* AuthorizationManager.framework */,
				D295C01924800E5100CBE00A /* AuthorizationManagerTests.xctest */,
			);
			name = Products;
			sourceTree = "<group>";
		};
/* End PBXGroup section */

/* Begin PBXNativeTarget section */
		D20F58402450DA370070C21C /* notification-server */ = {
			isa = PBXNativeTarget;
			buildConfigurationList = D20F585D2450DA380070C21C /* Build configuration list for PBXNativeTarget "notification-server" */;
			buildPhases = (
				D20F583D2450DA370070C21C /* Sources */,
				D20F583E2450DA370070C21C /* Frameworks */,
				D20F583F2450DA370070C21C /* Resources */,
				D295C0282480115000CBE00A /* Embed Frameworks */,
			);
			buildRules = (
			);
			dependencies = (
				D2BED8D32481BEE700A44C62 /* PBXTargetDependency */,
			);
			name = "notification-server";
			productName = "notification-server";
			productReference = D20F58412450DA370070C21C /* notification-server.app */;
			productType = "com.apple.product-type.application";
		};
		D20F586C2450DC090070C21C /* system-extension */ = {
			isa = PBXNativeTarget;
			buildConfigurationList = D20F58712450DC090070C21C /* Build configuration list for PBXNativeTarget "system-extension" */;
			buildPhases = (
				D20F58692450DC090070C21C /* Sources */,
				D20F586A2450DC090070C21C /* Frameworks */,
				D20F586B2450DC090070C21C /* CopyFiles */,
				D295C0252480113F00CBE00A /* Embed Frameworks */,
			);
			buildRules = (
			);
			dependencies = (
				D2BED8DF2481BF2200A44C62 /* PBXTargetDependency */,
				D2BED8DD2481BF1700A44C62 /* PBXTargetDependency */,
				D2BED8D52481BEF800A44C62 /* PBXTargetDependency */,
				D2BED8D72481BEF800A44C62 /* PBXTargetDependency */,
				D2BED8D92481BEF800A44C62 /* PBXTargetDependency */,
				D2BED8DB2481BEF800A44C62 /* PBXTargetDependency */,
			);
			name = "system-extension";
			productName = "system-extension";
			productReference = D20F586D2450DC090070C21C /* com.trailofbits.sinter.daemon.systemextension */;
			productType = "com.apple.product-type.system-extension";
		};
		D257840F243F602E0020BC32 /* Sinter */ = {
			isa = PBXNativeTarget;
			buildConfigurationList = D2578423243F60350020BC32 /* Build configuration list for PBXNativeTarget "Sinter" */;
			buildPhases = (
				D257840C243F602E0020BC32 /* Sources */,
				D257840D243F602E0020BC32 /* Frameworks */,
				D257840E243F602E0020BC32 /* Resources */,
				D257846B243F62DA0020BC32 /* CopyFiles */,
				D295C2A12447FCF500D39F9F /* CopyFiles */,
				D22AA6502483EA4800C40455 /* Embed Frameworks */,
			);
			buildRules = (
			);
			dependencies = (
				D2BED8C32481BED900A44C62 /* PBXTargetDependency */,
				D2BED8C52481BED900A44C62 /* PBXTargetDependency */,
			);
			name = Sinter;
			productName = Sinter;
			productReference = D2578410243F602F0020BC32 /* Sinter.app */;
			productType = "com.apple.product-type.application";
		};
/* End PBXNativeTarget section */

/* Begin PBXProject section */
		D2578408243F602E0020BC32 /* Project object */ = {
			isa = PBXProject;
			attributes = {
				LastSwiftUpdateCheck = 1140;
				LastUpgradeCheck = 1140;
				ORGANIZATIONNAME = "Trail of Bits";
				TargetAttributes = {
					D20F58402450DA370070C21C = {
						CreatedOnToolsVersion = 11.4.1;
					};
					D20F586C2450DC090070C21C = {
						CreatedOnToolsVersion = 11.4.1;
					};
					D257840F243F602E0020BC32 = {
						CreatedOnToolsVersion = 11.4;
					};
				};
			};
			buildConfigurationList = D257840B243F602E0020BC32 /* Build configuration list for PBXProject "Sinter" */;
			compatibilityVersion = "Xcode 9.3";
			developmentRegion = en;
			hasScannedForEncodings = 0;
			knownRegions = (
				en,
				Base,
			);
			mainGroup = D2578407243F602E0020BC32;
			productRefGroup = D2578411243F602F0020BC32 /* Products */;
			projectDirPath = "";
			projectReferences = (
				{
					ProductGroup = D2A3A6A424534A0000CF24FB /* Products */;
					ProjectRef = D2A3A6A324534A0000CF24FB /* AuthorizationManager.xcodeproj */;
				},
				{
					ProductGroup = D248E476247D4203002B9FBE /* Products */;
					ProjectRef = D248E475247D4203002B9FBE /* Configuration.xcodeproj */;
				},
				{
					ProductGroup = D248E4B3247D4C26002B9FBE /* Products */;
					ProjectRef = D248E4B2247D4C26002B9FBE /* DecisionManager.xcodeproj */;
				},
				{
					ProductGroup = D2578511243F77DC0020BC32 /* Products */;
					ProjectRef = D2578510243F77DC0020BC32 /* EndpointSecurityClient.xcodeproj */;
				},
				{
					ProductGroup = D248E47F247D420E002B9FBE /* Products */;
					ProjectRef = D248E47E247D420E002B9FBE /* Logger.xcodeproj */;
				},
				{
					ProductGroup = D24B4A3B2448A73000958F82 /* Products */;
					ProjectRef = D24B4A3A2448A73000958F82 /* NotificationService.xcodeproj */;
				},
			);
			projectRoot = "";
			targets = (
				D257840F243F602E0020BC32 /* Sinter */,
				D20F58402450DA370070C21C /* notification-server */,
				D20F586C2450DC090070C21C /* system-extension */,
			);
		};
/* End PBXProject section */

/* Begin PBXReferenceProxy section */
		D248E47B247D4203002B9FBE /* Configuration.framework */ = {
			isa = PBXReferenceProxy;
			fileType = wrapper.framework;
			path = Configuration.framework;
			remoteRef = D248E47A247D4203002B9FBE /* PBXContainerItemProxy */;
			sourceTree = BUILT_PRODUCTS_DIR;
		};
		D248E47D247D4203002B9FBE /* ConfigurationTests.xctest */ = {
			isa = PBXReferenceProxy;
			fileType = wrapper.cfbundle;
			path = ConfigurationTests.xctest;
			remoteRef = D248E47C247D4203002B9FBE /* PBXContainerItemProxy */;
			sourceTree = BUILT_PRODUCTS_DIR;
		};
		D248E484247D420E002B9FBE /* Logger.framework */ = {
			isa = PBXReferenceProxy;
			fileType = wrapper.framework;
			path = Logger.framework;
			remoteRef = D248E483247D420E002B9FBE /* PBXContainerItemProxy */;
			sourceTree = BUILT_PRODUCTS_DIR;
		};
		D248E486247D420E002B9FBE /* LoggerTests.xctest */ = {
			isa = PBXReferenceProxy;
			fileType = wrapper.cfbundle;
			path = LoggerTests.xctest;
			remoteRef = D248E485247D420E002B9FBE /* PBXContainerItemProxy */;
			sourceTree = BUILT_PRODUCTS_DIR;
		};
		D248E4B8247D4C27002B9FBE /* DecisionManager.framework */ = {
			isa = PBXReferenceProxy;
			fileType = wrapper.framework;
			path = DecisionManager.framework;
			remoteRef = D248E4B7247D4C27002B9FBE /* PBXContainerItemProxy */;
			sourceTree = BUILT_PRODUCTS_DIR;
		};
		D24B4A3F2448A73200958F82 /* NotificationService.framework */ = {
			isa = PBXReferenceProxy;
			fileType = wrapper.framework;
			path = NotificationService.framework;
			remoteRef = D24B4A3E2448A73200958F82 /* PBXContainerItemProxy */;
			sourceTree = BUILT_PRODUCTS_DIR;
		};
		D2578515243F77DC0020BC32 /* EndpointSecurityClient.framework */ = {
			isa = PBXReferenceProxy;
			fileType = wrapper.framework;
			path = EndpointSecurityClient.framework;
			remoteRef = D2578514243F77DC0020BC32 /* PBXContainerItemProxy */;
			sourceTree = BUILT_PRODUCTS_DIR;
		};
		D295C000248001A700CBE00A /* EndpointSecurityClientTests.xctest */ = {
			isa = PBXReferenceProxy;
			fileType = wrapper.cfbundle;
			path = EndpointSecurityClientTests.xctest;
			remoteRef = D295BFFF248001A700CBE00A /* PBXContainerItemProxy */;
			sourceTree = BUILT_PRODUCTS_DIR;
		};
		D295C01924800E5100CBE00A /* AuthorizationManagerTests.xctest */ = {
			isa = PBXReferenceProxy;
			fileType = wrapper.cfbundle;
			path = AuthorizationManagerTests.xctest;
			remoteRef = D295C01824800E5100CBE00A /* PBXContainerItemProxy */;
			sourceTree = BUILT_PRODUCTS_DIR;
		};
		D2A3A6A824534A0000CF24FB /* AuthorizationManager.framework */ = {
			isa = PBXReferenceProxy;
			fileType = wrapper.framework;
			path = AuthorizationManager.framework;
			remoteRef = D2A3A6A724534A0000CF24FB /* PBXContainerItemProxy */;
			sourceTree = BUILT_PRODUCTS_DIR;
		};
		D2B1F50C247DB87000EB7DB3 /* JSONRuleDatabaseParserTests.xctest */ = {
			isa = PBXReferenceProxy;
			fileType = wrapper.cfbundle;
			path = JSONRuleDatabaseParserTests.xctest;
			remoteRef = D2B1F50B247DB87000EB7DB3 /* PBXContainerItemProxy */;
			sourceTree = BUILT_PRODUCTS_DIR;
		};
		D2B1F50E247DB87000EB7DB3 /* BaseDecisionManagerTests.xctest */ = {
			isa = PBXReferenceProxy;
			fileType = wrapper.cfbundle;
			path = BaseDecisionManagerTests.xctest;
			remoteRef = D2B1F50D247DB87000EB7DB3 /* PBXContainerItemProxy */;
			sourceTree = BUILT_PRODUCTS_DIR;
		};
/* End PBXReferenceProxy section */

/* Begin PBXResourcesBuildPhase section */
		D20F583F2450DA370070C21C /* Resources */ = {
			isa = PBXResourcesBuildPhase;
			buildActionMask = 2147483647;
			files = (
			);
			runOnlyForDeploymentPostprocessing = 0;
		};
		D257840E243F602E0020BC32 /* Resources */ = {
			isa = PBXResourcesBuildPhase;
			buildActionMask = 2147483647;
			files = (
			);
			runOnlyForDeploymentPostprocessing = 0;
		};
/* End PBXResourcesBuildPhase section */

/* Begin PBXSourcesBuildPhase section */
		D20F583D2450DA370070C21C /* Sources */ = {
			isa = PBXSourcesBuildPhase;
			buildActionMask = 2147483647;
			files = (
				D20F58622450DA800070C21C /* main.swift in Sources */,
				D20F58642450DA8E0070C21C /* NotificationCenter.swift in Sources */,
			);
			runOnlyForDeploymentPostprocessing = 0;
		};
		D20F58692450DC090070C21C /* Sources */ = {
			isa = PBXSourcesBuildPhase;
			buildActionMask = 2147483647;
			files = (
				D20F58702450DC090070C21C /* main.swift in Sources */,
			);
			runOnlyForDeploymentPostprocessing = 0;
		};
		D257840C243F602E0020BC32 /* Sources */ = {
			isa = PBXSourcesBuildPhase;
			buildActionMask = 2147483647;
			files = (
				D2D9439B24474AC100626B17 /* NotificationServerInstaller.swift in Sources */,
				D22AA64D2483EA0D00C40455 /* DaemonInstaller.swift in Sources */,
				D2D943952447235E00626B17 /* main.swift in Sources */,
			);
			runOnlyForDeploymentPostprocessing = 0;
		};
/* End PBXSourcesBuildPhase section */

/* Begin PBXTargetDependency section */
		D2BED8C32481BED900A44C62 /* PBXTargetDependency */ = {
			isa = PBXTargetDependency;
			target = D20F58402450DA370070C21C /* notification-server */;
			targetProxy = D2BED8C22481BED900A44C62 /* PBXContainerItemProxy */;
		};
		D2BED8C52481BED900A44C62 /* PBXTargetDependency */ = {
			isa = PBXTargetDependency;
			target = D20F586C2450DC090070C21C /* system-extension */;
			targetProxy = D2BED8C42481BED900A44C62 /* PBXContainerItemProxy */;
		};
		D2BED8D32481BEE700A44C62 /* PBXTargetDependency */ = {
			isa = PBXTargetDependency;
			name = NotificationService;
			targetProxy = D2BED8D22481BEE700A44C62 /* PBXContainerItemProxy */;
		};
		D2BED8D52481BEF800A44C62 /* PBXTargetDependency */ = {
			isa = PBXTargetDependency;
			name = Configuration;
			targetProxy = D2BED8D42481BEF800A44C62 /* PBXContainerItemProxy */;
		};
		D2BED8D72481BEF800A44C62 /* PBXTargetDependency */ = {
			isa = PBXTargetDependency;
			name = Logger;
			targetProxy = D2BED8D62481BEF800A44C62 /* PBXContainerItemProxy */;
		};
		D2BED8D92481BEF800A44C62 /* PBXTargetDependency */ = {
			isa = PBXTargetDependency;
			name = DecisionManager;
			targetProxy = D2BED8D82481BEF800A44C62 /* PBXContainerItemProxy */;
		};
		D2BED8DB2481BEF800A44C62 /* PBXTargetDependency */ = {
			isa = PBXTargetDependency;
			name = AuthorizationManager;
			targetProxy = D2BED8DA2481BEF800A44C62 /* PBXContainerItemProxy */;
		};
		D2BED8DD2481BF1700A44C62 /* PBXTargetDependency */ = {
			isa = PBXTargetDependency;
			name = EndpointSecurityClient;
			targetProxy = D2BED8DC2481BF1700A44C62 /* PBXContainerItemProxy */;
		};
		D2BED8DF2481BF2200A44C62 /* PBXTargetDependency */ = {
			isa = PBXTargetDependency;
			name = NotificationService;
			targetProxy = D2BED8DE2481BF2200A44C62 /* PBXContainerItemProxy */;
		};
/* End PBXTargetDependency section */

/* Begin XCBuildConfiguration section */
		D20F58512450DA380070C21C /* Debug */ = {
			isa = XCBuildConfiguration;
			buildSettings = {
				ASSETCATALOG_COMPILER_APPICON_NAME = AppIcon;
				CODE_SIGN_ENTITLEMENTS = "Sinter/notification-server/entitlements.plist";
				CODE_SIGN_IDENTITY = "Mac Developer";
				CODE_SIGN_STYLE = Manual;
				COMBINE_HIDPI_IMAGES = YES;
				DEVELOPMENT_ASSET_PATHS = "";
				DEVELOPMENT_TEAM = 44WTB9L362;
				ENABLE_HARDENED_RUNTIME = YES;
				ENABLE_PREVIEWS = YES;
				INFOPLIST_FILE = "Sinter/notification-server/Info.plist";
				LD_RUNPATH_SEARCH_PATHS = (
					"$(inherited)",
					"@executable_path/../Frameworks",
				);
				MACOSX_DEPLOYMENT_TARGET = 10.15;
				OTHER_CODE_SIGN_FLAGS = "--timestamp";
				PRODUCT_BUNDLE_IDENTIFIER = "com.trailofbits.sinter.notification-server";
				PRODUCT_NAME = "$(TARGET_NAME)";
				PROVISIONING_PROFILE_SPECIFIER = "Sinter Notification Server (dev)";
				SWIFT_VERSION = 5.0;
				WRAPPER_EXTENSION = app;
			};
			name = Debug;
		};
		D20F58522450DA380070C21C /* Release */ = {
			isa = XCBuildConfiguration;
			buildSettings = {
				ASSETCATALOG_COMPILER_APPICON_NAME = AppIcon;
				CODE_SIGN_ENTITLEMENTS = "Sinter/notification-server/entitlements.plist";
				CODE_SIGN_IDENTITY = "Mac Developer";
				CODE_SIGN_INJECT_BASE_ENTITLEMENTS = NO;
				CODE_SIGN_STYLE = Manual;
				COMBINE_HIDPI_IMAGES = YES;
				DEVELOPMENT_ASSET_PATHS = "";
				DEVELOPMENT_TEAM = 44WTB9L362;
				ENABLE_HARDENED_RUNTIME = YES;
				ENABLE_PREVIEWS = YES;
				INFOPLIST_FILE = "Sinter/notification-server/Info.plist";
				LD_RUNPATH_SEARCH_PATHS = (
					"$(inherited)",
					"@executable_path/../Frameworks",
				);
				MACOSX_DEPLOYMENT_TARGET = 10.15;
				OTHER_CODE_SIGN_FLAGS = "--timestamp";
				PRODUCT_BUNDLE_IDENTIFIER = "com.trailofbits.sinter.notification-server";
				PRODUCT_NAME = "$(TARGET_NAME)";
				PROVISIONING_PROFILE_SPECIFIER = "Sinter Notification Server (dev)";
				SWIFT_VERSION = 5.0;
				WRAPPER_EXTENSION = app;
			};
			name = Release;
		};
		D20F58722450DC090070C21C /* Debug */ = {
			isa = XCBuildConfiguration;
			buildSettings = {
				CODE_SIGN_ENTITLEMENTS = "Sinter/system-extension/entitlements.plist";
				CODE_SIGN_IDENTITY = "Mac Developer";
				CODE_SIGN_STYLE = Manual;
				DEVELOPMENT_TEAM = 44WTB9L362;
				ENABLE_HARDENED_RUNTIME = YES;
				EXECUTABLE_EXTENSION = "";
				INFOPLIST_FILE = "$(SRCROOT)/Sinter/notification-server/Info.plist";
				LD_RUNPATH_SEARCH_PATHS = "@executable_path/../Frameworks";
				OTHER_CODE_SIGN_FLAGS = "--timestamp";
				PRODUCT_BUNDLE_IDENTIFIER = com.trailofbits.sinter.daemon;
				PROVISIONING_PROFILE_SPECIFIER = "Sinter Daemon (dev)";
				SWIFT_VERSION = 5.0;
			};
			name = Debug;
		};
		D20F58732450DC090070C21C /* Release */ = {
			isa = XCBuildConfiguration;
			buildSettings = {
				CODE_SIGN_ENTITLEMENTS = "Sinter/system-extension/entitlements.plist";
				CODE_SIGN_IDENTITY = "Mac Developer";
				CODE_SIGN_INJECT_BASE_ENTITLEMENTS = NO;
				CODE_SIGN_STYLE = Manual;
				DEVELOPMENT_TEAM = 44WTB9L362;
				ENABLE_HARDENED_RUNTIME = YES;
				EXECUTABLE_EXTENSION = "";
				INFOPLIST_FILE = "$(SRCROOT)/Sinter/notification-server/Info.plist";
				LD_RUNPATH_SEARCH_PATHS = "@executable_path/../Frameworks";
				OTHER_CODE_SIGN_FLAGS = "--timestamp";
				PRODUCT_BUNDLE_IDENTIFIER = com.trailofbits.sinter.daemon;
				PROVISIONING_PROFILE_SPECIFIER = "Sinter Daemon (dev)";
				SWIFT_VERSION = 5.0;
			};
			name = Release;
		};
		D2578421243F60350020BC32 /* Debug */ = {
			isa = XCBuildConfiguration;
			buildSettings = {
				ALWAYS_SEARCH_USER_PATHS = NO;
				CLANG_ANALYZER_NONNULL = YES;
				CLANG_ANALYZER_NUMBER_OBJECT_CONVERSION = YES_AGGRESSIVE;
				CLANG_CXX_LANGUAGE_STANDARD = "gnu++14";
				CLANG_CXX_LIBRARY = "libc++";
				CLANG_ENABLE_MODULES = YES;
				CLANG_ENABLE_OBJC_ARC = YES;
				CLANG_ENABLE_OBJC_WEAK = YES;
				CLANG_WARN_BLOCK_CAPTURE_AUTORELEASING = YES;
				CLANG_WARN_BOOL_CONVERSION = YES;
				CLANG_WARN_COMMA = YES;
				CLANG_WARN_CONSTANT_CONVERSION = YES;
				CLANG_WARN_DEPRECATED_OBJC_IMPLEMENTATIONS = YES;
				CLANG_WARN_DIRECT_OBJC_ISA_USAGE = YES_ERROR;
				CLANG_WARN_DOCUMENTATION_COMMENTS = YES;
				CLANG_WARN_EMPTY_BODY = YES;
				CLANG_WARN_ENUM_CONVERSION = YES;
				CLANG_WARN_INFINITE_RECURSION = YES;
				CLANG_WARN_INT_CONVERSION = YES;
				CLANG_WARN_NON_LITERAL_NULL_CONVERSION = YES;
				CLANG_WARN_OBJC_IMPLICIT_RETAIN_SELF = YES;
				CLANG_WARN_OBJC_LITERAL_CONVERSION = YES;
				CLANG_WARN_OBJC_ROOT_CLASS = YES_ERROR;
				CLANG_WARN_RANGE_LOOP_ANALYSIS = YES;
				CLANG_WARN_STRICT_PROTOTYPES = YES;
				CLANG_WARN_SUSPICIOUS_MOVE = YES;
				CLANG_WARN_UNGUARDED_AVAILABILITY = YES_AGGRESSIVE;
				CLANG_WARN_UNREACHABLE_CODE = YES;
				CLANG_WARN__DUPLICATE_METHOD_MATCH = YES;
				CODE_SIGN_IDENTITY = "Developer ID Application";
				CODE_SIGN_STYLE = Manual;
				COPY_PHASE_STRIP = NO;
				DEBUG_INFORMATION_FORMAT = dwarf;
				DEVELOPMENT_TEAM = 44WTB9L362;
				ENABLE_HARDENED_RUNTIME = YES;
				ENABLE_STRICT_OBJC_MSGSEND = YES;
				ENABLE_TESTABILITY = YES;
				GCC_C_LANGUAGE_STANDARD = gnu11;
				GCC_DYNAMIC_NO_PIC = NO;
				GCC_NO_COMMON_BLOCKS = YES;
				GCC_OPTIMIZATION_LEVEL = 0;
				GCC_PREPROCESSOR_DEFINITIONS = (
					"DEBUG=1",
					"$(inherited)",
				);
				GCC_WARN_64_TO_32_BIT_CONVERSION = YES;
				GCC_WARN_ABOUT_RETURN_TYPE = YES_ERROR;
				GCC_WARN_UNDECLARED_SELECTOR = YES;
				GCC_WARN_UNINITIALIZED_AUTOS = YES_AGGRESSIVE;
				GCC_WARN_UNUSED_FUNCTION = YES;
				GCC_WARN_UNUSED_VARIABLE = YES;
				MACOSX_DEPLOYMENT_TARGET = 10.15;
				MTL_ENABLE_DEBUG_INFO = INCLUDE_SOURCE;
				MTL_FAST_MATH = YES;
				ONLY_ACTIVE_ARCH = YES;
				SDKROOT = macosx;
				SWIFT_ACTIVE_COMPILATION_CONDITIONS = DEBUG;
				SWIFT_OPTIMIZATION_LEVEL = "-Onone";
			};
			name = Debug;
		};
		D2578422243F60350020BC32 /* Release */ = {
			isa = XCBuildConfiguration;
			buildSettings = {
				ALWAYS_SEARCH_USER_PATHS = NO;
				CLANG_ANALYZER_NONNULL = YES;
				CLANG_ANALYZER_NUMBER_OBJECT_CONVERSION = YES_AGGRESSIVE;
				CLANG_CXX_LANGUAGE_STANDARD = "gnu++14";
				CLANG_CXX_LIBRARY = "libc++";
				CLANG_ENABLE_MODULES = YES;
				CLANG_ENABLE_OBJC_ARC = YES;
				CLANG_ENABLE_OBJC_WEAK = YES;
				CLANG_WARN_BLOCK_CAPTURE_AUTORELEASING = YES;
				CLANG_WARN_BOOL_CONVERSION = YES;
				CLANG_WARN_COMMA = YES;
				CLANG_WARN_CONSTANT_CONVERSION = YES;
				CLANG_WARN_DEPRECATED_OBJC_IMPLEMENTATIONS = YES;
				CLANG_WARN_DIRECT_OBJC_ISA_USAGE = YES_ERROR;
				CLANG_WARN_DOCUMENTATION_COMMENTS = YES;
				CLANG_WARN_EMPTY_BODY = YES;
				CLANG_WARN_ENUM_CONVERSION = YES;
				CLANG_WARN_INFINITE_RECURSION = YES;
				CLANG_WARN_INT_CONVERSION = YES;
				CLANG_WARN_NON_LITERAL_NULL_CONVERSION = YES;
				CLANG_WARN_OBJC_IMPLICIT_RETAIN_SELF = YES;
				CLANG_WARN_OBJC_LITERAL_CONVERSION = YES;
				CLANG_WARN_OBJC_ROOT_CLASS = YES_ERROR;
				CLANG_WARN_RANGE_LOOP_ANALYSIS = YES;
				CLANG_WARN_STRICT_PROTOTYPES = YES;
				CLANG_WARN_SUSPICIOUS_MOVE = YES;
				CLANG_WARN_UNGUARDED_AVAILABILITY = YES_AGGRESSIVE;
				CLANG_WARN_UNREACHABLE_CODE = YES;
				CLANG_WARN__DUPLICATE_METHOD_MATCH = YES;
				CODE_SIGN_IDENTITY = "Developer ID Application";
				CODE_SIGN_STYLE = Manual;
				COPY_PHASE_STRIP = NO;
				DEBUG_INFORMATION_FORMAT = "dwarf-with-dsym";
				DEVELOPMENT_TEAM = 44WTB9L362;
				ENABLE_HARDENED_RUNTIME = YES;
				ENABLE_NS_ASSERTIONS = NO;
				ENABLE_STRICT_OBJC_MSGSEND = YES;
				GCC_C_LANGUAGE_STANDARD = gnu11;
				GCC_NO_COMMON_BLOCKS = YES;
				GCC_WARN_64_TO_32_BIT_CONVERSION = YES;
				GCC_WARN_ABOUT_RETURN_TYPE = YES_ERROR;
				GCC_WARN_UNDECLARED_SELECTOR = YES;
				GCC_WARN_UNINITIALIZED_AUTOS = YES_AGGRESSIVE;
				GCC_WARN_UNUSED_FUNCTION = YES;
				GCC_WARN_UNUSED_VARIABLE = YES;
				MACOSX_DEPLOYMENT_TARGET = 10.15;
				MTL_ENABLE_DEBUG_INFO = NO;
				MTL_FAST_MATH = YES;
				SDKROOT = macosx;
				SWIFT_COMPILATION_MODE = wholemodule;
				SWIFT_OPTIMIZATION_LEVEL = "-O";
			};
			name = Release;
		};
		D2578424243F60350020BC32 /* Debug */ = {
			isa = XCBuildConfiguration;
			buildSettings = {
				ASSETCATALOG_COMPILER_APPICON_NAME = AppIcon;
				CODE_SIGN_ENTITLEMENTS = Sinter/application/entitlements.plist;
				CODE_SIGN_IDENTITY = "Mac Developer";
				CODE_SIGN_STYLE = Manual;
				COMBINE_HIDPI_IMAGES = YES;
				DEVELOPMENT_ASSET_PATHS = "";
				DEVELOPMENT_TEAM = 44WTB9L362;
				ENABLE_PREVIEWS = YES;
				INFOPLIST_FILE = Sinter/application/Info.plist;
				LD_RUNPATH_SEARCH_PATHS = (
					"$(inherited)",
					"@executable_path/../Frameworks",
				);
				MACOSX_DEPLOYMENT_TARGET = 10.15;
				OTHER_CODE_SIGN_FLAGS = "--timestamp";
				PRODUCT_BUNDLE_IDENTIFIER = com.trailofbits.sinter;
				PRODUCT_NAME = "$(TARGET_NAME)";
				PROVISIONING_PROFILE_SPECIFIER = "Sinter (dev)";
				SWIFT_VERSION = 5.0;
			};
			name = Debug;
		};
		D2578425243F60350020BC32 /* Release */ = {
			isa = XCBuildConfiguration;
			buildSettings = {
				ASSETCATALOG_COMPILER_APPICON_NAME = AppIcon;
				CODE_SIGN_ENTITLEMENTS = Sinter/application/entitlements.plist;
				CODE_SIGN_IDENTITY = "Mac Developer";
				CODE_SIGN_INJECT_BASE_ENTITLEMENTS = NO;
				CODE_SIGN_STYLE = Manual;
				COMBINE_HIDPI_IMAGES = YES;
				DEVELOPMENT_ASSET_PATHS = "";
				DEVELOPMENT_TEAM = 44WTB9L362;
				ENABLE_PREVIEWS = YES;
				INFOPLIST_FILE = Sinter/application/Info.plist;
				LD_RUNPATH_SEARCH_PATHS = (
					"$(inherited)",
					"@executable_path/../Frameworks",
				);
				MACOSX_DEPLOYMENT_TARGET = 10.15;
				OTHER_CODE_SIGN_FLAGS = "--timestamp";
				PRODUCT_BUNDLE_IDENTIFIER = com.trailofbits.sinter;
				PRODUCT_NAME = "$(TARGET_NAME)";
				PROVISIONING_PROFILE_SPECIFIER = "Sinter (dev)";
				SWIFT_VERSION = 5.0;
			};
			name = Release;
		};
/* End XCBuildConfiguration section */

/* Begin XCConfigurationList section */
		D20F585D2450DA380070C21C /* Build configuration list for PBXNativeTarget "notification-server" */ = {
			isa = XCConfigurationList;
			buildConfigurations = (
				D20F58512450DA380070C21C /* Debug */,
				D20F58522450DA380070C21C /* Release */,
			);
			defaultConfigurationIsVisible = 0;
			defaultConfigurationName = Release;
		};
		D20F58712450DC090070C21C /* Build configuration list for PBXNativeTarget "system-extension" */ = {
			isa = XCConfigurationList;
			buildConfigurations = (
				D20F58722450DC090070C21C /* Debug */,
				D20F58732450DC090070C21C /* Release */,
			);
			defaultConfigurationIsVisible = 0;
			defaultConfigurationName = Release;
		};
		D257840B243F602E0020BC32 /* Build configuration list for PBXProject "Sinter" */ = {
			isa = XCConfigurationList;
			buildConfigurations = (
				D2578421243F60350020BC32 /* Debug */,
				D2578422243F60350020BC32 /* Release */,
			);
			defaultConfigurationIsVisible = 0;
			defaultConfigurationName = Release;
		};
		D2578423243F60350020BC32 /* Build configuration list for PBXNativeTarget "Sinter" */ = {
			isa = XCConfigurationList;
			buildConfigurations = (
				D2578424243F60350020BC32 /* Debug */,
				D2578425243F60350020BC32 /* Release */,
			);
			defaultConfigurationIsVisible = 0;
			defaultConfigurationName = Release;
		};
/* End XCConfigurationList section */
	};
	rootObject = D2578408243F602E0020BC32 /* Project object */;
}
