// !$*UTF8*$!
{
	archiveVersion = 1;
	classes = {
	};
	objectVersion = 50;
	objects = {

/* Begin PBXBuildFile section */
		D20F58622450DA800070C21C /* main.swift in Sources */ = {isa = PBXBuildFile; fileRef = D20F58612450DA800070C21C /* main.swift */; };
		D20F58642450DA8E0070C21C /* NotificationCenter.swift in Sources */ = {isa = PBXBuildFile; fileRef = D20F58632450DA8E0070C21C /* NotificationCenter.swift */; };
		D20F58652450DB110070C21C /* notification-server.xpc in CopyFiles */ = {isa = PBXBuildFile; fileRef = D20F58412450DA370070C21C /* notification-server.xpc */; settings = {ATTRIBUTES = (RemoveHeadersOnCopy, ); }; };
		D20F58662450DB200070C21C /* NotificationService.framework in Frameworks */ = {isa = PBXBuildFile; fileRef = D24B4A3F2448A73200958F82 /* NotificationService.framework */; };
		D20F58672450DB200070C21C /* NotificationService.framework in Embed Frameworks */ = {isa = PBXBuildFile; fileRef = D24B4A3F2448A73200958F82 /* NotificationService.framework */; settings = {ATTRIBUTES = (CodeSignOnCopy, RemoveHeadersOnCopy, ); }; };
		D20F58702450DC090070C21C /* main.swift in Sources */ = {isa = PBXBuildFile; fileRef = D20F586F2450DC090070C21C /* main.swift */; };
		D20F58772450DC880070C21C /* EndpointSecurityClient.framework in Frameworks */ = {isa = PBXBuildFile; fileRef = D2578515243F77DC0020BC32 /* EndpointSecurityClient.framework */; };
		D20F58782450DC880070C21C /* EndpointSecurityClient.framework in Embed Frameworks */ = {isa = PBXBuildFile; fileRef = D2578515243F77DC0020BC32 /* EndpointSecurityClient.framework */; settings = {ATTRIBUTES = (CodeSignOnCopy, RemoveHeadersOnCopy, ); }; };
		D20F58792450DC880070C21C /* FilesystemLogger.framework in Frameworks */ = {isa = PBXBuildFile; fileRef = D25784C0243F6FE70020BC32 /* FilesystemLogger.framework */; };
		D20F587A2450DC880070C21C /* FilesystemLogger.framework in Embed Frameworks */ = {isa = PBXBuildFile; fileRef = D25784C0243F6FE70020BC32 /* FilesystemLogger.framework */; settings = {ATTRIBUTES = (CodeSignOnCopy, RemoveHeadersOnCopy, ); }; };
		D20F58812450DC880070C21C /* LocalDecisionManager.framework in Frameworks */ = {isa = PBXBuildFile; fileRef = D2BDB3E3244102080027C57F /* LocalDecisionManager.framework */; };
		D20F58822450DC880070C21C /* LocalDecisionManager.framework in Embed Frameworks */ = {isa = PBXBuildFile; fileRef = D2BDB3E3244102080027C57F /* LocalDecisionManager.framework */; settings = {ATTRIBUTES = (CodeSignOnCopy, RemoveHeadersOnCopy, ); }; };
		D20F58832450DC880070C21C /* SyncServerDecisionManager.framework in Frameworks */ = {isa = PBXBuildFile; fileRef = D2513BB52440D6E400002645 /* SyncServerDecisionManager.framework */; };
		D20F58842450DC880070C21C /* SyncServerDecisionManager.framework in Embed Frameworks */ = {isa = PBXBuildFile; fileRef = D2513BB52440D6E400002645 /* SyncServerDecisionManager.framework */; settings = {ATTRIBUTES = (CodeSignOnCopy, RemoveHeadersOnCopy, ); }; };
		D20F58872450DDBF0070C21C /* com.trailofbits.sinter.daemon.systemextension in CopyFiles */ = {isa = PBXBuildFile; fileRef = D20F586D2450DC090070C21C /* com.trailofbits.sinter.daemon.systemextension */; settings = {ATTRIBUTES = (CodeSignOnCopy, ); }; };
		D22BCE2E2476CD46008F766E /* NotificationService.framework in Frameworks */ = {isa = PBXBuildFile; fileRef = D24B4A3F2448A73200958F82 /* NotificationService.framework */; };
		D22BCE2F2476CD46008F766E /* NotificationService.framework in Embed Frameworks */ = {isa = PBXBuildFile; fileRef = D24B4A3F2448A73200958F82 /* NotificationService.framework */; settings = {ATTRIBUTES = (CodeSignOnCopy, RemoveHeadersOnCopy, ); }; };
		D22BCE302476CD7C008F766E /* JSONConfiguration.framework in Frameworks */ = {isa = PBXBuildFile; fileRef = D25784EE243F75550020BC32 /* JSONConfiguration.framework */; };
		D22BCE312476CD7C008F766E /* JSONConfiguration.framework in Embed Frameworks */ = {isa = PBXBuildFile; fileRef = D25784EE243F75550020BC32 /* JSONConfiguration.framework */; settings = {ATTRIBUTES = (CodeSignOnCopy, RemoveHeadersOnCopy, ); }; };
		D22BCE332476D0BB008F766E /* AuthorizationManager.framework in Frameworks */ = {isa = PBXBuildFile; fileRef = D2A3A6A824534A0000CF24FB /* AuthorizationManager.framework */; };
		D22BCE342476D0BB008F766E /* AuthorizationManager.framework in Embed Frameworks */ = {isa = PBXBuildFile; fileRef = D2A3A6A824534A0000CF24FB /* AuthorizationManager.framework */; settings = {ATTRIBUTES = (CodeSignOnCopy, RemoveHeadersOnCopy, ); }; };
		D22BCE352476D0DE008F766E /* NotificationService.framework in Frameworks */ = {isa = PBXBuildFile; fileRef = D24B4A3F2448A73200958F82 /* NotificationService.framework */; };
		D22BCE362476D0DE008F766E /* NotificationService.framework in Embed Frameworks */ = {isa = PBXBuildFile; fileRef = D24B4A3F2448A73200958F82 /* NotificationService.framework */; settings = {ATTRIBUTES = (CodeSignOnCopy, RemoveHeadersOnCopy, ); }; };
		D2A3A6A924534A8300CF24FB /* AuthorizationManager.framework in Frameworks */ = {isa = PBXBuildFile; fileRef = D2A3A6A824534A0000CF24FB /* AuthorizationManager.framework */; };
		D2A3A6AA24534A8300CF24FB /* AuthorizationManager.framework in Embed Frameworks */ = {isa = PBXBuildFile; fileRef = D2A3A6A824534A0000CF24FB /* AuthorizationManager.framework */; settings = {ATTRIBUTES = (CodeSignOnCopy, RemoveHeadersOnCopy, ); }; };
		D2C129A624774DAE0031DBEC /* InMemorySignatureDatabase.framework in Frameworks */ = {isa = PBXBuildFile; fileRef = D2513B842440BE7200002645 /* InMemorySignatureDatabase.framework */; };
		D2C129A724774DAE0031DBEC /* InMemorySignatureDatabase.framework in Embed Frameworks */ = {isa = PBXBuildFile; fileRef = D2513B842440BE7200002645 /* InMemorySignatureDatabase.framework */; settings = {ATTRIBUTES = (CodeSignOnCopy, RemoveHeadersOnCopy, ); }; };
		D2C129A824774DC80031DBEC /* JSONConfiguration.framework in Frameworks */ = {isa = PBXBuildFile; fileRef = D25784EE243F75550020BC32 /* JSONConfiguration.framework */; };
		D2C129A924774DC80031DBEC /* JSONConfiguration.framework in Embed Frameworks */ = {isa = PBXBuildFile; fileRef = D25784EE243F75550020BC32 /* JSONConfiguration.framework */; settings = {ATTRIBUTES = (CodeSignOnCopy, RemoveHeadersOnCopy, ); }; };
		D2D9439324471DAB00626B17 /* SystemExtensionInstaller.swift in Sources */ = {isa = PBXBuildFile; fileRef = D2D9439224471DAB00626B17 /* SystemExtensionInstaller.swift */; };
		D2D943952447235E00626B17 /* main.swift in Sources */ = {isa = PBXBuildFile; fileRef = D2D943942447235E00626B17 /* main.swift */; };
		D2D9439B24474AC100626B17 /* NotificationServerInstaller.swift in Sources */ = {isa = PBXBuildFile; fileRef = D2D9439A24474AC100626B17 /* NotificationServerInstaller.swift */; };
/* End PBXBuildFile section */

/* Begin PBXContainerItemProxy section */
		D24B4A3E2448A73200958F82 /* PBXContainerItemProxy */ = {
			isa = PBXContainerItemProxy;
			containerPortal = D24B4A3A2448A73000958F82 /* NotificationService.xcodeproj */;
			proxyType = 2;
			remoteGlobalIDString = D24B4A2F2448A73000958F82;
			remoteInfo = NotificationService;
		};
		D2513B832440BE7200002645 /* PBXContainerItemProxy */ = {
			isa = PBXContainerItemProxy;
			containerPortal = D2513B7F2440BE7100002645 /* InMemorySignatureDatabase.xcodeproj */;
			proxyType = 2;
			remoteGlobalIDString = D2513B742440BE7100002645;
			remoteInfo = InMemorySignatureDatabase;
		};
		D2513BB42440D6E400002645 /* PBXContainerItemProxy */ = {
			isa = PBXContainerItemProxy;
			containerPortal = D2513BB02440D6E300002645 /* SyncServerDecisionManager.xcodeproj */;
			proxyType = 2;
			remoteGlobalIDString = D2513BA52440D6E300002645;
			remoteInfo = SyncServerDecisionManager;
		};
		D25784BF243F6FE70020BC32 /* PBXContainerItemProxy */ = {
			isa = PBXContainerItemProxy;
			containerPortal = D25784BB243F6FE60020BC32 /* FilesystemLogger.xcodeproj */;
			proxyType = 2;
			remoteGlobalIDString = D25784B0243F6FE60020BC32;
			remoteInfo = FilesystemLogger;
		};
		D25784ED243F75550020BC32 /* PBXContainerItemProxy */ = {
			isa = PBXContainerItemProxy;
			containerPortal = D25784E9243F75540020BC32 /* JSONConfiguration.xcodeproj */;
			proxyType = 2;
			remoteGlobalIDString = D25784DE243F75540020BC32;
			remoteInfo = JSONConfiguration;
		};
		D2578514243F77DC0020BC32 /* PBXContainerItemProxy */ = {
			isa = PBXContainerItemProxy;
			containerPortal = D2578510243F77DC0020BC32 /* EndpointSecurityClient.xcodeproj */;
			proxyType = 2;
			remoteGlobalIDString = D2578505243F77DC0020BC32;
			remoteInfo = EndpointSecurityClient;
		};
		D2A3A6A724534A0000CF24FB /* PBXContainerItemProxy */ = {
			isa = PBXContainerItemProxy;
			containerPortal = D2A3A6A324534A0000CF24FB /* AuthorizationManager.xcodeproj */;
			proxyType = 2;
			remoteGlobalIDString = D20F58AD2450E1E40070C21C;
			remoteInfo = AuthorizationManager;
		};
		D2BDB3E2244102080027C57F /* PBXContainerItemProxy */ = {
			isa = PBXContainerItemProxy;
			containerPortal = D2BDB3D9244102070027C57F /* LocalDecisionManager.xcodeproj */;
			proxyType = 2;
			remoteGlobalIDString = D2BDB3CE244102070027C57F;
			remoteInfo = LocalDecisionManager;
		};
/* End PBXContainerItemProxy section */

/* Begin PBXCopyFilesBuildPhase section */
		D20F58682450DB200070C21C /* Embed Frameworks */ = {
			isa = PBXCopyFilesBuildPhase;
			buildActionMask = 2147483647;
			dstPath = "";
			dstSubfolderSpec = 10;
			files = (
				D20F58672450DB200070C21C /* NotificationService.framework in Embed Frameworks */,
			);
			name = "Embed Frameworks";
			runOnlyForDeploymentPostprocessing = 0;
		};
		D20F586B2450DC090070C21C /* CopyFiles */ = {
			isa = PBXCopyFilesBuildPhase;
			buildActionMask = 2147483647;
			dstPath = /usr/share/man/man1/;
			dstSubfolderSpec = 0;
			files = (
			);
			runOnlyForDeploymentPostprocessing = 1;
		};
		D20F58852450DC880070C21C /* Embed Frameworks */ = {
			isa = PBXCopyFilesBuildPhase;
			buildActionMask = 2147483647;
			dstPath = "";
			dstSubfolderSpec = 10;
			files = (
				D22BCE2F2476CD46008F766E /* NotificationService.framework in Embed Frameworks */,
				D2C129A924774DC80031DBEC /* JSONConfiguration.framework in Embed Frameworks */,
				D20F58842450DC880070C21C /* SyncServerDecisionManager.framework in Embed Frameworks */,
				D20F58782450DC880070C21C /* EndpointSecurityClient.framework in Embed Frameworks */,
				D20F58822450DC880070C21C /* LocalDecisionManager.framework in Embed Frameworks */,
				D20F587A2450DC880070C21C /* FilesystemLogger.framework in Embed Frameworks */,
				D2A3A6AA24534A8300CF24FB /* AuthorizationManager.framework in Embed Frameworks */,
				D2C129A724774DAE0031DBEC /* InMemorySignatureDatabase.framework in Embed Frameworks */,
			);
			name = "Embed Frameworks";
			runOnlyForDeploymentPostprocessing = 0;
		};
		D22BCE322476CD7C008F766E /* Embed Frameworks */ = {
			isa = PBXCopyFilesBuildPhase;
			buildActionMask = 2147483647;
			dstPath = "";
			dstSubfolderSpec = 10;
			files = (
				D22BCE362476D0DE008F766E /* NotificationService.framework in Embed Frameworks */,
				D22BCE342476D0BB008F766E /* AuthorizationManager.framework in Embed Frameworks */,
				D22BCE312476CD7C008F766E /* JSONConfiguration.framework in Embed Frameworks */,
			);
			name = "Embed Frameworks";
			runOnlyForDeploymentPostprocessing = 0;
		};
		D257846B243F62DA0020BC32 /* CopyFiles */ = {
			isa = PBXCopyFilesBuildPhase;
			buildActionMask = 2147483647;
			dstPath = "$(SYSTEM_EXTENSIONS_FOLDER_PATH)";
			dstSubfolderSpec = 16;
			files = (
				D20F58872450DDBF0070C21C /* com.trailofbits.sinter.daemon.systemextension in CopyFiles */,
			);
			runOnlyForDeploymentPostprocessing = 0;
		};
		D295C2A12447FCF500D39F9F /* CopyFiles */ = {
			isa = PBXCopyFilesBuildPhase;
			buildActionMask = 2147483647;
			dstPath = "$(CONTENTS_FOLDER_PATH)/XPCServices";
			dstSubfolderSpec = 16;
			files = (
				D20F58652450DB110070C21C /* notification-server.xpc in CopyFiles */,
			);
			runOnlyForDeploymentPostprocessing = 0;
		};
/* End PBXCopyFilesBuildPhase section */

/* Begin PBXFileReference section */
		D20F58412450DA370070C21C /* notification-server.xpc */ = {isa = PBXFileReference; explicitFileType = wrapper.application; includeInIndex = 0; path = "notification-server.xpc"; sourceTree = BUILT_PRODUCTS_DIR; };
		D20F584F2450DA380070C21C /* Info.plist */ = {isa = PBXFileReference; lastKnownFileType = text.plist.xml; path = Info.plist; sourceTree = "<group>"; };
		D20F58502450DA380070C21C /* entitlements.plist */ = {isa = PBXFileReference; lastKnownFileType = text.plist.xml; path = entitlements.plist; sourceTree = "<group>"; };
		D20F58612450DA800070C21C /* main.swift */ = {isa = PBXFileReference; lastKnownFileType = sourcecode.swift; path = main.swift; sourceTree = "<group>"; };
		D20F58632450DA8E0070C21C /* NotificationCenter.swift */ = {isa = PBXFileReference; lastKnownFileType = sourcecode.swift; path = NotificationCenter.swift; sourceTree = "<group>"; };
		D20F586D2450DC090070C21C /* com.trailofbits.sinter.daemon.systemextension */ = {isa = PBXFileReference; explicitFileType = "wrapper.system-extension"; includeInIndex = 0; path = com.trailofbits.sinter.daemon.systemextension; sourceTree = BUILT_PRODUCTS_DIR; };
		D20F586F2450DC090070C21C /* main.swift */ = {isa = PBXFileReference; lastKnownFileType = sourcecode.swift; path = main.swift; sourceTree = "<group>"; };
		D20F58752450DC510070C21C /* Info.plist */ = {isa = PBXFileReference; fileEncoding = 4; lastKnownFileType = text.plist.xml; path = Info.plist; sourceTree = "<group>"; };
		D20F58762450DC510070C21C /* entitlements.plist */ = {isa = PBXFileReference; fileEncoding = 4; lastKnownFileType = text.plist.xml; path = entitlements.plist; sourceTree = "<group>"; };
		D24B4A3A2448A73000958F82 /* NotificationService.xcodeproj */ = {isa = PBXFileReference; lastKnownFileType = "wrapper.pb-project"; name = NotificationService.xcodeproj; path = NotificationService/NotificationService.xcodeproj; sourceTree = "<group>"; };
		D2513B61244073A300002645 /* libbsm.tbd */ = {isa = PBXFileReference; lastKnownFileType = "sourcecode.text-based-dylib-definition"; name = libbsm.tbd; path = usr/lib/libbsm.tbd; sourceTree = SDKROOT; };
		D2513B7F2440BE7100002645 /* InMemorySignatureDatabase.xcodeproj */ = {isa = PBXFileReference; lastKnownFileType = "wrapper.pb-project"; name = InMemorySignatureDatabase.xcodeproj; path = InMemorySignatureDatabase/InMemorySignatureDatabase.xcodeproj; sourceTree = "<group>"; };
		D2513BB02440D6E300002645 /* SyncServerDecisionManager.xcodeproj */ = {isa = PBXFileReference; lastKnownFileType = "wrapper.pb-project"; name = SyncServerDecisionManager.xcodeproj; path = SyncServerDecisionManager/SyncServerDecisionManager.xcodeproj; sourceTree = "<group>"; };
		D2578410243F602F0020BC32 /* Sinter.app */ = {isa = PBXFileReference; explicitFileType = wrapper.application; includeInIndex = 0; path = Sinter.app; sourceTree = BUILT_PRODUCTS_DIR; };
		D257841F243F60350020BC32 /* Info.plist */ = {isa = PBXFileReference; lastKnownFileType = text.plist.xml; path = Info.plist; sourceTree = "<group>"; };
		D2578420243F60350020BC32 /* entitlements.plist */ = {isa = PBXFileReference; lastKnownFileType = text.plist.xml; path = entitlements.plist; sourceTree = "<group>"; };
		D25784BB243F6FE60020BC32 /* FilesystemLogger.xcodeproj */ = {isa = PBXFileReference; lastKnownFileType = "wrapper.pb-project"; name = FilesystemLogger.xcodeproj; path = FilesystemLogger/FilesystemLogger.xcodeproj; sourceTree = "<group>"; };
		D25784E9243F75540020BC32 /* JSONConfiguration.xcodeproj */ = {isa = PBXFileReference; lastKnownFileType = "wrapper.pb-project"; name = JSONConfiguration.xcodeproj; path = JSONConfiguration/JSONConfiguration.xcodeproj; sourceTree = "<group>"; };
		D2578510243F77DC0020BC32 /* EndpointSecurityClient.xcodeproj */ = {isa = PBXFileReference; lastKnownFileType = "wrapper.pb-project"; name = EndpointSecurityClient.xcodeproj; path = EndpointSecurityClient/EndpointSecurityClient.xcodeproj; sourceTree = "<group>"; };
		D257851F243F78250020BC32 /* libEndpointSecurity.tbd */ = {isa = PBXFileReference; lastKnownFileType = "sourcecode.text-based-dylib-definition"; name = libEndpointSecurity.tbd; path = usr/lib/libEndpointSecurity.tbd; sourceTree = SDKROOT; };
		D25CC59024461E94001C686C /* SystemExtensions.framework */ = {isa = PBXFileReference; lastKnownFileType = wrapper.framework; name = SystemExtensions.framework; path = System/Library/Frameworks/SystemExtensions.framework; sourceTree = SDKROOT; };
		D2A3A6A324534A0000CF24FB /* AuthorizationManager.xcodeproj */ = {isa = PBXFileReference; lastKnownFileType = "wrapper.pb-project"; name = AuthorizationManager.xcodeproj; path = AuthorizationManager/AuthorizationManager.xcodeproj; sourceTree = "<group>"; };
		D2BDB3D9244102070027C57F /* LocalDecisionManager.xcodeproj */ = {isa = PBXFileReference; lastKnownFileType = "wrapper.pb-project"; name = LocalDecisionManager.xcodeproj; path = LocalDecisionManager/LocalDecisionManager.xcodeproj; sourceTree = "<group>"; };
		D2D9439224471DAB00626B17 /* SystemExtensionInstaller.swift */ = {isa = PBXFileReference; lastKnownFileType = sourcecode.swift; path = SystemExtensionInstaller.swift; sourceTree = "<group>"; };
		D2D943942447235E00626B17 /* main.swift */ = {isa = PBXFileReference; lastKnownFileType = sourcecode.swift; path = main.swift; sourceTree = "<group>"; };
		D2D94398244726A500626B17 /* UserNotifications.framework */ = {isa = PBXFileReference; lastKnownFileType = wrapper.framework; name = UserNotifications.framework; path = System/Library/Frameworks/UserNotifications.framework; sourceTree = SDKROOT; };
		D2D9439A24474AC100626B17 /* NotificationServerInstaller.swift */ = {isa = PBXFileReference; lastKnownFileType = sourcecode.swift; path = NotificationServerInstaller.swift; sourceTree = "<group>"; };
/* End PBXFileReference section */

/* Begin PBXFrameworksBuildPhase section */
		D20F583E2450DA370070C21C /* Frameworks */ = {
			isa = PBXFrameworksBuildPhase;
			buildActionMask = 2147483647;
			files = (
				D20F58662450DB200070C21C /* NotificationService.framework in Frameworks */,
			);
			runOnlyForDeploymentPostprocessing = 0;
		};
		D20F586A2450DC090070C21C /* Frameworks */ = {
			isa = PBXFrameworksBuildPhase;
			buildActionMask = 2147483647;
			files = (
				D22BCE2E2476CD46008F766E /* NotificationService.framework in Frameworks */,
				D2C129A824774DC80031DBEC /* JSONConfiguration.framework in Frameworks */,
				D20F58832450DC880070C21C /* SyncServerDecisionManager.framework in Frameworks */,
				D20F58772450DC880070C21C /* EndpointSecurityClient.framework in Frameworks */,
				D20F58812450DC880070C21C /* LocalDecisionManager.framework in Frameworks */,
				D20F58792450DC880070C21C /* FilesystemLogger.framework in Frameworks */,
				D2A3A6A924534A8300CF24FB /* AuthorizationManager.framework in Frameworks */,
				D2C129A624774DAE0031DBEC /* InMemorySignatureDatabase.framework in Frameworks */,
			);
			runOnlyForDeploymentPostprocessing = 0;
		};
		D257840D243F602E0020BC32 /* Frameworks */ = {
			isa = PBXFrameworksBuildPhase;
			buildActionMask = 2147483647;
			files = (
				D22BCE352476D0DE008F766E /* NotificationService.framework in Frameworks */,
				D22BCE332476D0BB008F766E /* AuthorizationManager.framework in Frameworks */,
				D22BCE302476CD7C008F766E /* JSONConfiguration.framework in Frameworks */,
			);
			runOnlyForDeploymentPostprocessing = 0;
		};
/* End PBXFrameworksBuildPhase section */

/* Begin PBXGroup section */
		D20F58422450DA370070C21C /* notification-server */ = {
			isa = PBXGroup;
			children = (
				D20F584F2450DA380070C21C /* Info.plist */,
				D20F58502450DA380070C21C /* entitlements.plist */,
				D20F58602450DA5C0070C21C /* src */,
			);
			path = "notification-server";
			sourceTree = "<group>";
		};
		D20F585E2450DA3E0070C21C /* src */ = {
			isa = PBXGroup;
			children = (
				D2D9439224471DAB00626B17 /* SystemExtensionInstaller.swift */,
				D2D9439A24474AC100626B17 /* NotificationServerInstaller.swift */,
				D2D943942447235E00626B17 /* main.swift */,
			);
			path = src;
			sourceTree = "<group>";
		};
		D20F585F2450DA450070C21C /* application */ = {
			isa = PBXGroup;
			children = (
				D257841F243F60350020BC32 /* Info.plist */,
				D2578420243F60350020BC32 /* entitlements.plist */,
				D20F585E2450DA3E0070C21C /* src */,
			);
			path = application;
			sourceTree = "<group>";
		};
		D20F58602450DA5C0070C21C /* src */ = {
			isa = PBXGroup;
			children = (
				D20F58612450DA800070C21C /* main.swift */,
				D20F58632450DA8E0070C21C /* NotificationCenter.swift */,
			);
			path = src;
			sourceTree = "<group>";
		};
		D20F586E2450DC090070C21C /* system-extension */ = {
			isa = PBXGroup;
			children = (
				D20F58762450DC510070C21C /* entitlements.plist */,
				D20F58752450DC510070C21C /* Info.plist */,
				D20F58742450DC1A0070C21C /* src */,
			);
			path = "system-extension";
			sourceTree = "<group>";
		};
		D20F58742450DC1A0070C21C /* src */ = {
			isa = PBXGroup;
			children = (
				D20F586F2450DC090070C21C /* main.swift */,
			);
			path = src;
			sourceTree = "<group>";
		};
		D24B4A3B2448A73000958F82 /* Products */ = {
			isa = PBXGroup;
			children = (
				D24B4A3F2448A73200958F82 /* NotificationService.framework */,
			);
			name = Products;
			sourceTree = "<group>";
		};
		D2513B802440BE7100002645 /* Products */ = {
			isa = PBXGroup;
			children = (
				D2513B842440BE7200002645 /* InMemorySignatureDatabase.framework */,
			);
			name = Products;
			sourceTree = "<group>";
		};
		D2513BB12440D6E300002645 /* Products */ = {
			isa = PBXGroup;
			children = (
				D2513BB52440D6E400002645 /* SyncServerDecisionManager.framework */,
			);
			name = Products;
			sourceTree = "<group>";
		};
		D2578407243F602E0020BC32 = {
			isa = PBXGroup;
			children = (
				D2578426243F60460020BC32 /* components */,
				D2578412243F602F0020BC32 /* Sinter */,
				D2578411243F602F0020BC32 /* Products */,
				D257846D243F63080020BC32 /* Frameworks */,
			);
			sourceTree = "<group>";
		};
		D2578411243F602F0020BC32 /* Products */ = {
			isa = PBXGroup;
			children = (
				D2578410243F602F0020BC32 /* Sinter.app */,
				D20F58412450DA370070C21C /* notification-server.xpc */,
				D20F586D2450DC090070C21C /* com.trailofbits.sinter.daemon.systemextension */,
			);
			name = Products;
			sourceTree = "<group>";
		};
		D2578412243F602F0020BC32 /* Sinter */ = {
			isa = PBXGroup;
			children = (
				D20F585F2450DA450070C21C /* application */,
				D20F586E2450DC090070C21C /* system-extension */,
				D20F58422450DA370070C21C /* notification-server */,
			);
			path = Sinter;
			sourceTree = "<group>";
		};
		D2578426243F60460020BC32 /* components */ = {
			isa = PBXGroup;
			children = (
				D2A3A6A324534A0000CF24FB /* AuthorizationManager.xcodeproj */,
				D24B4A3A2448A73000958F82 /* NotificationService.xcodeproj */,
				D2BDB3D9244102070027C57F /* LocalDecisionManager.xcodeproj */,
				D2513BB02440D6E300002645 /* SyncServerDecisionManager.xcodeproj */,
				D2513B7F2440BE7100002645 /* InMemorySignatureDatabase.xcodeproj */,
				D2578510243F77DC0020BC32 /* EndpointSecurityClient.xcodeproj */,
				D25784E9243F75540020BC32 /* JSONConfiguration.xcodeproj */,
				D25784BB243F6FE60020BC32 /* FilesystemLogger.xcodeproj */,
			);
			path = components;
			sourceTree = "<group>";
		};
		D257846D243F63080020BC32 /* Frameworks */ = {
			isa = PBXGroup;
			children = (
				D2D94398244726A500626B17 /* UserNotifications.framework */,
				D25CC59024461E94001C686C /* SystemExtensions.framework */,
				D2513B61244073A300002645 /* libbsm.tbd */,
				D257851F243F78250020BC32 /* libEndpointSecurity.tbd */,
			);
			name = Frameworks;
			sourceTree = "<group>";
		};
		D25784BC243F6FE60020BC32 /* Products */ = {
			isa = PBXGroup;
			children = (
				D25784C0243F6FE70020BC32 /* FilesystemLogger.framework */,
			);
			name = Products;
			sourceTree = "<group>";
		};
		D25784EA243F75540020BC32 /* Products */ = {
			isa = PBXGroup;
			children = (
				D25784EE243F75550020BC32 /* JSONConfiguration.framework */,
			);
			name = Products;
			sourceTree = "<group>";
		};
		D2578511243F77DC0020BC32 /* Products */ = {
			isa = PBXGroup;
			children = (
				D2578515243F77DC0020BC32 /* EndpointSecurityClient.framework */,
			);
			name = Products;
			sourceTree = "<group>";
		};
		D2A3A6A424534A0000CF24FB /* Products */ = {
			isa = PBXGroup;
			children = (
				D2A3A6A824534A0000CF24FB /* AuthorizationManager.framework */,
			);
			name = Products;
			sourceTree = "<group>";
		};
		D2BDB3DA244102070027C57F /* Products */ = {
			isa = PBXGroup;
			children = (
				D2BDB3E3244102080027C57F /* LocalDecisionManager.framework */,
			);
			name = Products;
			sourceTree = "<group>";
		};
/* End PBXGroup section */

/* Begin PBXNativeTarget section */
		D20F58402450DA370070C21C /* notification-server */ = {
			isa = PBXNativeTarget;
			buildConfigurationList = D20F585D2450DA380070C21C /* Build configuration list for PBXNativeTarget "notification-server" */;
			buildPhases = (
				D20F583D2450DA370070C21C /* Sources */,
				D20F583E2450DA370070C21C /* Frameworks */,
				D20F583F2450DA370070C21C /* Resources */,
				D20F58682450DB200070C21C /* Embed Frameworks */,
			);
			buildRules = (
			);
			dependencies = (
			);
			name = "notification-server";
			productName = "notification-server";
			productReference = D20F58412450DA370070C21C /* notification-server.xpc */;
			productType = "com.apple.product-type.application";
		};
		D20F586C2450DC090070C21C /* system-extension */ = {
			isa = PBXNativeTarget;
			buildConfigurationList = D20F58712450DC090070C21C /* Build configuration list for PBXNativeTarget "system-extension" */;
			buildPhases = (
				D20F58692450DC090070C21C /* Sources */,
				D20F586A2450DC090070C21C /* Frameworks */,
				D20F586B2450DC090070C21C /* CopyFiles */,
				D20F58852450DC880070C21C /* Embed Frameworks */,
			);
			buildRules = (
			);
			dependencies = (
			);
			name = "system-extension";
			productName = "system-extension";
			productReference = D20F586D2450DC090070C21C /* com.trailofbits.sinter.daemon.systemextension */;
			productType = "com.apple.product-type.system-extension";
		};
		D257840F243F602E0020BC32 /* Sinter */ = {
			isa = PBXNativeTarget;
			buildConfigurationList = D2578423243F60350020BC32 /* Build configuration list for PBXNativeTarget "Sinter" */;
			buildPhases = (
				D257840C243F602E0020BC32 /* Sources */,
				D257840D243F602E0020BC32 /* Frameworks */,
				D257840E243F602E0020BC32 /* Resources */,
				D257846B243F62DA0020BC32 /* CopyFiles */,
				D295C2A12447FCF500D39F9F /* CopyFiles */,
				D22BCE322476CD7C008F766E /* Embed Frameworks */,
			);
			buildRules = (
			);
			dependencies = (
			);
			name = Sinter;
			productName = Sinter;
			productReference = D2578410243F602F0020BC32 /* Sinter.app */;
			productType = "com.apple.product-type.application";
		};
/* End PBXNativeTarget section */

/* Begin PBXProject section */
		D2578408243F602E0020BC32 /* Project object */ = {
			isa = PBXProject;
			attributes = {
				LastSwiftUpdateCheck = 1140;
				LastUpgradeCheck = 1140;
				ORGANIZATIONNAME = "Trail of Bits";
				TargetAttributes = {
					D20F58402450DA370070C21C = {
						CreatedOnToolsVersion = 11.4.1;
					};
					D20F586C2450DC090070C21C = {
						CreatedOnToolsVersion = 11.4.1;
					};
					D257840F243F602E0020BC32 = {
						CreatedOnToolsVersion = 11.4;
					};
				};
			};
			buildConfigurationList = D257840B243F602E0020BC32 /* Build configuration list for PBXProject "Sinter" */;
			compatibilityVersion = "Xcode 9.3";
			developmentRegion = en;
			hasScannedForEncodings = 0;
			knownRegions = (
				en,
				Base,
			);
			mainGroup = D2578407243F602E0020BC32;
			productRefGroup = D2578411243F602F0020BC32 /* Products */;
			projectDirPath = "";
			projectReferences = (
				{
					ProductGroup = D2A3A6A424534A0000CF24FB /* Products */;
					ProjectRef = D2A3A6A324534A0000CF24FB /* AuthorizationManager.xcodeproj */;
				},
				{
					ProductGroup = D2578511243F77DC0020BC32 /* Products */;
					ProjectRef = D2578510243F77DC0020BC32 /* EndpointSecurityClient.xcodeproj */;
				},
				{
					ProductGroup = D25784BC243F6FE60020BC32 /* Products */;
					ProjectRef = D25784BB243F6FE60020BC32 /* FilesystemLogger.xcodeproj */;
				},
				{
					ProductGroup = D2513B802440BE7100002645 /* Products */;
					ProjectRef = D2513B7F2440BE7100002645 /* InMemorySignatureDatabase.xcodeproj */;
				},
				{
					ProductGroup = D25784EA243F75540020BC32 /* Products */;
					ProjectRef = D25784E9243F75540020BC32 /* JSONConfiguration.xcodeproj */;
				},
				{
					ProductGroup = D2BDB3DA244102070027C57F /* Products */;
					ProjectRef = D2BDB3D9244102070027C57F /* LocalDecisionManager.xcodeproj */;
				},
				{
					ProductGroup = D24B4A3B2448A73000958F82 /* Products */;
					ProjectRef = D24B4A3A2448A73000958F82 /* NotificationService.xcodeproj */;
				},
				{
					ProductGroup = D2513BB12440D6E300002645 /* Products */;
					ProjectRef = D2513BB02440D6E300002645 /* SyncServerDecisionManager.xcodeproj */;
				},
			);
			projectRoot = "";
			targets = (
				D257840F243F602E0020BC32 /* Sinter */,
				D20F58402450DA370070C21C /* notification-server */,
				D20F586C2450DC090070C21C /* system-extension */,
			);
		};
/* End PBXProject section */

/* Begin PBXReferenceProxy section */
		D24B4A3F2448A73200958F82 /* NotificationService.framework */ = {
			isa = PBXReferenceProxy;
			fileType = wrapper.framework;
			path = NotificationService.framework;
			remoteRef = D24B4A3E2448A73200958F82 /* PBXContainerItemProxy */;
			sourceTree = BUILT_PRODUCTS_DIR;
		};
		D2513B842440BE7200002645 /* InMemorySignatureDatabase.framework */ = {
			isa = PBXReferenceProxy;
			fileType = wrapper.framework;
			path = InMemorySignatureDatabase.framework;
			remoteRef = D2513B832440BE7200002645 /* PBXContainerItemProxy */;
			sourceTree = BUILT_PRODUCTS_DIR;
		};
		D2513BB52440D6E400002645 /* SyncServerDecisionManager.framework */ = {
			isa = PBXReferenceProxy;
			fileType = wrapper.framework;
			path = SyncServerDecisionManager.framework;
			remoteRef = D2513BB42440D6E400002645 /* PBXContainerItemProxy */;
			sourceTree = BUILT_PRODUCTS_DIR;
		};
		D25784C0243F6FE70020BC32 /* FilesystemLogger.framework */ = {
			isa = PBXReferenceProxy;
			fileType = wrapper.framework;
			path = FilesystemLogger.framework;
			remoteRef = D25784BF243F6FE70020BC32 /* PBXContainerItemProxy */;
			sourceTree = BUILT_PRODUCTS_DIR;
		};
		D25784EE243F75550020BC32 /* JSONConfiguration.framework */ = {
			isa = PBXReferenceProxy;
			fileType = wrapper.framework;
			path = JSONConfiguration.framework;
			remoteRef = D25784ED243F75550020BC32 /* PBXContainerItemProxy */;
			sourceTree = BUILT_PRODUCTS_DIR;
		};
		D2578515243F77DC0020BC32 /* EndpointSecurityClient.framework */ = {
			isa = PBXReferenceProxy;
			fileType = wrapper.framework;
			path = EndpointSecurityClient.framework;
			remoteRef = D2578514243F77DC0020BC32 /* PBXContainerItemProxy */;
			sourceTree = BUILT_PRODUCTS_DIR;
		};
		D2A3A6A824534A0000CF24FB /* AuthorizationManager.framework */ = {
			isa = PBXReferenceProxy;
			fileType = wrapper.framework;
			path = AuthorizationManager.framework;
			remoteRef = D2A3A6A724534A0000CF24FB /* PBXContainerItemProxy */;
			sourceTree = BUILT_PRODUCTS_DIR;
		};
		D2BDB3E3244102080027C57F /* LocalDecisionManager.framework */ = {
			isa = PBXReferenceProxy;
			fileType = wrapper.framework;
			path = LocalDecisionManager.framework;
			remoteRef = D2BDB3E2244102080027C57F /* PBXContainerItemProxy */;
			sourceTree = BUILT_PRODUCTS_DIR;
		};
/* End PBXReferenceProxy section */

/* Begin PBXResourcesBuildPhase section */
		D20F583F2450DA370070C21C /* Resources */ = {
			isa = PBXResourcesBuildPhase;
			buildActionMask = 2147483647;
			files = (
			);
			runOnlyForDeploymentPostprocessing = 0;
		};
		D257840E243F602E0020BC32 /* Resources */ = {
			isa = PBXResourcesBuildPhase;
			buildActionMask = 2147483647;
			files = (
			);
			runOnlyForDeploymentPostprocessing = 0;
		};
/* End PBXResourcesBuildPhase section */

/* Begin PBXSourcesBuildPhase section */
		D20F583D2450DA370070C21C /* Sources */ = {
			isa = PBXSourcesBuildPhase;
			buildActionMask = 2147483647;
			files = (
				D20F58622450DA800070C21C /* main.swift in Sources */,
				D20F58642450DA8E0070C21C /* NotificationCenter.swift in Sources */,
			);
			runOnlyForDeploymentPostprocessing = 0;
		};
		D20F58692450DC090070C21C /* Sources */ = {
			isa = PBXSourcesBuildPhase;
			buildActionMask = 2147483647;
			files = (
				D20F58702450DC090070C21C /* main.swift in Sources */,
			);
			runOnlyForDeploymentPostprocessing = 0;
		};
		D257840C243F602E0020BC32 /* Sources */ = {
			isa = PBXSourcesBuildPhase;
			buildActionMask = 2147483647;
			files = (
				D2D9439B24474AC100626B17 /* NotificationServerInstaller.swift in Sources */,
				D2D9439324471DAB00626B17 /* SystemExtensionInstaller.swift in Sources */,
				D2D943952447235E00626B17 /* main.swift in Sources */,
			);
			runOnlyForDeploymentPostprocessing = 0;
		};
/* End PBXSourcesBuildPhase section */

/* Begin XCBuildConfiguration section */
		D20F58512450DA380070C21C /* Debug */ = {
			isa = XCBuildConfiguration;
			buildSettings = {
				ASSETCATALOG_COMPILER_APPICON_NAME = AppIcon;
				CODE_SIGN_ENTITLEMENTS = "Sinter/notification-server/entitlements.plist";
				CODE_SIGN_IDENTITY = "Mac Developer";
				CODE_SIGN_STYLE = Manual;
				COMBINE_HIDPI_IMAGES = YES;
				DEVELOPMENT_ASSET_PATHS = "";
				DEVELOPMENT_TEAM = 44WTB9L362;
				ENABLE_HARDENED_RUNTIME = YES;
				ENABLE_PREVIEWS = YES;
				INFOPLIST_FILE = "Sinter/notification-server/Info.plist";
				LD_RUNPATH_SEARCH_PATHS = (
					"$(inherited)",
					"@executable_path/../Frameworks",
				);
				MACOSX_DEPLOYMENT_TARGET = 10.15;
				OTHER_CODE_SIGN_FLAGS = "--timestamp";
				PRODUCT_BUNDLE_IDENTIFIER = "com.trailofbits.sinter.notification-server";
				PRODUCT_NAME = "$(TARGET_NAME)";
				PROVISIONING_PROFILE_SPECIFIER = "Sinter Notification Server (dev)";
				SWIFT_VERSION = 5.0;
				WRAPPER_EXTENSION = xpc;
			};
			name = Debug;
		};
		D20F58522450DA380070C21C /* Release */ = {
			isa = XCBuildConfiguration;
			buildSettings = {
				ASSETCATALOG_COMPILER_APPICON_NAME = AppIcon;
				CODE_SIGN_ENTITLEMENTS = "Sinter/notification-server/entitlements.plist";
				CODE_SIGN_IDENTITY = "Mac Developer";
				CODE_SIGN_INJECT_BASE_ENTITLEMENTS = NO;
				CODE_SIGN_STYLE = Manual;
				COMBINE_HIDPI_IMAGES = YES;
				DEVELOPMENT_ASSET_PATHS = "";
				DEVELOPMENT_TEAM = 44WTB9L362;
				ENABLE_HARDENED_RUNTIME = YES;
				ENABLE_PREVIEWS = YES;
				INFOPLIST_FILE = "Sinter/notification-server/Info.plist";
				LD_RUNPATH_SEARCH_PATHS = (
					"$(inherited)",
					"@executable_path/../Frameworks",
				);
				MACOSX_DEPLOYMENT_TARGET = 10.15;
				OTHER_CODE_SIGN_FLAGS = "--timestamp";
				PRODUCT_BUNDLE_IDENTIFIER = "com.trailofbits.sinter.notification-server";
				PRODUCT_NAME = "$(TARGET_NAME)";
				PROVISIONING_PROFILE_SPECIFIER = "Sinter Notification Server (dev)";
				SWIFT_VERSION = 5.0;
				WRAPPER_EXTENSION = xpc;
			};
			name = Release;
		};
		D20F58722450DC090070C21C /* Debug */ = {
			isa = XCBuildConfiguration;
			buildSettings = {
				CODE_SIGN_ENTITLEMENTS = "Sinter/system-extension/entitlements.plist";
				CODE_SIGN_IDENTITY = "Mac Developer";
				CODE_SIGN_STYLE = Manual;
				DEVELOPMENT_TEAM = 44WTB9L362;
				ENABLE_HARDENED_RUNTIME = YES;
				EXECUTABLE_EXTENSION = "";
				INFOPLIST_FILE = "$(SRCROOT)/Sinter/notification-server/Info.plist";
				LD_RUNPATH_SEARCH_PATHS = "@executable_path/../Frameworks";
				OTHER_CODE_SIGN_FLAGS = "--timestamp";
				PRODUCT_BUNDLE_IDENTIFIER = com.trailofbits.sinter.daemon;
				PROVISIONING_PROFILE_SPECIFIER = "Sinter Daemon (dev)";
				SWIFT_VERSION = 5.0;
			};
			name = Debug;
		};
		D20F58732450DC090070C21C /* Release */ = {
			isa = XCBuildConfiguration;
			buildSettings = {
				CODE_SIGN_ENTITLEMENTS = "Sinter/system-extension/entitlements.plist";
				CODE_SIGN_IDENTITY = "Mac Developer";
				CODE_SIGN_INJECT_BASE_ENTITLEMENTS = NO;
				CODE_SIGN_STYLE = Manual;
				DEVELOPMENT_TEAM = 44WTB9L362;
				ENABLE_HARDENED_RUNTIME = YES;
				EXECUTABLE_EXTENSION = "";
				INFOPLIST_FILE = "$(SRCROOT)/Sinter/notification-server/Info.plist";
				LD_RUNPATH_SEARCH_PATHS = "@executable_path/../Frameworks";
				OTHER_CODE_SIGN_FLAGS = "--timestamp";
				PRODUCT_BUNDLE_IDENTIFIER = com.trailofbits.sinter.daemon;
				PROVISIONING_PROFILE_SPECIFIER = "Sinter Daemon (dev)";
				SWIFT_VERSION = 5.0;
			};
			name = Release;
		};
		D2578421243F60350020BC32 /* Debug */ = {
			isa = XCBuildConfiguration;
			buildSettings = {
				ALWAYS_SEARCH_USER_PATHS = NO;
				CLANG_ANALYZER_NONNULL = YES;
				CLANG_ANALYZER_NUMBER_OBJECT_CONVERSION = YES_AGGRESSIVE;
				CLANG_CXX_LANGUAGE_STANDARD = "gnu++14";
				CLANG_CXX_LIBRARY = "libc++";
				CLANG_ENABLE_MODULES = YES;
				CLANG_ENABLE_OBJC_ARC = YES;
				CLANG_ENABLE_OBJC_WEAK = YES;
				CLANG_WARN_BLOCK_CAPTURE_AUTORELEASING = YES;
				CLANG_WARN_BOOL_CONVERSION = YES;
				CLANG_WARN_COMMA = YES;
				CLANG_WARN_CONSTANT_CONVERSION = YES;
				CLANG_WARN_DEPRECATED_OBJC_IMPLEMENTATIONS = YES;
				CLANG_WARN_DIRECT_OBJC_ISA_USAGE = YES_ERROR;
				CLANG_WARN_DOCUMENTATION_COMMENTS = YES;
				CLANG_WARN_EMPTY_BODY = YES;
				CLANG_WARN_ENUM_CONVERSION = YES;
				CLANG_WARN_INFINITE_RECURSION = YES;
				CLANG_WARN_INT_CONVERSION = YES;
				CLANG_WARN_NON_LITERAL_NULL_CONVERSION = YES;
				CLANG_WARN_OBJC_IMPLICIT_RETAIN_SELF = YES;
				CLANG_WARN_OBJC_LITERAL_CONVERSION = YES;
				CLANG_WARN_OBJC_ROOT_CLASS = YES_ERROR;
				CLANG_WARN_RANGE_LOOP_ANALYSIS = YES;
				CLANG_WARN_STRICT_PROTOTYPES = YES;
				CLANG_WARN_SUSPICIOUS_MOVE = YES;
				CLANG_WARN_UNGUARDED_AVAILABILITY = YES_AGGRESSIVE;
				CLANG_WARN_UNREACHABLE_CODE = YES;
				CLANG_WARN__DUPLICATE_METHOD_MATCH = YES;
				CODE_SIGN_IDENTITY = "Developer ID Application";
				CODE_SIGN_STYLE = Manual;
				COPY_PHASE_STRIP = NO;
				DEBUG_INFORMATION_FORMAT = dwarf;
				DEVELOPMENT_TEAM = 44WTB9L362;
				ENABLE_HARDENED_RUNTIME = YES;
				ENABLE_STRICT_OBJC_MSGSEND = YES;
				ENABLE_TESTABILITY = YES;
				GCC_C_LANGUAGE_STANDARD = gnu11;
				GCC_DYNAMIC_NO_PIC = NO;
				GCC_NO_COMMON_BLOCKS = YES;
				GCC_OPTIMIZATION_LEVEL = 0;
				GCC_PREPROCESSOR_DEFINITIONS = (
					"DEBUG=1",
					"$(inherited)",
				);
				GCC_WARN_64_TO_32_BIT_CONVERSION = YES;
				GCC_WARN_ABOUT_RETURN_TYPE = YES_ERROR;
				GCC_WARN_UNDECLARED_SELECTOR = YES;
				GCC_WARN_UNINITIALIZED_AUTOS = YES_AGGRESSIVE;
				GCC_WARN_UNUSED_FUNCTION = YES;
				GCC_WARN_UNUSED_VARIABLE = YES;
				MACOSX_DEPLOYMENT_TARGET = 10.15;
				MTL_ENABLE_DEBUG_INFO = INCLUDE_SOURCE;
				MTL_FAST_MATH = YES;
				ONLY_ACTIVE_ARCH = YES;
				SDKROOT = macosx;
				SWIFT_ACTIVE_COMPILATION_CONDITIONS = DEBUG;
				SWIFT_OPTIMIZATION_LEVEL = "-Onone";
			};
			name = Debug;
		};
		D2578422243F60350020BC32 /* Release */ = {
			isa = XCBuildConfiguration;
			buildSettings = {
				ALWAYS_SEARCH_USER_PATHS = NO;
				CLANG_ANALYZER_NONNULL = YES;
				CLANG_ANALYZER_NUMBER_OBJECT_CONVERSION = YES_AGGRESSIVE;
				CLANG_CXX_LANGUAGE_STANDARD = "gnu++14";
				CLANG_CXX_LIBRARY = "libc++";
				CLANG_ENABLE_MODULES = YES;
				CLANG_ENABLE_OBJC_ARC = YES;
				CLANG_ENABLE_OBJC_WEAK = YES;
				CLANG_WARN_BLOCK_CAPTURE_AUTORELEASING = YES;
				CLANG_WARN_BOOL_CONVERSION = YES;
				CLANG_WARN_COMMA = YES;
				CLANG_WARN_CONSTANT_CONVERSION = YES;
				CLANG_WARN_DEPRECATED_OBJC_IMPLEMENTATIONS = YES;
				CLANG_WARN_DIRECT_OBJC_ISA_USAGE = YES_ERROR;
				CLANG_WARN_DOCUMENTATION_COMMENTS = YES;
				CLANG_WARN_EMPTY_BODY = YES;
				CLANG_WARN_ENUM_CONVERSION = YES;
				CLANG_WARN_INFINITE_RECURSION = YES;
				CLANG_WARN_INT_CONVERSION = YES;
				CLANG_WARN_NON_LITERAL_NULL_CONVERSION = YES;
				CLANG_WARN_OBJC_IMPLICIT_RETAIN_SELF = YES;
				CLANG_WARN_OBJC_LITERAL_CONVERSION = YES;
				CLANG_WARN_OBJC_ROOT_CLASS = YES_ERROR;
				CLANG_WARN_RANGE_LOOP_ANALYSIS = YES;
				CLANG_WARN_STRICT_PROTOTYPES = YES;
				CLANG_WARN_SUSPICIOUS_MOVE = YES;
				CLANG_WARN_UNGUARDED_AVAILABILITY = YES_AGGRESSIVE;
				CLANG_WARN_UNREACHABLE_CODE = YES;
				CLANG_WARN__DUPLICATE_METHOD_MATCH = YES;
				CODE_SIGN_IDENTITY = "Developer ID Application";
				CODE_SIGN_STYLE = Manual;
				COPY_PHASE_STRIP = NO;
				DEBUG_INFORMATION_FORMAT = "dwarf-with-dsym";
				DEVELOPMENT_TEAM = 44WTB9L362;
				ENABLE_HARDENED_RUNTIME = YES;
				ENABLE_NS_ASSERTIONS = NO;
				ENABLE_STRICT_OBJC_MSGSEND = YES;
				GCC_C_LANGUAGE_STANDARD = gnu11;
				GCC_NO_COMMON_BLOCKS = YES;
				GCC_WARN_64_TO_32_BIT_CONVERSION = YES;
				GCC_WARN_ABOUT_RETURN_TYPE = YES_ERROR;
				GCC_WARN_UNDECLARED_SELECTOR = YES;
				GCC_WARN_UNINITIALIZED_AUTOS = YES_AGGRESSIVE;
				GCC_WARN_UNUSED_FUNCTION = YES;
				GCC_WARN_UNUSED_VARIABLE = YES;
				MACOSX_DEPLOYMENT_TARGET = 10.15;
				MTL_ENABLE_DEBUG_INFO = NO;
				MTL_FAST_MATH = YES;
				SDKROOT = macosx;
				SWIFT_COMPILATION_MODE = wholemodule;
				SWIFT_OPTIMIZATION_LEVEL = "-O";
			};
			name = Release;
		};
		D2578424243F60350020BC32 /* Debug */ = {
			isa = XCBuildConfiguration;
			buildSettings = {
				ASSETCATALOG_COMPILER_APPICON_NAME = AppIcon;
				CODE_SIGN_ENTITLEMENTS = Sinter/application/entitlements.plist;
				CODE_SIGN_IDENTITY = "Mac Developer";
				CODE_SIGN_STYLE = Manual;
				COMBINE_HIDPI_IMAGES = YES;
				DEVELOPMENT_ASSET_PATHS = "";
				DEVELOPMENT_TEAM = 44WTB9L362;
				ENABLE_PREVIEWS = YES;
				INFOPLIST_FILE = Sinter/application/Info.plist;
				LD_RUNPATH_SEARCH_PATHS = (
					"$(inherited)",
					"@executable_path/../Frameworks",
				);
				MACOSX_DEPLOYMENT_TARGET = 10.15;
				OTHER_CODE_SIGN_FLAGS = "--timestamp";
				PRODUCT_BUNDLE_IDENTIFIER = com.trailofbits.sinter;
				PRODUCT_NAME = "$(TARGET_NAME)";
				PROVISIONING_PROFILE_SPECIFIER = "Sinter (dev)";
				SWIFT_VERSION = 5.0;
			};
			name = Debug;
		};
		D2578425243F60350020BC32 /* Release */ = {
			isa = XCBuildConfiguration;
			buildSettings = {
				ASSETCATALOG_COMPILER_APPICON_NAME = AppIcon;
				CODE_SIGN_ENTITLEMENTS = Sinter/application/entitlements.plist;
				CODE_SIGN_IDENTITY = "Mac Developer";
				CODE_SIGN_INJECT_BASE_ENTITLEMENTS = NO;
				CODE_SIGN_STYLE = Manual;
				COMBINE_HIDPI_IMAGES = YES;
				DEVELOPMENT_ASSET_PATHS = "";
				DEVELOPMENT_TEAM = 44WTB9L362;
				ENABLE_PREVIEWS = YES;
				INFOPLIST_FILE = Sinter/application/Info.plist;
				LD_RUNPATH_SEARCH_PATHS = (
					"$(inherited)",
					"@executable_path/../Frameworks",
				);
				MACOSX_DEPLOYMENT_TARGET = 10.15;
				OTHER_CODE_SIGN_FLAGS = "--timestamp";
				PRODUCT_BUNDLE_IDENTIFIER = com.trailofbits.sinter;
				PRODUCT_NAME = "$(TARGET_NAME)";
				PROVISIONING_PROFILE_SPECIFIER = "Sinter (dev)";
				SWIFT_VERSION = 5.0;
			};
			name = Release;
		};
/* End XCBuildConfiguration section */

/* Begin XCConfigurationList section */
		D20F585D2450DA380070C21C /* Build configuration list for PBXNativeTarget "notification-server" */ = {
			isa = XCConfigurationList;
			buildConfigurations = (
				D20F58512450DA380070C21C /* Debug */,
				D20F58522450DA380070C21C /* Release */,
			);
			defaultConfigurationIsVisible = 0;
			defaultConfigurationName = Release;
		};
		D20F58712450DC090070C21C /* Build configuration list for PBXNativeTarget "system-extension" */ = {
			isa = XCConfigurationList;
			buildConfigurations = (
				D20F58722450DC090070C21C /* Debug */,
				D20F58732450DC090070C21C /* Release */,
			);
			defaultConfigurationIsVisible = 0;
			defaultConfigurationName = Release;
		};
		D257840B243F602E0020BC32 /* Build configuration list for PBXProject "Sinter" */ = {
			isa = XCConfigurationList;
			buildConfigurations = (
				D2578421243F60350020BC32 /* Debug */,
				D2578422243F60350020BC32 /* Release */,
			);
			defaultConfigurationIsVisible = 0;
			defaultConfigurationName = Release;
		};
		D2578423243F60350020BC32 /* Build configuration list for PBXNativeTarget "Sinter" */ = {
			isa = XCConfigurationList;
			buildConfigurations = (
				D2578424243F60350020BC32 /* Debug */,
				D2578425243F60350020BC32 /* Release */,
			);
			defaultConfigurationIsVisible = 0;
			defaultConfigurationName = Release;
		};
/* End XCConfigurationList section */
	};
	rootObject = D2578408243F602E0020BC32 /* Project object */;
}
