// !$*UTF8*$!
{
	archiveVersion = 1;
	classes = {
	};
	objectVersion = 50;
	objects = {

/* Begin PBXBuildFile section */
		D20F58E12450E4740070C21C /* AuthorizationManager.framework in Frameworks */ = {isa = PBXBuildFile; fileRef = D20F58E02450E4740070C21C /* AuthorizationManager.framework */; };
		D20F58E22450E4740070C21C /* AuthorizationManager.framework in Embed Frameworks */ = {isa = PBXBuildFile; fileRef = D20F58E02450E4740070C21C /* AuthorizationManager.framework */; settings = {ATTRIBUTES = (CodeSignOnCopy, RemoveHeadersOnCopy, ); }; };
		D2513B602440739200002645 /* libbsm.tbd in Frameworks */ = {isa = PBXBuildFile; fileRef = D2513B5F2440738C00002645 /* libbsm.tbd */; };
		D257850A243F77DC0020BC32 /* EndpointSecurityClient.h in Headers */ = {isa = PBXBuildFile; fileRef = D2578508243F77DC0020BC32 /* EndpointSecurityClient.h */; settings = {ATTRIBUTES = (Public, ); }; };
		D2578524243F78580020BC32 /* EndpointSecurityClient.swift in Sources */ = {isa = PBXBuildFile; fileRef = D2578523243F78580020BC32 /* EndpointSecurityClient.swift */; };
		D2578528243F7CA00020BC32 /* Utility.swift in Sources */ = {isa = PBXBuildFile; fileRef = D2578527243F7CA00020BC32 /* Utility.swift */; };
		D257852E243F88610020BC32 /* libEndpointSecurity.tbd in Frameworks */ = {isa = PBXBuildFile; fileRef = D257851C243F780A0020BC32 /* libEndpointSecurity.tbd */; };
/* End PBXBuildFile section */

/* Begin PBXCopyFilesBuildPhase section */
		D20F58E32450E4740070C21C /* Embed Frameworks */ = {
			isa = PBXCopyFilesBuildPhase;
			buildActionMask = 2147483647;
			dstPath = "";
			dstSubfolderSpec = 10;
			files = (
				D20F58E22450E4740070C21C /* AuthorizationManager.framework in Embed Frameworks */,
			);
			name = "Embed Frameworks";
			runOnlyForDeploymentPostprocessing = 0;
		};
/* End PBXCopyFilesBuildPhase section */

/* Begin PBXFileReference section */
		D20F58E02450E4740070C21C /* AuthorizationManager.framework */ = {isa = PBXFileReference; explicitFileType = wrapper.framework; path = AuthorizationManager.framework; sourceTree = BUILT_PRODUCTS_DIR; };
		D2513B5F2440738C00002645 /* libbsm.tbd */ = {isa = PBXFileReference; lastKnownFileType = "sourcecode.text-based-dylib-definition"; name = libbsm.tbd; path = usr/lib/libbsm.tbd; sourceTree = SDKROOT; };
		D2578505243F77DC0020BC32 /* EndpointSecurityClient.framework */ = {isa = PBXFileReference; explicitFileType = wrapper.framework; includeInIndex = 0; path = EndpointSecurityClient.framework; sourceTree = BUILT_PRODUCTS_DIR; };
		D2578508243F77DC0020BC32 /* EndpointSecurityClient.h */ = {isa = PBXFileReference; lastKnownFileType = sourcecode.c.h; path = EndpointSecurityClient.h; sourceTree = "<group>"; };
		D2578509243F77DC0020BC32 /* Info.plist */ = {isa = PBXFileReference; lastKnownFileType = text.plist.xml; path = Info.plist; sourceTree = "<group>"; };
		D2578517243F77E30020BC32 /* LibSinter.framework */ = {isa = PBXFileReference; explicitFileType = wrapper.framework; path = LibSinter.framework; sourceTree = BUILT_PRODUCTS_DIR; };
		D257851C243F780A0020BC32 /* libEndpointSecurity.tbd */ = {isa = PBXFileReference; lastKnownFileType = "sourcecode.text-based-dylib-definition"; name = libEndpointSecurity.tbd; path = usr/lib/libEndpointSecurity.tbd; sourceTree = SDKROOT; };
		D2578523243F78580020BC32 /* EndpointSecurityClient.swift */ = {isa = PBXFileReference; lastKnownFileType = sourcecode.swift; path = EndpointSecurityClient.swift; sourceTree = "<group>"; };
		D2578527243F7CA00020BC32 /* Utility.swift */ = {isa = PBXFileReference; lastKnownFileType = sourcecode.swift; path = Utility.swift; sourceTree = "<group>"; };
/* End PBXFileReference section */

/* Begin PBXFrameworksBuildPhase section */
		D2578502243F77DC0020BC32 /* Frameworks */ = {
			isa = PBXFrameworksBuildPhase;
			buildActionMask = 2147483647;
			files = (
				D20F58E12450E4740070C21C /* AuthorizationManager.framework in Frameworks */,
				D2513B602440739200002645 /* libbsm.tbd in Frameworks */,
				D257852E243F88610020BC32 /* libEndpointSecurity.tbd in Frameworks */,
			);
			runOnlyForDeploymentPostprocessing = 0;
		};
/* End PBXFrameworksBuildPhase section */

/* Begin PBXGroup section */
		D25784FB243F77DC0020BC32 = {
			isa = PBXGroup;
			children = (
				D2578509243F77DC0020BC32 /* Info.plist */,
				D2578507243F77DC0020BC32 /* src */,
				D2578506243F77DC0020BC32 /* Products */,
				D2578516243F77E30020BC32 /* Frameworks */,
			);
			sourceTree = "<group>";
		};
		D2578506243F77DC0020BC32 /* Products */ = {
			isa = PBXGroup;
			children = (
				D2578505243F77DC0020BC32 /* EndpointSecurityClient.framework */,
			);
			name = Products;
			sourceTree = "<group>";
		};
		D2578507243F77DC0020BC32 /* src */ = {
			isa = PBXGroup;
			children = (
				D2578508243F77DC0020BC32 /* EndpointSecurityClient.h */,
				D2578523243F78580020BC32 /* EndpointSecurityClient.swift */,
				D2578527243F7CA00020BC32 /* Utility.swift */,
			);
			path = src;
			sourceTree = "<group>";
		};
		D2578516243F77E30020BC32 /* Frameworks */ = {
			isa = PBXGroup;
			children = (
				D20F58E02450E4740070C21C /* AuthorizationManager.framework */,
				D2513B5F2440738C00002645 /* libbsm.tbd */,
				D257851C243F780A0020BC32 /* libEndpointSecurity.tbd */,
				D2578517243F77E30020BC32 /* LibSinter.framework */,
			);
			name = Frameworks;
			sourceTree = "<group>";
		};
/* End PBXGroup section */

/* Begin PBXHeadersBuildPhase section */
		D2578500243F77DC0020BC32 /* Headers */ = {
			isa = PBXHeadersBuildPhase;
			buildActionMask = 2147483647;
			files = (
				D257850A243F77DC0020BC32 /* EndpointSecurityClient.h in Headers */,
			);
			runOnlyForDeploymentPostprocessing = 0;
		};
/* End PBXHeadersBuildPhase section */

/* Begin PBXNativeTarget section */
		D2578504243F77DC0020BC32 /* EndpointSecurityClient */ = {
			isa = PBXNativeTarget;
			buildConfigurationList = D257850D243F77DC0020BC32 /* Build configuration list for PBXNativeTarget "EndpointSecurityClient" */;
			buildPhases = (
				D2578500243F77DC0020BC32 /* Headers */,
				D2578501243F77DC0020BC32 /* Sources */,
				D2578502243F77DC0020BC32 /* Frameworks */,
				D2578503243F77DC0020BC32 /* Resources */,
				D20F58E32450E4740070C21C /* Embed Frameworks */,
			);
			buildRules = (
			);
			dependencies = (
			);
			name = EndpointSecurityClient;
			productName = EndpointSecurityClient;
			productReference = D2578505243F77DC0020BC32 /* EndpointSecurityClient.framework */;
			productType = "com.apple.product-type.framework";
		};
/* End PBXNativeTarget section */

/* Begin PBXProject section */
		D25784FC243F77DC0020BC32 /* Project object */ = {
			isa = PBXProject;
			attributes = {
				LastUpgradeCheck = 1140;
				ORGANIZATIONNAME = "Trail of Bits";
				TargetAttributes = {
					D2578504243F77DC0020BC32 = {
						CreatedOnToolsVersion = 11.4;
						LastSwiftMigration = 1140;
					};
				};
			};
			buildConfigurationList = D25784FF243F77DC0020BC32 /* Build configuration list for PBXProject "EndpointSecurityClient" */;
			compatibilityVersion = "Xcode 9.3";
			developmentRegion = en;
			hasScannedForEncodings = 0;
			knownRegions = (
				en,
				Base,
			);
			mainGroup = D25784FB243F77DC0020BC32;
			productRefGroup = D2578506243F77DC0020BC32 /* Products */;
			projectDirPath = "";
			projectRoot = "";
			targets = (
				D2578504243F77DC0020BC32 /* EndpointSecurityClient */,
			);
		};
/* End PBXProject section */

/* Begin PBXResourcesBuildPhase section */
		D2578503243F77DC0020BC32 /* Resources */ = {
			isa = PBXResourcesBuildPhase;
			buildActionMask = 2147483647;
			files = (
			);
			runOnlyForDeploymentPostprocessing = 0;
		};
/* End PBXResourcesBuildPhase section */

/* Begin PBXSourcesBuildPhase section */
		D2578501243F77DC0020BC32 /* Sources */ = {
			isa = PBXSourcesBuildPhase;
			buildActionMask = 2147483647;
			files = (
				D2578528243F7CA00020BC32 /* Utility.swift in Sources */,
				D2578524243F78580020BC32 /* EndpointSecurityClient.swift in Sources */,
			);
			runOnlyForDeploymentPostprocessing = 0;
		};
/* End PBXSourcesBuildPhase section */

/* Begin XCBuildConfiguration section */
		D257850B243F77DC0020BC32 /* Debug */ = {
			isa = XCBuildConfiguration;
			buildSettings = {
				ALWAYS_SEARCH_USER_PATHS = NO;
				CLANG_ANALYZER_NONNULL = YES;
				CLANG_ANALYZER_NUMBER_OBJECT_CONVERSION = YES_AGGRESSIVE;
				CLANG_CXX_LANGUAGE_STANDARD = "gnu++14";
				CLANG_CXX_LIBRARY = "libc++";
				CLANG_ENABLE_MODULES = YES;
				CLANG_ENABLE_OBJC_ARC = YES;
				CLANG_ENABLE_OBJC_WEAK = YES;
				CLANG_WARN_BLOCK_CAPTURE_AUTORELEASING = YES;
				CLANG_WARN_BOOL_CONVERSION = YES;
				CLANG_WARN_COMMA = YES;
				CLANG_WARN_CONSTANT_CONVERSION = YES;
				CLANG_WARN_DEPRECATED_OBJC_IMPLEMENTATIONS = YES;
				CLANG_WARN_DIRECT_OBJC_ISA_USAGE = YES_ERROR;
				CLANG_WARN_DOCUMENTATION_COMMENTS = YES;
				CLANG_WARN_EMPTY_BODY = YES;
				CLANG_WARN_ENUM_CONVERSION = YES;
				CLANG_WARN_INFINITE_RECURSION = YES;
				CLANG_WARN_INT_CONVERSION = YES;
				CLANG_WARN_NON_LITERAL_NULL_CONVERSION = YES;
				CLANG_WARN_OBJC_IMPLICIT_RETAIN_SELF = YES;
				CLANG_WARN_OBJC_LITERAL_CONVERSION = YES;
				CLANG_WARN_OBJC_ROOT_CLASS = YES_ERROR;
				CLANG_WARN_RANGE_LOOP_ANALYSIS = YES;
				CLANG_WARN_STRICT_PROTOTYPES = YES;
				CLANG_WARN_SUSPICIOUS_MOVE = YES;
				CLANG_WARN_UNGUARDED_AVAILABILITY = YES_AGGRESSIVE;
				CLANG_WARN_UNREACHABLE_CODE = YES;
				CLANG_WARN__DUPLICATE_METHOD_MATCH = YES;
				COPY_PHASE_STRIP = NO;
				CURRENT_PROJECT_VERSION = 1;
				DEBUG_INFORMATION_FORMAT = dwarf;
				ENABLE_STRICT_OBJC_MSGSEND = YES;
				ENABLE_TESTABILITY = YES;
				GCC_C_LANGUAGE_STANDARD = gnu11;
				GCC_DYNAMIC_NO_PIC = NO;
				GCC_NO_COMMON_BLOCKS = YES;
				GCC_OPTIMIZATION_LEVEL = 0;
				GCC_PREPROCESSOR_DEFINITIONS = (
					"DEBUG=1",
					"$(inherited)",
				);
				GCC_WARN_64_TO_32_BIT_CONVERSION = YES;
				GCC_WARN_ABOUT_RETURN_TYPE = YES_ERROR;
				GCC_WARN_UNDECLARED_SELECTOR = YES;
				GCC_WARN_UNINITIALIZED_AUTOS = YES_AGGRESSIVE;
				GCC_WARN_UNUSED_FUNCTION = YES;
				GCC_WARN_UNUSED_VARIABLE = YES;
				MACOSX_DEPLOYMENT_TARGET = 10.15;
				MTL_ENABLE_DEBUG_INFO = INCLUDE_SOURCE;
				MTL_FAST_MATH = YES;
				ONLY_ACTIVE_ARCH = YES;
				SDKROOT = macosx;
				SWIFT_ACTIVE_COMPILATION_CONDITIONS = DEBUG;
				SWIFT_OPTIMIZATION_LEVEL = "-Onone";
				VERSIONING_SYSTEM = "apple-generic";
				VERSION_INFO_PREFIX = "";
			};
			name = Debug;
		};
		D257850C243F77DC0020BC32 /* Release */ = {
			isa = XCBuildConfiguration;
			buildSettings = {
				ALWAYS_SEARCH_USER_PATHS = NO;
				CLANG_ANALYZER_NONNULL = YES;
				CLANG_ANALYZER_NUMBER_OBJECT_CONVERSION = YES_AGGRESSIVE;
				CLANG_CXX_LANGUAGE_STANDARD = "gnu++14";
				CLANG_CXX_LIBRARY = "libc++";
				CLANG_ENABLE_MODULES = YES;
				CLANG_ENABLE_OBJC_ARC = YES;
				CLANG_ENABLE_OBJC_WEAK = YES;
				CLANG_WARN_BLOCK_CAPTURE_AUTORELEASING = YES;
				CLANG_WARN_BOOL_CONVERSION = YES;
				CLANG_WARN_COMMA = YES;
				CLANG_WARN_CONSTANT_CONVERSION = YES;
				CLANG_WARN_DEPRECATED_OBJC_IMPLEMENTATIONS = YES;
				CLANG_WARN_DIRECT_OBJC_ISA_USAGE = YES_ERROR;
				CLANG_WARN_DOCUMENTATION_COMMENTS = YES;
				CLANG_WARN_EMPTY_BODY = YES;
				CLANG_WARN_ENUM_CONVERSION = YES;
				CLANG_WARN_INFINITE_RECURSION = YES;
				CLANG_WARN_INT_CONVERSION = YES;
				CLANG_WARN_NON_LITERAL_NULL_CONVERSION = YES;
				CLANG_WARN_OBJC_IMPLICIT_RETAIN_SELF = YES;
				CLANG_WARN_OBJC_LITERAL_CONVERSION = YES;
				CLANG_WARN_OBJC_ROOT_CLASS = YES_ERROR;
				CLANG_WARN_RANGE_LOOP_ANALYSIS = YES;
				CLANG_WARN_STRICT_PROTOTYPES = YES;
				CLANG_WARN_SUSPICIOUS_MOVE = YES;
				CLANG_WARN_UNGUARDED_AVAILABILITY = YES_AGGRESSIVE;
				CLANG_WARN_UNREACHABLE_CODE = YES;
				CLANG_WARN__DUPLICATE_METHOD_MATCH = YES;
				COPY_PHASE_STRIP = NO;
				CURRENT_PROJECT_VERSION = 1;
				DEBUG_INFORMATION_FORMAT = "dwarf-with-dsym";
				ENABLE_NS_ASSERTIONS = NO;
				ENABLE_STRICT_OBJC_MSGSEND = YES;
				GCC_C_LANGUAGE_STANDARD = gnu11;
				GCC_NO_COMMON_BLOCKS = YES;
				GCC_WARN_64_TO_32_BIT_CONVERSION = YES;
				GCC_WARN_ABOUT_RETURN_TYPE = YES_ERROR;
				GCC_WARN_UNDECLARED_SELECTOR = YES;
				GCC_WARN_UNINITIALIZED_AUTOS = YES_AGGRESSIVE;
				GCC_WARN_UNUSED_FUNCTION = YES;
				GCC_WARN_UNUSED_VARIABLE = YES;
				MACOSX_DEPLOYMENT_TARGET = 10.15;
				MTL_ENABLE_DEBUG_INFO = NO;
				MTL_FAST_MATH = YES;
				SDKROOT = macosx;
				SWIFT_COMPILATION_MODE = wholemodule;
				SWIFT_OPTIMIZATION_LEVEL = "-O";
				VERSIONING_SYSTEM = "apple-generic";
				VERSION_INFO_PREFIX = "";
			};
			name = Release;
		};
		D257850E243F77DC0020BC32 /* Debug */ = {
			isa = XCBuildConfiguration;
			buildSettings = {
				CLANG_ENABLE_MODULES = YES;
				CODE_SIGN_IDENTITY = "Apple Development";
				CODE_SIGN_STYLE = Manual;
				COMBINE_HIDPI_IMAGES = YES;
				DEFINES_MODULE = YES;
				DEVELOPMENT_TEAM = 44WTB9L362;
				DYLIB_COMPATIBILITY_VERSION = 1;
				DYLIB_CURRENT_VERSION = 1;
				DYLIB_INSTALL_NAME_BASE = "@rpath";
				INFOPLIST_FILE = Info.plist;
				INSTALL_PATH = "$(LOCAL_LIBRARY_DIR)/Frameworks";
				LD_RUNPATH_SEARCH_PATHS = (
					"$(inherited)",
					"@executable_path/../Frameworks",
					"@loader_path/Frameworks",
				);
				PRODUCT_BUNDLE_IDENTIFIER = "com.trailofbits.sinter.endpoint-security-client";
				PRODUCT_NAME = "$(TARGET_NAME:c99extidentifier)";
				PROVISIONING_PROFILE_SPECIFIER = "";
				SKIP_INSTALL = YES;
				SWIFT_OPTIMIZATION_LEVEL = "-Onone";
				SWIFT_VERSION = 5.0;
			};
			name = Debug;
		};
		D257850F243F77DC0020BC32 /* Release */ = {
			isa = XCBuildConfiguration;
			buildSettings = {
				CLANG_ENABLE_MODULES = YES;
				CODE_SIGN_IDENTITY = "Developer ID Application";
				CODE_SIGN_STYLE = Manual;
				COMBINE_HIDPI_IMAGES = YES;
				DEFINES_MODULE = YES;
				DEVELOPMENT_TEAM = 44WTB9L362;
				DYLIB_COMPATIBILITY_VERSION = 1;
				DYLIB_CURRENT_VERSION = 1;
				DYLIB_INSTALL_NAME_BASE = "@rpath";
				INFOPLIST_FILE = Info.plist;
				INSTALL_PATH = "$(LOCAL_LIBRARY_DIR)/Frameworks";
				LD_RUNPATH_SEARCH_PATHS = (
					"$(inherited)",
					"@executable_path/../Frameworks",
					"@loader_path/Frameworks",
				);
				PRODUCT_BUNDLE_IDENTIFIER = "com.trailofbits.sinter.endpoint-security-client";
				PRODUCT_NAME = "$(TARGET_NAME:c99extidentifier)";
				PROVISIONING_PROFILE_SPECIFIER = "";
				SKIP_INSTALL = YES;
				SWIFT_VERSION = 5.0;
			};
			name = Release;
		};
/* End XCBuildConfiguration section */

/* Begin XCConfigurationList section */
		D25784FF243F77DC0020BC32 /* Build configuration list for PBXProject "EndpointSecurityClient" */ = {
			isa = XCConfigurationList;
			buildConfigurations = (
				D257850B243F77DC0020BC32 /* Debug */,
				D257850C243F77DC0020BC32 /* Release */,
			);
			defaultConfigurationIsVisible = 0;
			defaultConfigurationName = Release;
		};
		D257850D243F77DC0020BC32 /* Build configuration list for PBXNativeTarget "EndpointSecurityClient" */ = {
			isa = XCConfigurationList;
			buildConfigurations = (
				D257850E243F77DC0020BC32 /* Debug */,
				D257850F243F77DC0020BC32 /* Release */,
			);
			defaultConfigurationIsVisible = 0;
			defaultConfigurationName = Release;
		};
/* End XCConfigurationList section */
	};
	rootObject = D25784FC243F77DC0020BC32 /* Project object */;
}
